# platform: linux-64
# env_hash: b999ebca3e1fd9e006c259b26a416876cc5c75e2c385207dfcb4021c5a595be1
@EXPLICIT
https://conda.anaconda.org/conda-forge/linux-64/_libgcc_mutex-0.1-conda_forge.tar.bz2#d7c89558ba9fa0495403155b64376d81
https://conda.anaconda.org/conda-forge/linux-64/ca-certificates-2020.12.5-ha878542_0.tar.bz2#7eb5d4ffeee663caa1635cd67071bc1b
https://conda.anaconda.org/conda-forge/linux-64/ld_impl_linux-64-2.35.1-hea4e1c9_2.tar.bz2#83610dba766a186bdc7a116053b782a4
https://conda.anaconda.org/conda-forge/linux-64/libstdcxx-ng-9.3.0-h6de172a_18.tar.bz2#2f03cd1e5c966d4af5822c7ae089ab03
https://conda.anaconda.org/conda-forge/linux-64/libgomp-9.3.0-h2828fa1_18.tar.bz2#fc7a2a7e6a741c8afdd764715ac7039d
https://conda.anaconda.org/conda-forge/linux-64/_openmp_mutex-4.5-1_gnu.tar.bz2#561e277319a41d4f24f5c05a9ef63c04
https://conda.anaconda.org/conda-forge/linux-64/libgcc-ng-9.3.0-h2828fa1_18.tar.bz2#5a9490c49a3505a6d19bda012cde6ad3
https://conda.anaconda.org/conda-forge/linux-64/firefox-78.8.0esr-h9c3ff4c_0.tar.bz2#eb21ca70af2e5239d2c56fe391690864
https://conda.anaconda.org/conda-forge/linux-64/geckodriver-0.29.0-h3146498_0.tar.bz2#7a76f8a22b8f67cf4fdabbfaec3ad061
https://conda.anaconda.org/conda-forge/linux-64/libffi-3.3-h58526e2_2.tar.bz2#665369991d8dd290ac5ee92fce3e6bf5
https://conda.anaconda.org/conda-forge/linux-64/ncurses-6.2-h58526e2_4.tar.bz2#509f2a21c4a09214cd737a480dfd80c9
https://conda.anaconda.org/conda-forge/linux-64/openssl-1.1.1j-h7f98852_0.tar.bz2#f91545bee2ac8cf86f1dc53e55a7bb2b
https://conda.anaconda.org/conda-forge/linux-64/xz-5.2.5-h516909a_1.tar.bz2#33f601066901f3e1a85af3522a8113f9
https://conda.anaconda.org/conda-forge/linux-64/zlib-1.2.11-h516909a_1010.tar.bz2#339cc5584e6d26bc73a875ba900028c3
https://conda.anaconda.org/conda-forge/linux-64/readline-8.0-he28a2e2_2.tar.bz2#4d0ae8d473f863696088f76800ef9d38
https://conda.anaconda.org/conda-forge/linux-64/tk-8.6.10-hed695b0_1.tar.bz2#7ef837cd455bd0f19f49b8b62d4cb568
https://conda.anaconda.org/conda-forge/linux-64/sqlite-3.34.0-h74cdb3f_0.tar.bz2#0a83e21e8c1929cc9a1e21ebb2459fc5
https://conda.anaconda.org/conda-forge/linux-64/python-3.8.8-hffdb5ce_0_cpython.tar.bz2#da5f00968a732f5da324fff565909a05
https://conda.anaconda.org/conda-forge/noarch/idna-3.1-pyhd3deb0d_0.tar.bz2#9c9aea4b8391264477df484f798562d0
https://conda.anaconda.org/conda-forge/noarch/mccabe-0.6.1-py_1.tar.bz2#a326cb400c1ccd91789f3e7d02124d61
https://conda.anaconda.org/conda-forge/noarch/pycodestyle-2.6.0-pyh9f0ad1d_0.tar.bz2#a08d6f5a610c7194da158add79f2b018
https://conda.anaconda.org/conda-forge/noarch/pycparser-2.20-pyh9f0ad1d_2.tar.bz2#aa798d50ffd182a0f6f31478c7f434f6
https://conda.anaconda.org/conda-forge/noarch/pyflakes-2.2.0-pyh9f0ad1d_0.tar.bz2#b13f3395d2eb4a2705629127a8a8cfaa
https://conda.anaconda.org/conda-forge/linux-64/python_abi-3.8-1_cp38.tar.bz2#8d05152d6fb3012b27a0e6fbcc14bea1
https://conda.anaconda.org/conda-forge/noarch/robotframework-4.0-pyhd8ed1ab_0.tar.bz2#13985780c14873961b7be4e7391d184e
https://conda.anaconda.org/conda-forge/noarch/six-1.15.0-pyh9f0ad1d_0.tar.bz2#1eec421f0f1f39e579e44e4a5ce646a2
https://conda.anaconda.org/conda-forge/noarch/wheel-0.36.2-pyhd3deb0d_0.tar.bz2#768bfbe026426d0e76b377997d1f2b98
https://conda.anaconda.org/conda-forge/noarch/zipp-3.4.1-pyhd8ed1ab_0.tar.bz2#a4fa30eb74a326092b3d8078b1f1aae1
https://conda.anaconda.org/conda-forge/linux-64/certifi-2020.12.5-py38h578d9bd_1.tar.bz2#be470d89b0678991fd4ba67d4a35bc80
https://conda.anaconda.org/conda-forge/linux-64/cffi-1.14.5-py38ha65f79e_0.tar.bz2#386057f231a571b75bfa7307c9acd5f6
https://conda.anaconda.org/conda-forge/linux-64/importlib-metadata-3.7.2-py38h578d9bd_0.tar.bz2#f8d2ffac899135cd94cd6939569f77c9
https://conda.anaconda.org/conda-forge/linux-64/pysocks-1.7.1-py38h578d9bd_3.tar.bz2#8284bab4783fd6fdd11b695958945614
https://conda.anaconda.org/conda-forge/noarch/robotframework-pythonlibcore-2.2.0-pyhd8ed1ab_0.tar.bz2#29a329f0b817038d27d7bdfb2ca04b5a
https://conda.anaconda.org/conda-forge/linux-64/brotlipy-0.7.0-py38h497a2fe_1001.tar.bz2#56753dd777a6517b34966ddcb39af734
https://conda.anaconda.org/conda-forge/linux-64/cryptography-3.4.6-py38ha5dfef3_0.tar.bz2#e52013db6fcb39c9607e31b0efe6f58c
https://conda.anaconda.org/conda-forge/linux-64/setuptools-49.6.0-py38h578d9bd_3.tar.bz2#59c561cd1be0db9cf1c83f7d7cc74f4d
https://conda.anaconda.org/conda-forge/noarch/flake8-3.8.4-py_0.tar.bz2#138b1704321c115bd10e1966320ac790
https://conda.anaconda.org/conda-forge/noarch/pip-21.0.1-pyhd8ed1ab_0.tar.bz2#849477e10d78cbc283c78fd53bfbb567
https://conda.anaconda.org/conda-forge/noarch/pyopenssl-20.0.1-pyhd8ed1ab_0.tar.bz2#92371c25994d0f5d28a01c1fb75ebf86
https://conda.anaconda.org/conda-forge/noarch/urllib3-1.26.3-pyhd8ed1ab_0.tar.bz2#25573e57774dd54cfa848e5dd44503ed
https://conda.anaconda.org/conda-forge/linux-64/selenium-3.141.0-py38h497a2fe_1002.tar.bz2#5f732f64b2873cfc34a825c38faaeca0
https://conda.anaconda.org/conda-forge/noarch/robotframework-seleniumlibrary-5.1.1-pyhd8ed1ab_0.tar.bz2#3eacc90d82d69cb1b78d6459be33fd8e
