# {
#   "_base.yml": {
#     "channels": [
#       "conda-forge",
#       "nodefaults"
#     ],
#     "dependencies": [
#       "doit",
#       "pip",
#       "ruamel.yaml"
#     ]
#   },
#   "atest.yml": {
#     "dependencies": [
#       "firefox =102",
#       "geckodriver",
#       "pyflakes",
#       "robotframework >=6",
#       "robotframework-pabot",
#       "robotframework-seleniumlibrary"
#     ]
#   },
#   "lab.yml": {
#     "dependencies": [
#       "jupyterlab >=3.5.2,<4"
#     ]
#   },
#   "py3.8.yml": {
#     "dependencies": [
#       "python ==3.8.*"
#     ]
#   },
#   "run.yml": {
#     "dependencies": [
#       "jupyter_client >=6.1.0",
#       "python-fastjsonschema"
#     ]
#   },
#   "utest.yml": {
#     "dependencies": [
#       "coverage",
#       "pytest-asyncio",
#       "pytest-console-scripts",
#       "pytest-html",
#       "pytest-xdist"
#     ]
#   }
# }
@EXPLICIT
https://conda.anaconda.org/conda-forge/win-64/ca-certificates-2022.12.7-h5b45459_0.conda#31de4d9887dc8eaed9e6230a5dfbb9d6
https://conda.anaconda.org/conda-forge/win-64/pandoc-2.19.2-h57928b3_1.tar.bz2#94bac372f90d1402ddd1df0f4cf67656
https://conda.anaconda.org/conda-forge/win-64/python_abi-3.8-3_cp38.conda#c6df946723dadd4a5830a8ff8c6b9a20
https://conda.anaconda.org/conda-forge/win-64/ucrt-10.0.22621.0-h57928b3_0.tar.bz2#72608f6cd3e5898229c3ea16deb1ac43
https://conda.anaconda.org/conda-forge/win-64/winpty-0.4.3-4.tar.bz2#1cee351bf20b830d991dbe0bc8cd7dfe
https://conda.anaconda.org/conda-forge/win-64/vs2015_runtime-14.34.31931-h4c5c07a_10.conda#25640086ba777e79e5d233d079d7c5fc
https://conda.anaconda.org/conda-forge/win-64/vc-14.3-hb6edc58_10.conda#52d246d8d14b83c516229be5bb03a163
https://conda.anaconda.org/conda-forge/win-64/bzip2-1.0.8-h8ffe710_4.tar.bz2#7c03c66026944073040cb19a4f3ec3c9
https://conda.anaconda.org/conda-forge/win-64/firefox-102.7.0esr-h63175ca_0.conda#72059717fadb3e593976af10dca11047
https://conda.anaconda.org/conda-forge/win-64/geckodriver-0.32.0-h611cf2b_0.tar.bz2#97b5d23b319be2f712581eda0c0abccd
https://conda.anaconda.org/conda-forge/win-64/libffi-3.4.2-h8ffe710_5.tar.bz2#2c96d1b6915b408893f9472569dee135
https://conda.anaconda.org/conda-forge/win-64/libsodium-1.0.18-h8d14728_1.tar.bz2#5c1fb45b5e2912c19098750ae8a32604
https://conda.anaconda.org/conda-forge/win-64/libsqlite-3.40.0-hcfcfb64_0.tar.bz2#5e5a97795de72f8cc3baf3d9ea6327a2
https://conda.anaconda.org/conda-forge/win-64/libzlib-1.2.13-hcfcfb64_4.tar.bz2#0cc5c5cc64ee1637f37f8540a175854c
https://conda.anaconda.org/conda-forge/win-64/openssl-3.0.7-hcfcfb64_2.conda#b41e56cb0e3c892e1fde259122e825f2
https://conda.anaconda.org/conda-forge/win-64/tk-8.6.12-h8ffe710_0.tar.bz2#c69a5047cc9291ae40afd4a1ad6f0c0f
https://conda.anaconda.org/conda-forge/win-64/xz-5.2.6-h8d14728_0.tar.bz2#515d77642eaa3639413c6b1bc3f94219
https://conda.anaconda.org/conda-forge/win-64/yaml-0.2.5-h8ffe710_2.tar.bz2#adbfb9f45d1004a26763652246a33764
https://conda.anaconda.org/conda-forge/win-64/python-3.8.15-h4de0772_1_cpython.conda#06c71373b90f26e6791bc66d81be96c8
https://conda.anaconda.org/conda-forge/win-64/zeromq-4.3.4-h0e60522_1.tar.bz2#e1aff0583dda5fb917eb3d2c1025aa80
https://conda.anaconda.org/conda-forge/noarch/async_generator-1.10-py_0.tar.bz2#d56c596e61b1c4952acf0a9920856c12
https://conda.anaconda.org/conda-forge/noarch/attrs-22.2.0-pyh71513ae_0.conda#8b76db7818a4e401ed4486c4c1635cd9
https://conda.anaconda.org/conda-forge/noarch/backcall-0.2.0-pyh9f0ad1d_0.tar.bz2#6006a6d08a3fa99268a2681c7fb55213
https://conda.anaconda.org/conda-forge/noarch/backports-1.0-pyhd8ed1ab_3.conda#54ca2e08b3220c148a1d8329c2678e02
https://conda.anaconda.org/conda-forge/noarch/certifi-2022.12.7-pyhd8ed1ab_0.conda#fb9addc3db06e56abe03e0e9f21a63e6
https://conda.anaconda.org/conda-forge/noarch/charset-normalizer-2.1.1-pyhd8ed1ab_0.tar.bz2#c1d5b294fbf9a795dec349a6f4d8be8e
https://conda.anaconda.org/conda-forge/noarch/cloudpickle-2.2.1-pyhd8ed1ab_0.conda#b325bfc4cff7d7f8a868f1f7ecc4ed16
https://conda.anaconda.org/conda-forge/noarch/colorama-0.4.6-pyhd8ed1ab_0.tar.bz2#3faab06a954c2a04039983f2c4a50d99
https://conda.anaconda.org/conda-forge/win-64/debugpy-1.6.6-py38hd3f51b4_0.conda#c0e723925312ad99aef82e6e591ab3e8
https://conda.anaconda.org/conda-forge/noarch/decorator-5.1.1-pyhd8ed1ab_0.tar.bz2#43afe5ab04e35e17ba28649471dd7364
https://conda.anaconda.org/conda-forge/noarch/defusedxml-0.7.1-pyhd8ed1ab_0.tar.bz2#961b3a227b437d82ad7054484cfa71b2
https://conda.anaconda.org/conda-forge/noarch/entrypoints-0.4-pyhd8ed1ab_0.tar.bz2#3cf04868fee0a029769bd41f4b2fbf2d
https://conda.anaconda.org/conda-forge/noarch/exceptiongroup-1.1.0-pyhd8ed1ab_0.conda#a385c3e8968b4cf8fbc426ace915fd1a
https://conda.anaconda.org/conda-forge/noarch/execnet-1.9.0-pyhd8ed1ab_0.tar.bz2#0e521f7a5e60d508b121d38b04874fb2
https://conda.anaconda.org/conda-forge/noarch/executing-1.2.0-pyhd8ed1ab_0.tar.bz2#4c1bc140e2be5c8ba6e3acab99e25c50
https://conda.anaconda.org/conda-forge/noarch/flit-core-3.8.0-pyhd8ed1ab_0.tar.bz2#6d5e56de2e65da7aa35fd10131226efa
https://conda.anaconda.org/conda-forge/noarch/idna-3.4-pyhd8ed1ab_0.tar.bz2#34272b248891bddccc64479f9a7fffed
https://conda.anaconda.org/conda-forge/noarch/iniconfig-2.0.0-pyhd8ed1ab_0.conda#f800d2da156d08e289b14e87e43c1ae5
https://conda.anaconda.org/conda-forge/noarch/ipython_genutils-0.2.0-py_1.tar.bz2#5071c982548b3a20caf70462f04f5287
https://conda.anaconda.org/conda-forge/noarch/json5-0.9.5-pyh9f0ad1d_0.tar.bz2#10759827a94e6b14996e81fb002c0bda
https://conda.anaconda.org/conda-forge/win-64/markupsafe-2.1.2-py38h91455d4_0.conda#962b32c8c11df005d9e225ecde549e57
https://conda.anaconda.org/conda-forge/noarch/mistune-2.0.4-pyhd8ed1ab_0.tar.bz2#78e0a90393b79b378b8ff6d32893d58a
https://conda.anaconda.org/conda-forge/noarch/natsort-8.2.0-pyhd8ed1ab_0.tar.bz2#a8b2456513ed910ef418021afc5150bb
https://conda.anaconda.org/conda-forge/noarch/nest-asyncio-1.5.6-pyhd8ed1ab_0.tar.bz2#7b868f21adde0d9b8b38f9c16836589b
https://conda.anaconda.org/conda-forge/noarch/packaging-23.0-pyhd8ed1ab_0.conda#1ff2e3ca41f0ce16afec7190db28288b
https://conda.anaconda.org/conda-forge/noarch/pandocfilters-1.5.0-pyhd8ed1ab_0.tar.bz2#457c2c8c08e54905d6954e79cb5b5db9
https://conda.anaconda.org/conda-forge/noarch/parso-0.8.3-pyhd8ed1ab_0.tar.bz2#17a565a0c3899244e938cdf417e7b094
https://conda.anaconda.org/conda-forge/noarch/pickleshare-0.7.5-py_1003.tar.bz2#415f0ebb6198cc2801c73438a9fb5761
https://conda.anaconda.org/conda-forge/noarch/pkgutil-resolve-name-1.3.10-pyhd8ed1ab_0.tar.bz2#89e3c7cdde7d3aaa2aee933b604dd07f
https://conda.anaconda.org/conda-forge/noarch/pluggy-1.0.0-pyhd8ed1ab_5.tar.bz2#7d301a0d25f424d96175f810935f0da9
https://conda.anaconda.org/conda-forge/noarch/prometheus_client-0.16.0-pyhd8ed1ab_0.conda#8efaddc1c8b8ce262c4d1a7c6571c799
https://conda.anaconda.org/conda-forge/win-64/psutil-5.9.4-py38h91455d4_0.tar.bz2#fbeb1baddec5abea7c98a50c9c7af529
https://conda.anaconda.org/conda-forge/noarch/pure_eval-0.2.2-pyhd8ed1ab_0.tar.bz2#6784285c7e55cb7212efabc79e4c2883
https://conda.anaconda.org/conda-forge/noarch/py-1.11.0-pyh6c4a22f_0.tar.bz2#b4613d7e7a493916d867842a6a148054
https://conda.anaconda.org/conda-forge/noarch/pycparser-2.21-pyhd8ed1ab_0.tar.bz2#076becd9e05608f8dc72757d5f3a91ff
https://conda.anaconda.org/conda-forge/noarch/pyflakes-3.0.1-pyhd8ed1ab_0.conda#44b7d77d96560c93e0e11437a3c35254
https://conda.anaconda.org/conda-forge/win-64/pyrsistent-0.19.3-py38h91455d4_0.conda#fb4aa6d774c3a286a8561af24ff87185
https://conda.anaconda.org/conda-forge/noarch/python-fastjsonschema-2.16.2-pyhd8ed1ab_0.tar.bz2#5fe4b6002f505336734ce92961b3e6a0
https://conda.anaconda.org/conda-forge/noarch/python-json-logger-2.0.4-pyhd8ed1ab_0.conda#6d1f4215f123c18aed06fb4104bcb11a
https://conda.anaconda.org/conda-forge/noarch/pytz-2022.7.1-pyhd8ed1ab_0.conda#f59d49a7b464901cf714b9e7984d01a2
https://conda.anaconda.org/conda-forge/win-64/pywin32-304-py38hd3f51b4_2.tar.bz2#cfefffaad808b61f2932f64c079417b8
https://conda.anaconda.org/conda-forge/win-64/pywinpty-2.0.10-py38hd3f51b4_0.conda#cc93c5fe55b8a7bdd719ce74bfbe819c
https://conda.anaconda.org/conda-forge/win-64/pyyaml-6.0-py38h91455d4_5.tar.bz2#f62ab7e18711e3cbc068319448ecf771
https://conda.anaconda.org/conda-forge/win-64/pyzmq-25.0.0-py38ha85f68a_0.conda#9a9a808052bf38bcb72997b20497ac94
https://conda.anaconda.org/conda-forge/noarch/rfc3986-validator-0.1.1-pyh9f0ad1d_0.tar.bz2#912a71cc01012ee38e6b90ddd561e36f
https://conda.anaconda.org/conda-forge/noarch/robotframework-6.0.2-pyhd8ed1ab_1.conda#b4dcead8c5a99a14733d9b1ba5b7db09
https://conda.anaconda.org/conda-forge/win-64/ruamel.yaml.clib-0.2.7-py38h91455d4_1.conda#ff7d3491a9f308bebc8031eabfb30d3e
https://conda.anaconda.org/conda-forge/noarch/send2trash-1.8.0-pyhd8ed1ab_0.tar.bz2#edab14119efe85c3bf131ad747e9005c
https://conda.anaconda.org/conda-forge/noarch/setuptools-66.1.1-pyhd8ed1ab_0.conda#9467d520d1457018e055bbbfdf9b7567
https://conda.anaconda.org/conda-forge/noarch/six-1.16.0-pyh6c4a22f_0.tar.bz2#e5f25f8dbc060e9a8d912e432202afc2
https://conda.anaconda.org/conda-forge/noarch/sniffio-1.3.0-pyhd8ed1ab_0.tar.bz2#dd6cbc539e74cb1f430efbd4575b9303
https://conda.anaconda.org/conda-forge/noarch/sortedcontainers-2.4.0-pyhd8ed1ab_0.tar.bz2#6d6552722448103793743dabfbda532d
https://conda.anaconda.org/conda-forge/noarch/soupsieve-2.3.2.post1-pyhd8ed1ab_0.tar.bz2#146f4541d643d48fc8a75cacf69f03ae
https://conda.anaconda.org/conda-forge/noarch/tomli-2.0.1-pyhd8ed1ab_0.tar.bz2#5844808ffab9ebdb694585b50ba02a96
https://conda.anaconda.org/conda-forge/win-64/tornado-6.2-py38h91455d4_1.tar.bz2#ed09a022d62a1550692f856c104d929e
https://conda.anaconda.org/conda-forge/noarch/traitlets-5.9.0-pyhd8ed1ab_0.conda#d0b4f5c87cd35ac3fb3d47b223263a64
https://conda.anaconda.org/conda-forge/noarch/typing_extensions-4.4.0-pyha770c72_0.tar.bz2#2d93b130d148d7fc77e583677792fc6a
https://conda.anaconda.org/conda-forge/noarch/webencodings-0.5.1-py_1.tar.bz2#3563be4c5611a44210d9ba0c16113136
https://conda.anaconda.org/conda-forge/noarch/websocket-client-1.5.0-pyhd8ed1ab_0.conda#6df990e93f39e91a3f45d4d885404d56
https://conda.anaconda.org/conda-forge/noarch/wheel-0.38.4-pyhd8ed1ab_0.tar.bz2#c829cfb8cb826acb9de0ac1a2df0a940
https://conda.anaconda.org/conda-forge/noarch/win_inet_pton-1.1.0-pyhd8ed1ab_6.tar.bz2#30878ecc4bd36e8deeea1e3c151b2e0b
https://conda.anaconda.org/conda-forge/noarch/zipp-3.12.0-pyhd8ed1ab_0.conda#edc3568566cc48335f0b5d86d40fdbb9
https://conda.anaconda.org/conda-forge/noarch/anyio-3.6.2-pyhd8ed1ab_0.tar.bz2#8ada050fa88f26916fc1e76e368a49fd
https://conda.anaconda.org/conda-forge/noarch/asttokens-2.2.1-pyhd8ed1ab_0.conda#bf7f54dd0f25c3f06ecb82a07341841a
https://conda.anaconda.org/conda-forge/noarch/babel-2.11.0-pyhd8ed1ab_0.tar.bz2#2ea70fde8d581ba9425a761609eed6ba
https://conda.anaconda.org/conda-forge/noarch/backports.functools_lru_cache-1.6.4-pyhd8ed1ab_0.tar.bz2#c5b3edc62d6309088f4970b3eaaa65a6
https://conda.anaconda.org/conda-forge/noarch/beautifulsoup4-4.11.1-pyha770c72_0.tar.bz2#eeec8814bd97b2681f708bb127478d7d
https://conda.anaconda.org/conda-forge/noarch/bleach-6.0.0-pyhd8ed1ab_0.conda#d48b143d01385872a88ef8417e96c30e
https://conda.anaconda.org/conda-forge/win-64/cffi-1.15.1-py38h57701bc_3.conda#9b94af390cfdf924a063302a2ddb3860
https://conda.anaconda.org/conda-forge/noarch/comm-0.1.2-pyhd8ed1ab_0.conda#3c78af4752bb1600ebe5e83ef4588eaa
https://conda.anaconda.org/conda-forge/win-64/coverage-7.1.0-py38h91455d4_0.conda#9b54e09d1a76713fd186f2e905421afe
https://conda.anaconda.org/conda-forge/noarch/h11-0.14.0-pyhd8ed1ab_0.tar.bz2#b21ed0883505ba1910994f1df031a428
https://conda.anaconda.org/conda-forge/noarch/importlib-metadata-6.0.0-pyha770c72_0.conda#691644becbcdca9f73243450b1c63e62
https://conda.anaconda.org/conda-forge/noarch/importlib_resources-5.10.2-pyhd8ed1ab_0.conda#de76905f801c22fc43e624058574eab3
https://conda.anaconda.org/conda-forge/noarch/jedi-0.18.2-pyhd8ed1ab_0.conda#b5e695ef9c3f0d27d6cd96bf5adc9e07
https://conda.anaconda.org/conda-forge/noarch/jinja2-3.1.2-pyhd8ed1ab_1.tar.bz2#c8490ed5c70966d232fdd389d0dbed37
https://conda.anaconda.org/conda-forge/noarch/matplotlib-inline-0.1.6-pyhd8ed1ab_0.tar.bz2#b21613793fcc81d944c76c9f2864a7de
https://conda.anaconda.org/conda-forge/noarch/outcome-1.2.0-pyhd8ed1ab_0.tar.bz2#3dbb9ece72652131f12d66e889da7c0a
https://conda.anaconda.org/conda-forge/noarch/pip-23.0-pyhd8ed1ab_0.conda#85b35999162ec95f9f999bac15279c02
https://conda.anaconda.org/conda-forge/noarch/pygments-2.14.0-pyhd8ed1ab_0.conda#c78cd16b11cd6a295484bd6c8f24bea1
https://conda.anaconda.org/conda-forge/noarch/pysocks-1.7.1-pyh0701188_6.tar.bz2#56cd9fe388baac0e90c7149cfac95b60
https://conda.anaconda.org/conda-forge/noarch/pytest-7.2.1-pyhd8ed1ab_0.conda#f0be05afc9c9ab45e273c088e00c258b
https://conda.anaconda.org/conda-forge/noarch/python-dateutil-2.8.2-pyhd8ed1ab_0.tar.bz2#dd999d1cc9f79e67dbb855c8924c7984
https://conda.anaconda.org/conda-forge/noarch/rfc3339-validator-0.1.4-pyhd8ed1ab_0.tar.bz2#fed45fc5ea0813240707998abe49f520
https://conda.anaconda.org/conda-forge/noarch/robotframework-pythonlibcore-4.0.0-pyhd8ed1ab_0.tar.bz2#e3dd7ba929a82a21c6e568c00d5b538c
https://conda.anaconda.org/conda-forge/noarch/robotframework-stacktrace-0.4.1-pyhd8ed1ab_0.tar.bz2#3dc788e294fd159537c931dbb964511e
https://conda.anaconda.org/conda-forge/win-64/ruamel.yaml-0.17.21-py38h91455d4_2.tar.bz2#3ff768a249e09cc1cbd3ab1d9c3dfb72
https://conda.anaconda.org/conda-forge/noarch/terminado-0.17.0-pyh08f2357_0.tar.bz2#0152a609d5748ed9887d195b1e61a6c9
https://conda.anaconda.org/conda-forge/noarch/tinycss2-1.2.1-pyhd8ed1ab_0.tar.bz2#7234c9eefff659501cd2fe0d2ede4d48
https://conda.anaconda.org/conda-forge/noarch/typing-extensions-4.4.0-hd8ed1ab_0.tar.bz2#be969210b61b897775a0de63cd9e9026
https://conda.anaconda.org/conda-forge/win-64/argon2-cffi-bindings-21.2.0-py38h91455d4_3.tar.bz2#a262d1c7aaf5a93a02b33dd985c27831
https://conda.anaconda.org/conda-forge/win-64/brotlipy-0.7.0-py38h91455d4_1005.tar.bz2#9fabc7fadfb37addbe91cc67c09cda69
https://conda.anaconda.org/conda-forge/win-64/cryptography-39.0.0-py38h95f5157_0.conda#49fb9d2f5de471aa02f6abbdd848d8ef
https://conda.anaconda.org/conda-forge/noarch/doit-0.36.0-pyhd8ed1ab_0.tar.bz2#fc5e53d070f1ee7bb38c2ece282dcb82
https://conda.anaconda.org/conda-forge/noarch/importlib_metadata-6.0.0-hd8ed1ab_0.conda#a67d43e1527a37199dd8db913366f68e
https://conda.anaconda.org/conda-forge/noarch/jsonschema-4.17.3-pyhd8ed1ab_0.conda#723268a468177cd44568eb8f794e0d80
https://conda.anaconda.org/conda-forge/noarch/jupyter_server_terminals-0.4.4-pyhd8ed1ab_1.conda#7c0965e1d4a0ee1529e8eaa03a78a5b3
https://conda.anaconda.org/conda-forge/noarch/jupyterlab_pygments-0.2.2-pyhd8ed1ab_0.tar.bz2#243f63592c8e449f40cd42eb5cf32f40
https://conda.anaconda.org/conda-forge/noarch/platformdirs-2.6.2-pyhd8ed1ab_0.conda#0b4cc3f8181b0d8446eb5387d7848a54
https://conda.anaconda.org/conda-forge/noarch/pytest-asyncio-0.20.3-pyhd8ed1ab_0.conda#aa462bf71d7b327dcc00ae523f8923ef
https://conda.anaconda.org/conda-forge/noarch/pytest-console-scripts-1.3.1-pyhd8ed1ab_0.tar.bz2#03b35fe3168458d82b9793a71d5b8152
https://conda.anaconda.org/conda-forge/noarch/pytest-metadata-2.0.4-pyhd8ed1ab_0.tar.bz2#7ac02a65917993d38ca1bfd7b87208e4
https://conda.anaconda.org/conda-forge/noarch/pytest-xdist-3.1.0-pyhd8ed1ab_0.conda#e82f8fb903d7c4a59c77954759c341f9
https://conda.anaconda.org/conda-forge/noarch/robotframework-pabot-2.12.0-pyhd8ed1ab_0.conda#71b3c6e9c9f8757f6828c2466cdfc9d4
https://conda.anaconda.org/conda-forge/noarch/stack_data-0.6.2-pyhd8ed1ab_0.conda#e7df0fdd404616638df5ece6e69ba7af
https://conda.anaconda.org/conda-forge/win-64/trio-0.21.0-py38haa244fe_0.tar.bz2#0fe81ab845eea9441bc9a025d47577be
https://conda.anaconda.org/conda-forge/noarch/wcwidth-0.2.6-pyhd8ed1ab_0.conda#078979d33523cb477bd1916ce41aacc9
https://conda.anaconda.org/conda-forge/noarch/wsproto-1.2.0-pyhd8ed1ab_0.tar.bz2#00ba804b54f451d102f6a7615f08470d
https://conda.anaconda.org/conda-forge/noarch/argon2-cffi-21.3.0-pyhd8ed1ab_0.tar.bz2#a0b402db58f73aaab8ee0ca1025a362e
https://conda.anaconda.org/conda-forge/win-64/jupyter_core-5.2.0-py38haa244fe_0.conda#acd4ba37f297f756dc36d6cf5c298b55
https://conda.anaconda.org/conda-forge/noarch/jupyter_events-0.6.3-pyhd8ed1ab_0.conda#d98c5196ab6ffeb0c2feca2912801353
https://conda.anaconda.org/conda-forge/noarch/prompt-toolkit-3.0.36-pyha770c72_0.conda#4d79ec192e0bfd530a254006d123b9a6
https://conda.anaconda.org/conda-forge/noarch/pyopenssl-23.0.0-pyhd8ed1ab_0.conda#d41957700e83bbb925928764cb7f8878
https://conda.anaconda.org/conda-forge/noarch/pytest-html-3.2.0-pyhd8ed1ab_1.tar.bz2#d5c7a941dfbceaab4b172a56d7918eb0
https://conda.anaconda.org/conda-forge/noarch/trio-websocket-0.9.2-pyhd8ed1ab_0.tar.bz2#7acf3fc982eef23b24aed10e80d5dc99
https://conda.anaconda.org/conda-forge/noarch/ipython-8.9.0-pyh08f2357_0.conda#89d3c5fd4544eaf140400d55d2cdf7b1
https://conda.anaconda.org/conda-forge/noarch/jupyter_client-8.0.2-pyhd8ed1ab_0.conda#cbb8d182b6053ce14b5fe60ef1e36fbb
https://conda.anaconda.org/conda-forge/noarch/nbformat-5.7.3-pyhd8ed1ab_0.conda#9714111cb6c7dbbc9a9f34de205c2f29
https://conda.anaconda.org/conda-forge/noarch/urllib3-1.26.14-pyhd8ed1ab_0.conda#01f33ad2e0aaf6b5ba4add50dad5ad29
https://conda.anaconda.org/conda-forge/noarch/ipykernel-6.21.0-pyh025b116_0.conda#837497202881e0ba56fbd884b25776e9
https://conda.anaconda.org/conda-forge/noarch/nbclient-0.7.2-pyhd8ed1ab_0.conda#6c7b0d75b66a220274bb5a28c23197f2
https://conda.anaconda.org/conda-forge/noarch/requests-2.28.2-pyhd8ed1ab_0.conda#11d178fc55199482ee48d6812ea83983
https://conda.anaconda.org/conda-forge/noarch/selenium-4.7.2-pyhd8ed1ab_0.conda#4f6238a5e80996ee0bbee28b487aada5
https://conda.anaconda.org/conda-forge/noarch/nbconvert-core-7.2.9-pyhd8ed1ab_0.conda#a9e1826152e79416db71c51b0d3af28c
https://conda.anaconda.org/conda-forge/noarch/robotframework-seleniumlibrary-6.0.0-pyhd8ed1ab_0.tar.bz2#2acaef9c04081dc3644501ac575953bf
https://conda.anaconda.org/conda-forge/noarch/jupyter_server-2.1.0-pyhd8ed1ab_0.conda#d6ecedc21fbc15a32be5c1b6bac2b779
https://conda.anaconda.org/conda-forge/noarch/nbconvert-pandoc-7.2.9-pyhd8ed1ab_0.conda#4a8dc94c7c2f3736dc4b91ec345d5b4b
https://conda.anaconda.org/conda-forge/noarch/jupyterlab_server-2.19.0-pyhd8ed1ab_0.conda#9dc0706ec2f8e13b7a0db9d6a19051ff
https://conda.anaconda.org/conda-forge/noarch/nbconvert-7.2.9-pyhd8ed1ab_0.conda#523aaa3affb003ab0e68dbc24c9027f4
https://conda.anaconda.org/conda-forge/noarch/notebook-shim-0.2.2-pyhd8ed1ab_0.tar.bz2#40be846cd4e78672a40e43db9dae753c
https://conda.anaconda.org/conda-forge/noarch/nbclassic-0.4.8-pyhd8ed1ab_0.tar.bz2#f4f150f83ed90a1b833e6081bbf38257
https://conda.anaconda.org/conda-forge/noarch/notebook-6.5.2-pyha770c72_1.tar.bz2#7bf26ca095481f206e6f9dd7681085fe
https://conda.anaconda.org/conda-forge/noarch/jupyterlab-3.5.3-pyhd8ed1ab_0.conda#69f71bc3d176b3ad3d9564a32bd049b8
