# Generated by conda-lock.
# platform: osx-64
# input_hash: 5d9384b28316b1897450c40eb41e1d5149fbd38bc26f01ecba20259477b25524
@EXPLICIT
https://conda.anaconda.org/conda-forge/osx-64/ca-certificates-2021.10.8-h033912b_0.tar.bz2#bb82d0243db9882b509702ecb69e38f0
https://conda.anaconda.org/conda-forge/noarch/font-ttf-dejavu-sans-mono-2.37-hab24e00_0.tar.bz2#0c96522c6bdaed4b1566d11387caaf45
https://conda.anaconda.org/conda-forge/noarch/font-ttf-inconsolata-3.000-h77eed37_0.tar.bz2#34893075a5c9e55cdafac56607368fc6
https://conda.anaconda.org/conda-forge/noarch/font-ttf-source-code-pro-2.038-h77eed37_0.tar.bz2#4d59c254e01d9cde7957100457e2d5fb
https://conda.anaconda.org/conda-forge/noarch/font-ttf-ubuntu-0.83-hab24e00_0.tar.bz2#19410c3df09dfb12d1206132a1d357c5
https://conda.anaconda.org/conda-forge/osx-64/fribidi-1.0.10-hbcb3906_0.tar.bz2#f1c6b41e0f56998ecd9a3e210faa1dc0
https://conda.anaconda.org/conda-forge/osx-64/giflib-5.2.1-hbcb3906_2.tar.bz2#be8f747c37e4d7e346c133e641966750
https://conda.anaconda.org/conda-forge/osx-64/jbig-2.1-h0d85af4_2003.tar.bz2#4d76d11d3a256931926099498aa3565b
https://conda.anaconda.org/conda-forge/osx-64/jpeg-9e-h0d85af4_0.tar.bz2#46a9053a493c567e32fc0519d9bfc860
https://conda.anaconda.org/conda-forge/osx-64/libcxx-12.0.1-habf9029_1.tar.bz2#444dfb8ed0bf2a8864f73eb6436b29e0
https://conda.anaconda.org/conda-forge/osx-64/libdeflate-1.8-h0d85af4_0.tar.bz2#0c233c9a12552ee43d1e3f477f2a54ee
https://conda.anaconda.org/conda-forge/osx-64/libffi-3.4.2-h0d85af4_5.tar.bz2#ccb34fb14960ad8b125962d3d79b31a9
https://conda.anaconda.org/conda-forge/osx-64/libiconv-1.16-haf1e3a3_0.tar.bz2#c5fab167412a52e491c8e11453ae016f
https://conda.anaconda.org/conda-forge/osx-64/libsodium-1.0.18-hbcb3906_1.tar.bz2#24632c09ed931af617fe6d5292919cab
https://conda.anaconda.org/conda-forge/osx-64/libtool-2.4.6-he49afe7_1008.tar.bz2#9c8f39ea3499b42a833157e54bc95441
https://conda.anaconda.org/conda-forge/osx-64/libwebp-base-1.2.2-h0d85af4_1.tar.bz2#052369eda6e13f44b308407c99857f84
https://conda.anaconda.org/conda-forge/osx-64/libzlib-1.2.11-h9173be1_1013.tar.bz2#a3a6a53beaa92c5cfe52ee3a198e78cc
https://conda.anaconda.org/conda-forge/osx-64/ncurses-6.3-he49afe7_0.tar.bz2#2b8a6df0c28a466781832cbd036a73b7
https://conda.anaconda.org/conda-forge/osx-64/pandoc-2.17.1-h694c41f_0.tar.bz2#e7ca9c2ff9f49206decba4b20035ae7a
https://conda.anaconda.org/conda-forge/osx-64/pixman-0.40.0-hbcb3906_0.tar.bz2#09a583a6f172715be21d93aaa1b42d71
https://conda.anaconda.org/conda-forge/osx-64/xz-5.2.5-haf1e3a3_1.tar.bz2#41116deb499e9bc58048c297d6403ce6
https://conda.anaconda.org/conda-forge/osx-64/yaml-0.2.5-h0d85af4_2.tar.bz2#d7e08fcf8259d742156188e8762b4d20
https://conda.anaconda.org/conda-forge/osx-64/expat-2.4.4-he49afe7_0.tar.bz2#96f068e8e62b43d609184f0e1809dc36
https://conda.anaconda.org/conda-forge/osx-64/firefox-91.5.0esr-he49afe7_0.tar.bz2#ae55a167eaa7067e680f48599f679cb8
https://conda.anaconda.org/conda-forge/noarch/fonts-conda-forge-1-0.tar.bz2#f766549260d6815b0c52253f1fb1bb29
https://conda.anaconda.org/conda-forge/osx-64/geckodriver-0.30.0-h04bdded_0.tar.bz2#42f571a12fb076566e5ba110335ffc4d
https://conda.anaconda.org/conda-forge/osx-64/gettext-0.19.8.1-hd1a6beb_1008.tar.bz2#28c370fc39becf486601d9e491a5e184
https://conda.anaconda.org/conda-forge/osx-64/graphite2-1.3.13-h2e338ed_1001.tar.bz2#5f6e7f98caddd0fc2d345b207531814c
https://conda.anaconda.org/conda-forge/osx-64/icu-69.1-he49afe7_0.tar.bz2#ee3bde95f8c74ebd296543525775ada5
https://conda.anaconda.org/conda-forge/osx-64/lerc-3.0-he49afe7_0.tar.bz2#a1d21f85e4b0d5e27a88ecab5e3961da
https://conda.anaconda.org/conda-forge/osx-64/lz4-c-1.9.3-he49afe7_1.tar.bz2#05c08241b66631c00ca4f9e0b75320bc
https://conda.anaconda.org/conda-forge/osx-64/openssl-1.1.1l-h0d85af4_0.tar.bz2#f7bcdbb7a5dae97030eee20b884b1f8a
https://conda.anaconda.org/conda-forge/osx-64/pcre-8.45-he49afe7_0.tar.bz2#0526850419e04ac003bc0b65a78dc4cc
https://conda.anaconda.org/conda-forge/osx-64/readline-8.1-h05e3726_0.tar.bz2#2832e9b6a7caa7cb192fcda6cfcd8871
https://conda.anaconda.org/conda-forge/osx-64/zeromq-4.3.4-he49afe7_1.tar.bz2#1972d732b123ed04b60fd21e94f0b178
https://conda.anaconda.org/conda-forge/osx-64/zlib-1.2.11-h9173be1_1013.tar.bz2#cf985617d679990418c380099620b01a
https://conda.anaconda.org/conda-forge/noarch/fonts-conda-ecosystem-1-0.tar.bz2#fee5683a3f04bd15cbd8318b096a27ab
https://conda.anaconda.org/conda-forge/osx-64/libglib-2.70.2-hf1fb8c0_1.tar.bz2#f7344cac7a1aeab96626fe1cd166a7d0
https://conda.anaconda.org/conda-forge/osx-64/libpng-1.6.37-h7cec526_2.tar.bz2#9e52521faba2b53269672628d34e1513
https://conda.anaconda.org/conda-forge/osx-64/libxml2-2.9.12-h7e28ab6_1.tar.bz2#2c7f67fde580b88748f9fab02f98b2ba
https://conda.anaconda.org/conda-forge/osx-64/sqlite-3.37.0-h23a322b_0.tar.bz2#68f13bbe00ac288ffc1c1b868bc4da23
https://conda.anaconda.org/conda-forge/osx-64/tk-8.6.11-h5dbffcc_1.tar.bz2#e35b11155bd70facee39dfdec7368ad0
https://conda.anaconda.org/conda-forge/osx-64/zstd-1.5.2-h582d3a0_0.tar.bz2#df9ed22d1725b8fecaede2d579fd6bc4
https://conda.anaconda.org/conda-forge/osx-64/atk-1.0-2.36.0-he69c4ee_4.tar.bz2#7b97814b391b446512be7df30c90ad26
https://conda.anaconda.org/conda-forge/osx-64/freetype-2.10.4-h4cff582_1.tar.bz2#5a136a432c6062362cd7990c514bd8d6
https://conda.anaconda.org/conda-forge/osx-64/gts-0.7.6-hccb3bdf_2.tar.bz2#ad799f4bcdacc510347c2d9d19b40bc3
https://conda.anaconda.org/conda-forge/osx-64/libtiff-4.3.0-hd146c10_2.tar.bz2#f83e9c7a6f2458e85a267df87cd57ca1
https://conda.anaconda.org/conda-forge/osx-64/python-3.7.12-haf480d7_100_cpython.tar.bz2#058bace71590dc856684ac8d7e75fb07
https://conda.anaconda.org/conda-forge/noarch/async_generator-1.10-py_0.tar.bz2#d56c596e61b1c4952acf0a9920856c12
https://conda.anaconda.org/conda-forge/noarch/attrs-21.4.0-pyhd8ed1ab_0.tar.bz2#f70280205d7044c8b8358c8de3190e5d
https://conda.anaconda.org/conda-forge/noarch/backcall-0.2.0-pyh9f0ad1d_0.tar.bz2#6006a6d08a3fa99268a2681c7fb55213
https://conda.anaconda.org/conda-forge/noarch/backports-1.0-py_2.tar.bz2#0da16b293affa6ac31812376f8eb79dd
https://conda.anaconda.org/conda-forge/noarch/charset-normalizer-2.0.11-pyhd8ed1ab_0.tar.bz2#e51530e33440ea8044edb0076cb40a0f
https://conda.anaconda.org/conda-forge/noarch/cloudpickle-2.0.0-pyhd8ed1ab_0.tar.bz2#3a8fc8b627d5fb6af827e126a10a86c6
https://conda.anaconda.org/conda-forge/noarch/decorator-5.1.1-pyhd8ed1ab_0.tar.bz2#43afe5ab04e35e17ba28649471dd7364
https://conda.anaconda.org/conda-forge/noarch/defusedxml-0.7.1-pyhd8ed1ab_0.tar.bz2#961b3a227b437d82ad7054484cfa71b2
https://conda.anaconda.org/conda-forge/noarch/entrypoints-0.3-pyhd8ed1ab_1003.tar.bz2#bbf9a201f6ce99a506f4955374d9a9f4
https://conda.anaconda.org/conda-forge/noarch/execnet-1.9.0-pyhd8ed1ab_0.tar.bz2#0e521f7a5e60d508b121d38b04874fb2
https://conda.anaconda.org/conda-forge/noarch/flit-core-3.6.0-pyhd8ed1ab_0.tar.bz2#f8c17f22a3ce533876c468157ff8ff8f
https://conda.anaconda.org/conda-forge/osx-64/fontconfig-2.13.94-h10f422b_0.tar.bz2#04362a8c05bc8daac6b004979029a19b
https://conda.anaconda.org/conda-forge/osx-64/gdk-pixbuf-2.42.6-h2e6141f_0.tar.bz2#be5dd0a4ffc76407baa987e0d99d6c97
https://conda.anaconda.org/conda-forge/noarch/h11-0.12.0-pyhd8ed1ab_0.tar.bz2#a8c3c313e5339029946b66070cf24b39
https://conda.anaconda.org/conda-forge/noarch/idna-3.3-pyhd8ed1ab_0.tar.bz2#40b50b8b030f5f2f22085c062ed013dd
https://conda.anaconda.org/conda-forge/noarch/iniconfig-1.1.1-pyh9f0ad1d_0.tar.bz2#39161f81cc5e5ca45b8226fbb06c6905
https://conda.anaconda.org/conda-forge/noarch/ipython_genutils-0.2.0-py_1.tar.bz2#5071c982548b3a20caf70462f04f5287
https://conda.anaconda.org/conda-forge/noarch/json5-0.9.5-pyh9f0ad1d_0.tar.bz2#10759827a94e6b14996e81fb002c0bda
https://conda.anaconda.org/conda-forge/osx-64/libwebp-1.2.2-h28dabe5_0.tar.bz2#6aa31e81854e3172dae89300ae9a5444
https://conda.anaconda.org/conda-forge/noarch/mccabe-0.6.1-py_1.tar.bz2#a326cb400c1ccd91789f3e7d02124d61
https://conda.anaconda.org/conda-forge/noarch/nest-asyncio-1.5.4-pyhd8ed1ab_0.tar.bz2#0d86e4e6ac78912f3f47e0453b124aca
https://conda.anaconda.org/conda-forge/noarch/pandocfilters-1.5.0-pyhd8ed1ab_0.tar.bz2#457c2c8c08e54905d6954e79cb5b5db9
https://conda.anaconda.org/conda-forge/noarch/parso-0.8.3-pyhd8ed1ab_0.tar.bz2#17a565a0c3899244e938cdf417e7b094
https://conda.anaconda.org/conda-forge/noarch/pickleshare-0.7.5-py_1003.tar.bz2#415f0ebb6198cc2801c73438a9fb5761
https://conda.anaconda.org/conda-forge/noarch/poyo-0.5.0-py_0.tar.bz2#f7e49e76e34d946c607757ad68e6b3f2
https://conda.anaconda.org/conda-forge/noarch/prometheus_client-0.13.1-pyhd8ed1ab_0.tar.bz2#9259acd5dd8746e7721474fa62e046d7
https://conda.anaconda.org/conda-forge/noarch/ptyprocess-0.7.0-pyhd3deb0d_0.tar.bz2#359eeb6536da0e687af562ed265ec263
https://conda.anaconda.org/conda-forge/noarch/py-1.11.0-pyh6c4a22f_0.tar.bz2#b4613d7e7a493916d867842a6a148054
https://conda.anaconda.org/conda-forge/noarch/pycodestyle-2.8.0-pyhd8ed1ab_0.tar.bz2#f2532eee272d45b1283ea4869d71f044
https://conda.anaconda.org/conda-forge/noarch/pycparser-2.21-pyhd8ed1ab_0.tar.bz2#076becd9e05608f8dc72757d5f3a91ff
https://conda.anaconda.org/conda-forge/noarch/pyflakes-2.4.0-pyhd8ed1ab_0.tar.bz2#1aa3ecd37d0694e2ea5fef48da75371e
https://conda.anaconda.org/conda-forge/noarch/pyparsing-3.0.7-pyhd8ed1ab_0.tar.bz2#727e2216d9c47455d8ddc060eb2caad9
https://conda.anaconda.org/conda-forge/noarch/python-fastjsonschema-2.15.3-pyhd8ed1ab_0.tar.bz2#fae309d1cc996da1f63de9d321e65e27
https://conda.anaconda.org/conda-forge/osx-64/python_abi-3.7-2_cp37m.tar.bz2#4b564389f52917cfe8fbc537284d42e6
https://conda.anaconda.org/conda-forge/noarch/pytz-2021.3-pyhd8ed1ab_0.tar.bz2#7e4f811bff46a5a6a7e0094921389395
https://conda.anaconda.org/conda-forge/noarch/robotframework-4.1.3-pyhd8ed1ab_0.tar.bz2#e20ca74470432b2c47306d796c997992
https://conda.anaconda.org/conda-forge/noarch/send2trash-1.8.0-pyhd8ed1ab_0.tar.bz2#edab14119efe85c3bf131ad747e9005c
https://conda.anaconda.org/conda-forge/noarch/six-1.16.0-pyh6c4a22f_0.tar.bz2#e5f25f8dbc060e9a8d912e432202afc2
https://conda.anaconda.org/conda-forge/noarch/sortedcontainers-2.4.0-pyhd8ed1ab_0.tar.bz2#6d6552722448103793743dabfbda532d
https://conda.anaconda.org/conda-forge/noarch/testpath-0.5.0-pyhd8ed1ab_0.tar.bz2#53b57d6a468bebc7cef1253b177a5e9e
https://conda.anaconda.org/conda-forge/noarch/text-unidecode-1.3-py_0.tar.bz2#afcf07cba949f797ac96c5e13e745cc7
https://conda.anaconda.org/conda-forge/noarch/toml-0.10.2-pyhd8ed1ab_0.tar.bz2#f832c45a477c78bebd107098db465095
https://conda.anaconda.org/conda-forge/noarch/tomli-2.0.0-pyhd8ed1ab_1.tar.bz2#9b49de2db8b4a4a48c424629694fbd37
https://conda.anaconda.org/conda-forge/noarch/traitlets-5.1.1-pyhd8ed1ab_0.tar.bz2#a1bc9765ef9499760e88f568b3a6622c
https://conda.anaconda.org/conda-forge/noarch/typing_extensions-4.0.1-pyha770c72_0.tar.bz2#1fc03816925d3cb7fdab9ab234e7fea7
https://conda.anaconda.org/conda-forge/noarch/unidecode-1.3.2-pyhd8ed1ab_0.tar.bz2#c26689c4b5cec59f49d35b87205e8b37
https://conda.anaconda.org/conda-forge/noarch/webencodings-0.5.1-py_1.tar.bz2#3563be4c5611a44210d9ba0c16113136
https://conda.anaconda.org/conda-forge/noarch/websocket-client-1.2.3-pyhd8ed1ab_0.tar.bz2#a9e89668df0da0f33c8c4ddf7c118f6d
https://conda.anaconda.org/conda-forge/noarch/wheel-0.37.1-pyhd8ed1ab_0.tar.bz2#1ca02aaf78d9c70d9a81a3bed5752022
https://conda.anaconda.org/conda-forge/noarch/zipp-3.7.0-pyhd8ed1ab_0.tar.bz2#947f7f41958eabc0f6e886557512bb76
https://conda.anaconda.org/conda-forge/osx-64/appnope-0.1.2-py37hf985489_2.tar.bz2#e56ab46cc16f5af8d1c7d31f302c15cb
https://conda.anaconda.org/conda-forge/noarch/babel-2.9.1-pyh44b312d_0.tar.bz2#74136ed39bfea0832d338df1e58d013e
https://conda.anaconda.org/conda-forge/osx-64/cairo-1.16.0-he01c77b_1009.tar.bz2#411a2d76183a0ec4dbbdae034ac5bde4
https://conda.anaconda.org/conda-forge/osx-64/certifi-2021.10.8-py37hf985489_1.tar.bz2#95bc4c0b760d22415cc589306ab31072
https://conda.anaconda.org/conda-forge/osx-64/cffi-1.15.0-py37h446072c_0.tar.bz2#611c1a6063a004935f3eedc5c4e70adf
https://conda.anaconda.org/conda-forge/osx-64/chardet-4.0.0-py37hf985489_2.tar.bz2#eb0a221167473ad9fa83c1643f7db1ec
https://conda.anaconda.org/conda-forge/osx-64/coverage-6.3-py37h271585c_0.tar.bz2#eaa84ebe66ec4a0a5fb2cdf0dc8ffc63
https://conda.anaconda.org/conda-forge/osx-64/debugpy-1.5.1-py37hd8d24ac_0.tar.bz2#cfaabc192eeff85148a13d23b5343bd1
https://conda.anaconda.org/conda-forge/osx-64/importlib-metadata-4.2.0-py37hf985489_0.tar.bz2#7dd48953316ccce48d276bb2a02c6b00
https://conda.anaconda.org/conda-forge/noarch/importlib_resources-5.4.0-pyhd8ed1ab_0.tar.bz2#9fb134dbabe7851a9d71411064b2c30d
https://conda.anaconda.org/conda-forge/osx-64/jedi-0.18.1-py37hf985489_0.tar.bz2#33ef99f317508028f469a21e6efc454e
https://conda.anaconda.org/conda-forge/osx-64/jupyter_core-4.9.1-py37hf985489_1.tar.bz2#dbcaa45299e49bcccecf93e0a663d5a0
https://conda.anaconda.org/conda-forge/osx-64/libgd-2.3.3-hb8742e1_1.tar.bz2#aa4407f195247766dde1d97242735350
https://conda.anaconda.org/conda-forge/osx-64/macfsevents-0.8.1-py37h271585c_1002.tar.bz2#eb196fd19638adf891ba844047250743
https://conda.anaconda.org/conda-forge/osx-64/markupsafe-1.1.1-py37hf967b71_3.tar.bz2#012d1704c4914ea54b2166c6c8123d2e
https://conda.anaconda.org/conda-forge/noarch/matplotlib-inline-0.1.3-pyhd8ed1ab_0.tar.bz2#be3bfd435802d2c768c6b2439f325f3d
https://conda.anaconda.org/conda-forge/osx-64/mistune-0.8.4-py37h271585c_1005.tar.bz2#3ecf9db811807601bd9cd32ac109f363
https://conda.anaconda.org/conda-forge/osx-64/mock-4.0.3-py37hf985489_2.tar.bz2#ff60f2d3c6aef96352fc601faa300ad3
https://conda.anaconda.org/conda-forge/noarch/outcome-1.1.0-pyhd8ed1ab_0.tar.bz2#a6baaddfb9fb5aa6b53534b634cb69c9
https://conda.anaconda.org/conda-forge/noarch/packaging-21.3-pyhd8ed1ab_0.tar.bz2#71f1ab2de48613876becddd496371c85
https://conda.anaconda.org/conda-forge/noarch/pexpect-4.8.0-pyh9f0ad1d_2.tar.bz2#5909e7b978141dd80d28dbf9de627827
https://conda.anaconda.org/conda-forge/osx-64/pyrsistent-0.18.1-py37h271585c_0.tar.bz2#6e315807c0d0762368db173e9cee0a65
https://conda.anaconda.org/conda-forge/osx-64/pysocks-1.7.1-py37hf985489_4.tar.bz2#ea559f233bd910536e03c63e2392b65c
https://conda.anaconda.org/conda-forge/noarch/python-dateutil-2.8.2-pyhd8ed1ab_0.tar.bz2#dd999d1cc9f79e67dbb855c8924c7984
https://conda.anaconda.org/conda-forge/noarch/python-slugify-5.0.2-pyhd8ed1ab_0.tar.bz2#b2ffe26ee75064d51a5127fd22e5f78e
https://conda.anaconda.org/conda-forge/osx-64/pyzmq-22.3.0-py37h8f778e5_1.tar.bz2#45b26434af9758b5c5df9cc974d9c25b
https://conda.anaconda.org/conda-forge/noarch/robotframework-pythonlibcore-3.0.0-pyhd8ed1ab_0.tar.bz2#5651c801936eed0acac65983bf87f9e4
https://conda.anaconda.org/conda-forge/noarch/robotframework-stacktrace-0.4.1-pyhd8ed1ab_0.tar.bz2#3dc788e294fd159537c931dbb964511e
https://conda.anaconda.org/conda-forge/osx-64/ruamel_yaml-0.15.80-py37h271585c_1006.tar.bz2#b827ea408b91e85afe9aafca56c0d577
https://conda.anaconda.org/conda-forge/osx-64/setuptools-60.6.0-py37hf985489_0.tar.bz2#2020b67f3de057cc7819e2e69dc7197f
https://conda.anaconda.org/conda-forge/osx-64/sniffio-1.2.0-py37hf985489_2.tar.bz2#44bd440521770f1b52c4b66c320c3f1a
https://conda.anaconda.org/conda-forge/osx-64/tornado-6.1-py37h271585c_2.tar.bz2#911332a9a0c80d78b11cfedd5274f5d4
https://conda.anaconda.org/conda-forge/osx-64/ujson-5.1.0-py37hd8d24ac_0.tar.bz2#6d9a9f792afb25385ea595e665d7f378
https://conda.anaconda.org/conda-forge/osx-64/wsproto-1.0.0-py37hf985489_2.tar.bz2#f40ebafa4e0679a3ca509ef6b8829a68
https://conda.anaconda.org/conda-forge/osx-64/anyio-3.5.0-py37hf985489_0.tar.bz2#86f805ed3281b27c4b28c690f9f2fca7
https://conda.anaconda.org/conda-forge/osx-64/argon2-cffi-bindings-21.2.0-py37h271585c_1.tar.bz2#cd6b1d6a0aae2569aa398c4f694cfe54
https://conda.anaconda.org/conda-forge/noarch/arrow-1.2.2-pyhd8ed1ab_0.tar.bz2#4a5f877e92e4e470c5ffdb88494b3666
https://conda.anaconda.org/conda-forge/noarch/backports.functools_lru_cache-1.6.4-pyhd8ed1ab_0.tar.bz2#c5b3edc62d6309088f4970b3eaaa65a6
https://conda.anaconda.org/conda-forge/noarch/binaryornot-0.4.4-py_1.tar.bz2#a556fa60840fcb9dd739d186bfd252f7
https://conda.anaconda.org/conda-forge/noarch/bleach-4.1.0-pyhd8ed1ab_0.tar.bz2#4a2104c7b22c222bd0fe03aaef12862c
https://conda.anaconda.org/conda-forge/osx-64/brotlipy-0.7.0-py37h271585c_1003.tar.bz2#5fbafd705627398bd425a414fa070cdd
https://conda.anaconda.org/conda-forge/osx-64/click-8.0.3-py37hf985489_1.tar.bz2#0ee466c4a8f35bf5644ce76838ec0e8f
https://conda.anaconda.org/conda-forge/osx-64/cryptography-36.0.1-py37h5e77fcc_0.tar.bz2#dcc529e9927202f5a4b53eaa98a1a2c6
https://conda.anaconda.org/conda-forge/osx-64/doit-0.34.1-py37hf985489_0.tar.bz2#67ef60b1c1f46595814d4a7efb646ca9
https://conda.anaconda.org/conda-forge/noarch/flake8-4.0.1-pyhd8ed1ab_1.tar.bz2#ebcd260142f408f587dafc01170a32f2
https://conda.anaconda.org/conda-forge/osx-64/harfbuzz-3.2.0-h447b35c_0.tar.bz2#af22cc361ce943ae0970d4ccf503de3f
https://conda.anaconda.org/conda-forge/noarch/importlib_metadata-4.2.0-hd8ed1ab_0.tar.bz2#0213ccecb06d99c195f126d1ad595beb
https://conda.anaconda.org/conda-forge/noarch/jinja2-2.11.3-pyh44b312d_0.tar.bz2#1d4c3605d85a3655b1595e0694138eb6
https://conda.anaconda.org/conda-forge/noarch/jsonschema-4.4.0-pyhd8ed1ab_0.tar.bz2#17ec41acce882e5db4efdcc4c01ca7e0
https://conda.anaconda.org/conda-forge/noarch/jupyter_client-7.1.2-pyhd8ed1ab_0.tar.bz2#9a332b6f8f05629435ce59032df8cfa9
https://conda.anaconda.org/conda-forge/noarch/pip-22.0.2-pyhd8ed1ab_0.tar.bz2#8d1c307e14d67711bcc284128cd31b49
https://conda.anaconda.org/conda-forge/noarch/pygments-2.11.2-pyhd8ed1ab_0.tar.bz2#caef60540e2239e27bf62569a5015e3b
https://conda.anaconda.org/conda-forge/noarch/robotframework-pabot-2.1.0-pyhd8ed1ab_0.tar.bz2#59415cc0e2fbfe8f23ae2e6f575f1a9f
https://conda.anaconda.org/conda-forge/osx-64/terminado-0.13.1-py37hf985489_0.tar.bz2#b578b7f28a7608aae04063930b32b960
https://conda.anaconda.org/conda-forge/osx-64/trio-0.19.0-py37hf985489_1.tar.bz2#56596e22561e3d07c20da7a912b21906
https://conda.anaconda.org/conda-forge/noarch/argon2-cffi-21.3.0-pyhd8ed1ab_0.tar.bz2#a0b402db58f73aaab8ee0ca1025a362e
https://conda.anaconda.org/conda-forge/noarch/jinja2-time-0.2.0-py_2.tar.bz2#6e8d28fac1864c623fd4402168ca4d46
https://conda.anaconda.org/conda-forge/noarch/jupyterlab_pygments-0.1.2-pyh9f0ad1d_0.tar.bz2#2cbd910890bb328e8959246a1e16fac7
https://conda.anaconda.org/conda-forge/noarch/nbformat-5.1.3-pyhd8ed1ab_0.tar.bz2#bafa5df6d4f8db69a4d197b4657127e7
https://conda.anaconda.org/conda-forge/osx-64/pango-1.50.3-h7f27720_0.tar.bz2#f0adae63dbd866eab232354df56b5695
https://conda.anaconda.org/conda-forge/osx-64/pluggy-1.0.0-py37hf985489_2.tar.bz2#9a5d0196fa10b6a4a8583d2f9a219716
https://conda.anaconda.org/conda-forge/noarch/pyopenssl-22.0.0-pyhd8ed1ab_0.tar.bz2#1d7e241dfaf5475e893d4b824bb71b44
https://conda.anaconda.org/conda-forge/noarch/trio-websocket-0.9.2-pyhd8ed1ab_0.tar.bz2#7acf3fc982eef23b24aed10e80d5dc99
https://conda.anaconda.org/conda-forge/noarch/wcwidth-0.2.5-pyh9f0ad1d_2.tar.bz2#5266fcd697043c59621fda522b3d78ee
https://conda.anaconda.org/conda-forge/osx-64/gtk2-2.24.33-h7c1209e_2.tar.bz2#307614630946527e302b7dd042a5cfa2
https://conda.anaconda.org/conda-forge/osx-64/librsvg-2.52.5-h5e5d7d9_2.tar.bz2#1d316450e14ceca28d7a57d0d2b5a9e5
https://conda.anaconda.org/conda-forge/noarch/nbclient-0.5.10-pyhd8ed1ab_1.tar.bz2#000cfe33d6fa746c5a9d1b29a79342a3
https://conda.anaconda.org/conda-forge/noarch/prompt-toolkit-3.0.26-pyha770c72_0.tar.bz2#b728996054227a841b3b5c51db131957
https://conda.anaconda.org/conda-forge/osx-64/pytest-6.2.5-py37hf985489_2.tar.bz2#3cfb52a9ea41c1f9de0f7b0bf885c6c7
https://conda.anaconda.org/conda-forge/noarch/urllib3-1.26.8-pyhd8ed1ab_1.tar.bz2#53f1387c68c21cecb386e2cde51b3f7c
https://conda.anaconda.org/conda-forge/osx-64/graphviz-2.50.0-h2b5222e_2.tar.bz2#47700926374c6bcf1428e1b7bd940b76
https://conda.anaconda.org/conda-forge/osx-64/ipython-7.31.1-py37hf985489_0.tar.bz2#f73365980dac45ff931bca578166646b
https://conda.anaconda.org/conda-forge/osx-64/nbconvert-6.4.1-py37hf985489_0.tar.bz2#ff249c89b6d6eaa6527a76622e9f6de5
https://conda.anaconda.org/conda-forge/noarch/pytest-asyncio-0.17.2-pyhd8ed1ab_0.tar.bz2#2680b47a5ec6d98f3a82eb27383b55a1
https://conda.anaconda.org/conda-forge/noarch/pytest-console-scripts-1.2.2-pyhd8ed1ab_0.tar.bz2#5865e34f38416777471a046b2ea24a41
https://conda.anaconda.org/conda-forge/noarch/pytest-cov-3.0.0-pyhd8ed1ab_0.tar.bz2#0f7cac11bb696b62d378bde725bfc3eb
https://conda.anaconda.org/conda-forge/noarch/pytest-forked-1.4.0-pyhd8ed1ab_0.tar.bz2#95286e05a617de9ebfe3246cecbfb72f
https://conda.anaconda.org/conda-forge/noarch/pytest-metadata-1.11.0-pyhd3deb0d_0.tar.bz2#2e92f7ccb8d9a03966fc36e3861522ec
https://conda.anaconda.org/conda-forge/noarch/requests-2.27.1-pyhd8ed1ab_0.tar.bz2#7c1c427246b057b8fa97200ecdb2ed62
https://conda.anaconda.org/conda-forge/noarch/selenium-4.1.0-pyhd8ed1ab_0.tar.bz2#54d6ec87313ba485cc787b81bf4142c0
https://conda.anaconda.org/conda-forge/noarch/cookiecutter-1.7.3-pyh6c4a22f_0.tar.bz2#7d795ce3584b42923be41fb9215de24f
https://conda.anaconda.org/conda-forge/osx-64/ipykernel-6.7.0-py37h4c52d7d_0.tar.bz2#d99dbe6008e197e7e758159cd200aa4f
https://conda.anaconda.org/conda-forge/noarch/jupyter_server-1.13.4-pyhd8ed1ab_0.tar.bz2#70c6e1f755731d858767cb3c08c56a95
https://conda.anaconda.org/conda-forge/noarch/pytest-html-3.1.1-pyhd8ed1ab_0.tar.bz2#88b638753087926088c778ea5b2f4b97
https://conda.anaconda.org/conda-forge/noarch/pytest-xdist-2.5.0-pyhd8ed1ab_0.tar.bz2#1fdd1f3baccf0deb647385c677a1a48e
https://conda.anaconda.org/conda-forge/noarch/python-graphviz-0.19.1-pyhaef67bd_0.tar.bz2#d690aca7854375a02ec4d5221c2bc58e
https://conda.anaconda.org/conda-forge/noarch/robotframework-seleniumlibrary-6.0.0-pyhd8ed1ab_0.tar.bz2#2acaef9c04081dc3644501ac575953bf
https://conda.anaconda.org/conda-forge/noarch/jupyterlab_server-2.10.3-pyhd8ed1ab_0.tar.bz2#65d62a616bed5237b85b9e2a88378ec0
https://conda.anaconda.org/conda-forge/noarch/notebook-6.4.8-pyha770c72_0.tar.bz2#87d880386179ed952a9d656faf2ff860
https://conda.anaconda.org/conda-forge/noarch/nbclassic-0.3.5-pyhd8ed1ab_0.tar.bz2#e9e2281b7dc08d876fc789af0f571ade
https://conda.anaconda.org/conda-forge/noarch/jupyterlab-3.2.8-pyhd8ed1ab_0.tar.bz2#e2cc0671571f14af58f832c912dee025
