# platform: win-64
# env_hash: 30897ed1d9a47817ecb482ae90787b486e7a1c773ac97b8b6fdea1783ee7c0c9
@EXPLICIT
https://conda.anaconda.org/conda-forge/win-64/ca-certificates-2020.12.5-h5b45459_0.tar.bz2#f36a2988a9f57cffdc43929ba67a3a2a
https://conda.anaconda.org/conda-forge/win-64/vs2015_runtime-14.28.29325-h5e1d092_4.tar.bz2#e89bf06003c46c09ee8628eb76aa9520
https://conda.anaconda.org/conda-forge/win-64/vc-14.2-hb210afc_4.tar.bz2#45ddc2c65ad6c200120db1a682803462
https://conda.anaconda.org/conda-forge/win-64/firefox-78.8.0esr-h0e60522_0.tar.bz2#3253e3ac5d55842e8a285f9944e91dd7
https://conda.anaconda.org/conda-forge/win-64/geckodriver-0.29.0-hdb13177_0.tar.bz2#7cf698c50e053c07df5235366599c21e
https://conda.anaconda.org/conda-forge/win-64/openssl-1.1.1j-h8ffe710_0.tar.bz2#3f98c6e8d40701b975943feda6fd2cfc
https://conda.anaconda.org/conda-forge/win-64/sqlite-3.34.0-h8ffe710_0.tar.bz2#0887d420b945a5342cd03429d475658c
https://conda.anaconda.org/conda-forge/win-64/python-3.8.8-h7840368_0_cpython.tar.bz2#f70631201495a13a7f9a7fbd6cf82f87
https://conda.anaconda.org/conda-forge/noarch/idna-3.1-pyhd3deb0d_0.tar.bz2#9c9aea4b8391264477df484f798562d0
https://conda.anaconda.org/conda-forge/noarch/mccabe-0.6.1-py_1.tar.bz2#a326cb400c1ccd91789f3e7d02124d61
https://conda.anaconda.org/conda-forge/noarch/pycodestyle-2.6.0-pyh9f0ad1d_0.tar.bz2#a08d6f5a610c7194da158add79f2b018
https://conda.anaconda.org/conda-forge/noarch/pycparser-2.20-pyh9f0ad1d_2.tar.bz2#aa798d50ffd182a0f6f31478c7f434f6
https://conda.anaconda.org/conda-forge/noarch/pyflakes-2.2.0-pyh9f0ad1d_0.tar.bz2#b13f3395d2eb4a2705629127a8a8cfaa
https://conda.anaconda.org/conda-forge/win-64/python_abi-3.8-1_cp38.tar.bz2#18ced0580562dca07ae039050748cc50
https://conda.anaconda.org/conda-forge/noarch/robotframework-4.0-pyhd8ed1ab_0.tar.bz2#13985780c14873961b7be4e7391d184e
https://conda.anaconda.org/conda-forge/noarch/six-1.15.0-pyh9f0ad1d_0.tar.bz2#1eec421f0f1f39e579e44e4a5ce646a2
https://conda.anaconda.org/conda-forge/noarch/wheel-0.36.2-pyhd3deb0d_0.tar.bz2#768bfbe026426d0e76b377997d1f2b98
https://conda.anaconda.org/conda-forge/noarch/zipp-3.4.1-pyhd8ed1ab_0.tar.bz2#a4fa30eb74a326092b3d8078b1f1aae1
https://conda.anaconda.org/conda-forge/win-64/certifi-2020.12.5-py38haa244fe_1.tar.bz2#0ff61c01f4afa91e32fa891796268c46
https://conda.anaconda.org/conda-forge/win-64/cffi-1.14.5-py38hd8c33c5_0.tar.bz2#e37ed9001bfcfcbe756cad573025332e
https://conda.anaconda.org/conda-forge/win-64/importlib-metadata-3.7.2-py38haa244fe_0.tar.bz2#3c0d5d614f7cca729399f35154191153
https://conda.anaconda.org/conda-forge/noarch/robotframework-pythonlibcore-2.2.0-pyhd8ed1ab_0.tar.bz2#29a329f0b817038d27d7bdfb2ca04b5a
https://conda.anaconda.org/conda-forge/win-64/win_inet_pton-1.1.0-py38haa244fe_2.tar.bz2#6ebb62fd7f9ad919a8e43548e1163130
https://conda.anaconda.org/conda-forge/win-64/wincertstore-0.2-py38haa244fe_1006.tar.bz2#3d25df9e81ec24db2d91b7b477860a01
https://conda.anaconda.org/conda-forge/win-64/brotlipy-0.7.0-py38hab1e662_1001.tar.bz2#2d6f5a730bc180307463869c63ac0cdd
https://conda.anaconda.org/conda-forge/win-64/cryptography-3.4.6-py38hd7da0ea_0.tar.bz2#e8255c601ed6b606f1956f43c91e5380
https://conda.anaconda.org/conda-forge/win-64/pysocks-1.7.1-py38haa244fe_3.tar.bz2#8fac4219dff4b3204e424f219660565c
https://conda.anaconda.org/conda-forge/win-64/setuptools-49.6.0-py38haa244fe_3.tar.bz2#c104ed0b1f9f55efcf872c4af2a6036a
https://conda.anaconda.org/conda-forge/noarch/flake8-3.8.4-py_0.tar.bz2#138b1704321c115bd10e1966320ac790
https://conda.anaconda.org/conda-forge/noarch/pip-21.0.1-pyhd8ed1ab_0.tar.bz2#849477e10d78cbc283c78fd53bfbb567
https://conda.anaconda.org/conda-forge/noarch/pyopenssl-20.0.1-pyhd8ed1ab_0.tar.bz2#92371c25994d0f5d28a01c1fb75ebf86
https://conda.anaconda.org/conda-forge/noarch/urllib3-1.26.3-pyhd8ed1ab_0.tar.bz2#25573e57774dd54cfa848e5dd44503ed
https://conda.anaconda.org/conda-forge/win-64/selenium-3.141.0-py38h294d835_1002.tar.bz2#826ee023ea7bade5a55c730a0b82466c
https://conda.anaconda.org/conda-forge/noarch/robotframework-seleniumlibrary-5.1.1-pyhd8ed1ab_0.tar.bz2#3eacc90d82d69cb1b78d6459be33fd8e
