# platform: linux-64
# env_hash: b291fe15e2ddb046e225fdac45bb3bfe761fba4e4634091ce370dfb26b1a216d
@EXPLICIT
https://conda.anaconda.org/conda-forge/linux-64/_libgcc_mutex-0.1-conda_forge.tar.bz2#d7c89558ba9fa0495403155b64376d81
https://conda.anaconda.org/conda-forge/linux-64/ca-certificates-2020.12.5-ha878542_0.tar.bz2#7eb5d4ffeee663caa1635cd67071bc1b
https://conda.anaconda.org/conda-forge/noarch/font-ttf-dejavu-sans-mono-2.37-hab24e00_0.tar.bz2#0c96522c6bdaed4b1566d11387caaf45
https://conda.anaconda.org/conda-forge/noarch/font-ttf-inconsolata-2.001-hab24e00_0.tar.bz2#1fcc67d5eed875734d8b3eec00b29ce4
https://conda.anaconda.org/conda-forge/noarch/font-ttf-source-code-pro-2.030-hab24e00_0.tar.bz2#dfc1ee25079fd9314698d73ef38b557f
https://conda.anaconda.org/conda-forge/noarch/font-ttf-ubuntu-0.83-hab24e00_0.tar.bz2#19410c3df09dfb12d1206132a1d357c5
https://conda.anaconda.org/conda-forge/linux-64/ld_impl_linux-64-2.35.1-hea4e1c9_2.tar.bz2#83610dba766a186bdc7a116053b782a4
https://conda.anaconda.org/conda-forge/linux-64/libstdcxx-ng-9.3.0-h6de172a_18.tar.bz2#2f03cd1e5c966d4af5822c7ae089ab03
https://conda.anaconda.org/conda-forge/linux-64/pandoc-2.12-h7f98852_0.tar.bz2#21d4ae04f0c60b1e1150ded8ac24b4c2
https://conda.anaconda.org/conda-forge/noarch/tzdata-2021a-he74cb21_0.tar.bz2#6f36861f102249fc54861ff9343c3fdd
https://conda.anaconda.org/conda-forge/noarch/fonts-conda-forge-1-0.tar.bz2#f766549260d6815b0c52253f1fb1bb29
https://conda.anaconda.org/conda-forge/linux-64/libgomp-9.3.0-h2828fa1_18.tar.bz2#fc7a2a7e6a741c8afdd764715ac7039d
https://conda.anaconda.org/conda-forge/linux-64/_openmp_mutex-4.5-1_gnu.tar.bz2#561e277319a41d4f24f5c05a9ef63c04
https://conda.anaconda.org/conda-forge/noarch/fonts-conda-ecosystem-1-0.tar.bz2#fee5683a3f04bd15cbd8318b096a27ab
https://conda.anaconda.org/conda-forge/linux-64/libgcc-ng-9.3.0-h2828fa1_18.tar.bz2#5a9490c49a3505a6d19bda012cde6ad3
https://conda.anaconda.org/conda-forge/linux-64/expat-2.2.10-h9c3ff4c_0.tar.bz2#c924bc4e7ae49118f6c97bd4357fed0e
https://conda.anaconda.org/conda-forge/linux-64/firefox-78.8.0esr-h9c3ff4c_0.tar.bz2#eb21ca70af2e5239d2c56fe391690864
https://conda.anaconda.org/conda-forge/linux-64/fribidi-1.0.10-h516909a_0.tar.bz2#bdc16c2b8852914fdbadb8e4d6361a8b
https://conda.anaconda.org/conda-forge/linux-64/geckodriver-0.29.0-h3146498_0.tar.bz2#7a76f8a22b8f67cf4fdabbfaec3ad061
https://conda.anaconda.org/conda-forge/linux-64/giflib-5.2.1-h516909a_2.tar.bz2#70d777f83639cc2c05334b59a6dc9159
https://conda.anaconda.org/conda-forge/linux-64/graphite2-1.3.13-he1b5a44_1001.tar.bz2#9214f49f6d97e53e1e6b13f73a25a21e
https://conda.anaconda.org/conda-forge/linux-64/icu-68.1-h58526e2_0.tar.bz2#fc7a4271dc2a7f4fd78cd63695baf7c3
https://conda.anaconda.org/conda-forge/linux-64/jpeg-9d-h516909a_0.tar.bz2#aa82d2e6e1fa196bf4addd7ebc71a807
https://conda.anaconda.org/conda-forge/linux-64/libffi-3.3-h58526e2_2.tar.bz2#665369991d8dd290ac5ee92fce3e6bf5
https://conda.anaconda.org/conda-forge/linux-64/libiconv-1.16-h516909a_0.tar.bz2#5c0f338a513a2943c659ae619fca9211
https://conda.anaconda.org/conda-forge/linux-64/libsodium-1.0.18-h516909a_1.tar.bz2#e1ca1a4b82f7b51b29318f80cebae84a
https://conda.anaconda.org/conda-forge/linux-64/libtool-2.4.6-h58526e2_1007.tar.bz2#7f6569a0c2f27acb8fc90600b382e544
https://conda.anaconda.org/conda-forge/linux-64/libuuid-2.32.1-h14c3975_1000.tar.bz2#39c6326f6ee5297632c47db6520546fe
https://conda.anaconda.org/conda-forge/linux-64/libwebp-base-1.2.0-h7f98852_2.tar.bz2#fb63a035a3b552c88a30d84b89ebf4c4
https://conda.anaconda.org/conda-forge/linux-64/lz4-c-1.9.3-h9c3ff4c_0.tar.bz2#4eb64ee0d5cd43096ffcf843c76b05d4
https://conda.anaconda.org/conda-forge/linux-64/ncurses-6.2-h58526e2_4.tar.bz2#509f2a21c4a09214cd737a480dfd80c9
https://conda.anaconda.org/conda-forge/linux-64/openssl-1.1.1j-h7f98852_0.tar.bz2#f91545bee2ac8cf86f1dc53e55a7bb2b
https://conda.anaconda.org/conda-forge/linux-64/pcre-8.44-he1b5a44_0.tar.bz2#e647d89cd5cdf62760cf283a001841ff
https://conda.anaconda.org/conda-forge/linux-64/pixman-0.40.0-h36c2ea0_0.tar.bz2#660e72c82f2e75a6b3fe6a6e75c79f19
https://conda.anaconda.org/conda-forge/linux-64/pthread-stubs-0.4-h36c2ea0_1001.tar.bz2#22dad4df6e8630e8dff2428f6f6a7036
https://conda.anaconda.org/conda-forge/linux-64/xorg-kbproto-1.0.7-h14c3975_1002.tar.bz2#6dfe5dbe10d55266e4a5e89287eed578
https://conda.anaconda.org/conda-forge/linux-64/xorg-libice-1.0.10-h516909a_0.tar.bz2#4dfda1ccfd0cc90c4fe6786acece9a30
https://conda.anaconda.org/conda-forge/linux-64/xorg-libxau-1.0.9-h14c3975_0.tar.bz2#ffa7c2b7a2c7dc779ed9e38b10a93c3c
https://conda.anaconda.org/conda-forge/linux-64/xorg-libxdmcp-1.1.3-h516909a_0.tar.bz2#e95a160e60b2a327309a6d323a4d780e
https://conda.anaconda.org/conda-forge/linux-64/xorg-renderproto-0.11.1-h14c3975_1002.tar.bz2#fbcb7fa11dee1a5d3df4371cc55bb229
https://conda.anaconda.org/conda-forge/linux-64/xorg-xextproto-7.3.0-h14c3975_1002.tar.bz2#f08999859c405bad87c4bf9b6cdc7bbb
https://conda.anaconda.org/conda-forge/linux-64/xorg-xproto-7.0.31-h14c3975_1007.tar.bz2#a45d8cd411bdf8f08ced463f68986b62
https://conda.anaconda.org/conda-forge/linux-64/xz-5.2.5-h516909a_1.tar.bz2#33f601066901f3e1a85af3522a8113f9
https://conda.anaconda.org/conda-forge/linux-64/yaml-0.2.5-h516909a_0.tar.bz2#03a530e925414902547cf48da7756db8
https://conda.anaconda.org/conda-forge/linux-64/zlib-1.2.11-h516909a_1010.tar.bz2#339cc5584e6d26bc73a875ba900028c3
https://conda.anaconda.org/conda-forge/linux-64/gettext-0.19.8.1-h0b5b191_1005.tar.bz2#ff6f69b593a9e74c0e6b61908ac513fa
https://conda.anaconda.org/conda-forge/linux-64/libpng-1.6.37-hed695b0_2.tar.bz2#5685fb1f2e761545e9f5ea34411efd98
https://conda.anaconda.org/conda-forge/linux-64/libxcb-1.13-h7f98852_1003.tar.bz2#a9371e9e40aded194dcba1447606c9a1
https://conda.anaconda.org/conda-forge/linux-64/libxml2-2.9.10-h72842e0_3.tar.bz2#5ed2c4742d5f1141783f484fe8974ccf
https://conda.anaconda.org/conda-forge/linux-64/readline-8.0-he28a2e2_2.tar.bz2#4d0ae8d473f863696088f76800ef9d38
https://conda.anaconda.org/conda-forge/linux-64/tk-8.6.10-hed695b0_1.tar.bz2#7ef837cd455bd0f19f49b8b62d4cb568
https://conda.anaconda.org/conda-forge/linux-64/xorg-libsm-1.2.3-hd9c2040_1000.tar.bz2#9e856f78d5c80d5a78f61e72d1d473a3
https://conda.anaconda.org/conda-forge/linux-64/zeromq-4.3.4-h9c3ff4c_0.tar.bz2#9105c7da67ebfb39ff08e2a8ea72bb71
https://conda.anaconda.org/conda-forge/linux-64/zstd-1.4.9-ha95c52a_0.tar.bz2#b481dc9fda3af2a681d08a4d5cd1ea0b
https://conda.anaconda.org/conda-forge/linux-64/freetype-2.10.4-h0708190_1.tar.bz2#4a06f2ac2e5bfae7b6b245171c3f07aa
https://conda.anaconda.org/conda-forge/linux-64/libglib-2.66.7-h3e27bee_1.tar.bz2#dd273cc3560177ab37be0db469368bba
https://conda.anaconda.org/conda-forge/linux-64/libtiff-4.2.0-hdc55705_0.tar.bz2#f1406324f1d02fa26447a0a0f2dd0107
https://conda.anaconda.org/conda-forge/linux-64/sqlite-3.34.0-h74cdb3f_0.tar.bz2#0a83e21e8c1929cc9a1e21ebb2459fc5
https://conda.anaconda.org/conda-forge/linux-64/xorg-libx11-1.7.0-h36c2ea0_0.tar.bz2#df274e8b0a971e8e678f779f88b6961a
https://conda.anaconda.org/conda-forge/linux-64/atk-1.0-2.36.0-h3371d22_4.tar.bz2#661e1ed5d92552785d9f8c781ce68685
https://conda.anaconda.org/conda-forge/linux-64/fontconfig-2.13.1-hba837de_1004.tar.bz2#bbe61e6ae39440dd101d77bf80ffc2cd
https://conda.anaconda.org/conda-forge/linux-64/gdk-pixbuf-2.42.2-h0c95a7a_2.tar.bz2#410ae1c3754c839497194e0883eef596
https://conda.anaconda.org/conda-forge/linux-64/gts-0.7.6-h64030ff_2.tar.bz2#112eb9b5b93f0c02e59aea4fd1967363
https://conda.anaconda.org/conda-forge/linux-64/libwebp-1.2.0-h3452ae3_0.tar.bz2#8f4e19a8988c38feec7db41bcd0bf0d0
https://conda.anaconda.org/conda-forge/linux-64/python-3.9.2-hffdb5ce_0_cpython.tar.bz2#1d42ab08338d49f54800522a89ca3602
https://conda.anaconda.org/conda-forge/linux-64/xorg-libxext-1.3.4-h7f98852_1.tar.bz2#536cc5db4d0a3ba0630541aec064b5e4
https://conda.anaconda.org/conda-forge/linux-64/xorg-libxrender-0.9.10-h7f98852_1003.tar.bz2#f59c1242cc1dd93e72c2ee2b360979eb
https://conda.anaconda.org/conda-forge/noarch/async_generator-1.10-py_0.tar.bz2#d56c596e61b1c4952acf0a9920856c12
https://conda.anaconda.org/conda-forge/noarch/attrs-20.3.0-pyhd3deb0d_0.tar.bz2#5b319abb055eefcfa344bc21378ca23f
https://conda.anaconda.org/conda-forge/noarch/backcall-0.2.0-pyh9f0ad1d_0.tar.bz2#6006a6d08a3fa99268a2681c7fb55213
https://conda.anaconda.org/conda-forge/noarch/backports-1.0-py_2.tar.bz2#0da16b293affa6ac31812376f8eb79dd
https://conda.anaconda.org/conda-forge/linux-64/cairo-1.16.0-h7979940_1007.tar.bz2#651e79d89442d08d06b9359330379fcb
https://conda.anaconda.org/conda-forge/noarch/click-7.1.2-pyh9f0ad1d_0.tar.bz2#bd50a970ce07e660c319fdc4d730d3f1
https://conda.anaconda.org/conda-forge/noarch/cloudpickle-1.6.0-py_0.tar.bz2#76d764d8881719e305f6fa368dc2b65e
https://conda.anaconda.org/conda-forge/noarch/decorator-4.4.2-py_0.tar.bz2#d2eabb9cabd212e1ec6a9463bd846243
https://conda.anaconda.org/conda-forge/noarch/defusedxml-0.7.1-pyhd8ed1ab_0.tar.bz2#961b3a227b437d82ad7054484cfa71b2
https://conda.anaconda.org/conda-forge/noarch/idna-2.10-pyh9f0ad1d_0.tar.bz2#f95a12b4f435aae6680fe55ae2eb1b06
https://conda.anaconda.org/conda-forge/noarch/iniconfig-1.1.1-pyh9f0ad1d_0.tar.bz2#39161f81cc5e5ca45b8226fbb06c6905
https://conda.anaconda.org/conda-forge/noarch/ipython_genutils-0.2.0-py_1.tar.bz2#5071c982548b3a20caf70462f04f5287
https://conda.anaconda.org/conda-forge/noarch/json5-0.9.5-pyh9f0ad1d_0.tar.bz2#10759827a94e6b14996e81fb002c0bda
https://conda.anaconda.org/conda-forge/linux-64/libgd-2.3.0-h47910db_1.tar.bz2#6c12af12304d251f86c8e8a7efa4c49e
https://conda.anaconda.org/conda-forge/noarch/mccabe-0.6.1-py_1.tar.bz2#a326cb400c1ccd91789f3e7d02124d61
https://conda.anaconda.org/conda-forge/noarch/more-itertools-8.7.0-pyhd8ed1ab_0.tar.bz2#3be1ba5a28d394d78f3d692fb9e5c1c2
https://conda.anaconda.org/conda-forge/noarch/nest-asyncio-1.4.3-pyhd8ed1ab_0.tar.bz2#a1f2fda4d88c624810bf2029aa4c0827
https://conda.anaconda.org/conda-forge/noarch/pandocfilters-1.4.2-py_1.tar.bz2#ba6f4a308f1ea22abe1d72e72544af76
https://conda.anaconda.org/conda-forge/noarch/parso-0.8.1-pyhd8ed1ab_0.tar.bz2#8b0a19d867a59005c1ae631d61a12194
https://conda.anaconda.org/conda-forge/noarch/poyo-0.5.0-py_0.tar.bz2#f7e49e76e34d946c607757ad68e6b3f2
https://conda.anaconda.org/conda-forge/noarch/prometheus_client-0.9.0-pyhd3deb0d_0.tar.bz2#c7af95daf5bae22ead34151e0ab9d041
https://conda.anaconda.org/conda-forge/noarch/ptyprocess-0.7.0-pyhd3deb0d_0.tar.bz2#359eeb6536da0e687af562ed265ec263
https://conda.anaconda.org/conda-forge/noarch/py-1.10.0-pyhd3deb0d_0.tar.bz2#88ca1328ecc79a070214aa24911bace8
https://conda.anaconda.org/conda-forge/noarch/pycodestyle-2.7.0-pyhd8ed1ab_0.tar.bz2#0234673eb2ecfbdf4e54574ab4d95f81
https://conda.anaconda.org/conda-forge/noarch/pycparser-2.20-pyh9f0ad1d_2.tar.bz2#aa798d50ffd182a0f6f31478c7f434f6
https://conda.anaconda.org/conda-forge/noarch/pyflakes-2.3.0-pyhd8ed1ab_0.tar.bz2#3cdd8be9b940652c709b09b8e3046083
https://conda.anaconda.org/conda-forge/noarch/pyparsing-2.4.7-pyh9f0ad1d_0.tar.bz2#626c4f20d5bf06dcec9cf2eaa31725c7
https://conda.anaconda.org/conda-forge/noarch/python-fastjsonschema-2.15.0-pyhd8ed1ab_0.tar.bz2#be1583c353a6ee769aeb104b4be9c723
https://conda.anaconda.org/conda-forge/linux-64/python_abi-3.9-1_cp39.tar.bz2#9ee3692d976902241a3392495768fe98
https://conda.anaconda.org/conda-forge/noarch/pytz-2021.1-pyhd8ed1ab_0.tar.bz2#3af2e9424d5eb0063824a3f9b850d411
https://conda.anaconda.org/conda-forge/noarch/robotframework-4.0-pyhd8ed1ab_0.tar.bz2#13985780c14873961b7be4e7391d184e
https://conda.anaconda.org/conda-forge/noarch/send2trash-1.5.0-py_0.tar.bz2#c3779037a635e1150f1c53c28b875949
https://conda.anaconda.org/conda-forge/noarch/six-1.15.0-pyh9f0ad1d_0.tar.bz2#1eec421f0f1f39e579e44e4a5ce646a2
https://conda.anaconda.org/conda-forge/noarch/testpath-0.4.4-py_0.tar.bz2#3b98fff4d5342bebde2ecaa314f796f9
https://conda.anaconda.org/conda-forge/noarch/text-unidecode-1.3-py_0.tar.bz2#afcf07cba949f797ac96c5e13e745cc7
https://conda.anaconda.org/conda-forge/noarch/toml-0.10.2-pyhd8ed1ab_0.tar.bz2#f832c45a477c78bebd107098db465095
https://conda.anaconda.org/conda-forge/noarch/typing_extensions-3.7.4.3-py_0.tar.bz2#12b96e382730541a4b332420227055ae
https://conda.anaconda.org/conda-forge/noarch/unidecode-1.2.0-pyhd8ed1ab_0.tar.bz2#99f2ebeeae7322c9235a3e16cd903deb
https://conda.anaconda.org/conda-forge/noarch/webencodings-0.5.1-py_1.tar.bz2#3563be4c5611a44210d9ba0c16113136
https://conda.anaconda.org/conda-forge/noarch/wheel-0.36.2-pyhd3deb0d_0.tar.bz2#768bfbe026426d0e76b377997d1f2b98
https://conda.anaconda.org/conda-forge/noarch/whichcraft-0.6.1-py_0.tar.bz2#08069b1a0dd029c8d5a8a935a7c71917
https://conda.anaconda.org/conda-forge/noarch/zipp-3.4.1-pyhd8ed1ab_0.tar.bz2#a4fa30eb74a326092b3d8078b1f1aae1
https://conda.anaconda.org/conda-forge/noarch/babel-2.9.0-pyhd3deb0d_0.tar.bz2#1cb532c9a6fd4e56a9f0906b87c17b76
https://conda.anaconda.org/conda-forge/linux-64/certifi-2020.12.5-py39hf3d152e_1.tar.bz2#83afa403caafd7ef3162385cca9bce13
https://conda.anaconda.org/conda-forge/linux-64/cffi-1.14.5-py39he32792d_0.tar.bz2#b561e1fad1fc8bb343064bd5497444bb
https://conda.anaconda.org/conda-forge/linux-64/chardet-4.0.0-py39hf3d152e_1.tar.bz2#d0da429a3428ffcacaad25595b96a648
https://conda.anaconda.org/conda-forge/linux-64/coverage-5.5-py39h3811e60_0.tar.bz2#bcdadca13080d0210f405d82e66452a3
https://conda.anaconda.org/conda-forge/linux-64/entrypoints-0.3-py39hde42818_1002.tar.bz2#dad6134fb73bfd57f9658c30c7296355
https://conda.anaconda.org/conda-forge/linux-64/harfbuzz-2.8.0-h83ec7ef_0.tar.bz2#a323ead81f2744a96160b66d3aecbbf1
https://conda.anaconda.org/conda-forge/linux-64/importlib-metadata-3.7.3-py39hf3d152e_0.tar.bz2#9458992306f5181ee29ce4eed6c8f045
https://conda.anaconda.org/conda-forge/linux-64/jedi-0.18.0-py39hf3d152e_2.tar.bz2#cb9b5c105fb10e59bf5a263880735235
https://conda.anaconda.org/conda-forge/linux-64/markupsafe-1.1.1-py39h3811e60_3.tar.bz2#ba89fd2d0e9871ac81116e3008c830b4
https://conda.anaconda.org/conda-forge/linux-64/mistune-0.8.4-py39h3811e60_1003.tar.bz2#716b1f4d19fdedf318dd100682399a76
https://conda.anaconda.org/conda-forge/noarch/packaging-20.9-pyh44b312d_0.tar.bz2#be69a38e912054a62dc82cc3c7711a64
https://conda.anaconda.org/conda-forge/noarch/pexpect-4.8.0-pyh9f0ad1d_2.tar.bz2#5909e7b978141dd80d28dbf9de627827
https://conda.anaconda.org/conda-forge/linux-64/pickleshare-0.7.5-py39hde42818_1002.tar.bz2#2dc9995512c80256532250a6fd616b14
https://conda.anaconda.org/conda-forge/linux-64/pluggy-0.13.1-py39hf3d152e_4.tar.bz2#4d5bb60996f07fe6781efc7b476a7e2c
https://conda.anaconda.org/conda-forge/linux-64/pyinotify-0.9.6-py39hf3d152e_1003.tar.bz2#33ea74c707f59d9ba231d74576fd373c
https://conda.anaconda.org/conda-forge/linux-64/pyrsistent-0.17.3-py39h3811e60_2.tar.bz2#4ec88cc4b941bc447fd97cadd76e32de
https://conda.anaconda.org/conda-forge/linux-64/pysocks-1.7.1-py39hf3d152e_3.tar.bz2#f7e7fdc66f2362bebc407f1ab7d10f63
https://conda.anaconda.org/conda-forge/noarch/python-dateutil-2.8.1-py_0.tar.bz2#0d0150ed9c2d25817f5324108d3f7571
https://conda.anaconda.org/conda-forge/noarch/python-slugify-4.0.1-pyh9f0ad1d_0.tar.bz2#c97da61221ef1dce6a0cb5a1d36f0019
https://conda.anaconda.org/conda-forge/linux-64/pyzmq-22.0.3-py39h37b5a0c_1.tar.bz2#4720d9f18f7532cf5fa580aad240c04b
https://conda.anaconda.org/conda-forge/noarch/robotframework-pythonlibcore-2.2.0-pyhd8ed1ab_0.tar.bz2#29a329f0b817038d27d7bdfb2ca04b5a
https://conda.anaconda.org/conda-forge/linux-64/ruamel_yaml-0.15.80-py39h3811e60_1004.tar.bz2#eee83e092f565064b769db5265173ba2
https://conda.anaconda.org/conda-forge/linux-64/sniffio-1.2.0-py39hf3d152e_1.tar.bz2#a620158b380f03f82e8ceac1397270b7
https://conda.anaconda.org/conda-forge/linux-64/tornado-6.1-py39h3811e60_1.tar.bz2#763597c8b91b69789ab0f6002439c32b
https://conda.anaconda.org/conda-forge/noarch/traitlets-5.0.5-py_0.tar.bz2#99618ee9ab1323e40f231acdab92fe60
https://conda.anaconda.org/conda-forge/linux-64/ujson-4.0.2-py39he80948d_0.tar.bz2#0756bba445a72c6aadaa1c8213dcb6dd
https://conda.anaconda.org/conda-forge/linux-64/anyio-2.2.0-py39hf3d152e_0.tar.bz2#0a7546476eeb73e573dbed00de58b454
https://conda.anaconda.org/conda-forge/linux-64/argon2-cffi-20.1.0-py39hbd71b63_2.tar.bz2#d50b0c20ad55e01c90309ab6f93c6336
https://conda.anaconda.org/conda-forge/linux-64/arrow-1.0.3-py39hf3d152e_0.tar.bz2#ce1c953fd0bc100c111b95670ca1607b
https://conda.anaconda.org/conda-forge/noarch/binaryornot-0.4.4-py_1.tar.bz2#a556fa60840fcb9dd739d186bfd252f7
https://conda.anaconda.org/conda-forge/linux-64/brotlipy-0.7.0-py39h3811e60_1001.tar.bz2#35ad78e61aec955783acfd00f3c6bcde
https://conda.anaconda.org/conda-forge/linux-64/cryptography-3.4.6-py39hbca0aa6_0.tar.bz2#b48e314b8ff07c862af34d8fcd093a8f
https://conda.anaconda.org/conda-forge/linux-64/doit-0.33.1-py39hde42818_1.tar.bz2#b90af2ca73f3686e5171798ca539ea85
https://conda.anaconda.org/conda-forge/noarch/importlib_metadata-3.7.3-hd8ed1ab_0.tar.bz2#ad08b40b6f4550b6fad9806d16df8050
https://conda.anaconda.org/conda-forge/linux-64/jupyter_core-4.7.1-py39hf3d152e_0.tar.bz2#6bddb50072e5c769100295b967b7b212
https://conda.anaconda.org/conda-forge/linux-64/pango-1.42.4-h80147aa_5.tar.bz2#8dc418e9db17340d77ca9dda93110013
https://conda.anaconda.org/conda-forge/linux-64/pytest-6.2.2-py39hf3d152e_0.tar.bz2#2db183378c7cd9150100e848b1d7b3f9
https://conda.anaconda.org/conda-forge/linux-64/setuptools-49.6.0-py39hf3d152e_3.tar.bz2#4397280abb201d7adff59099e12e7ddd
https://conda.anaconda.org/conda-forge/linux-64/terminado-0.9.2-py39hf3d152e_0.tar.bz2#be4a43825c2a6ca3638cbdcceeb7977d
https://conda.anaconda.org/conda-forge/noarch/backports.functools_lru_cache-1.6.1-py_0.tar.bz2#d36df15eaef96549ce6231e3088fba54
https://conda.anaconda.org/conda-forge/noarch/bleach-3.3.0-pyh44b312d_0.tar.bz2#abf6b76c39358ca36ca706c46f054f2a
https://conda.anaconda.org/conda-forge/noarch/flake8-3.9.0-pyhd8ed1ab_0.tar.bz2#36aeeb659dc3084b68c39f8649e813e8
https://conda.anaconda.org/conda-forge/linux-64/gtk2-2.24.33-hab0c2f8_0.tar.bz2#8acbef87761a4b90f090168737822611
https://conda.anaconda.org/conda-forge/noarch/jinja2-2.11.3-pyh44b312d_0.tar.bz2#1d4c3605d85a3655b1595e0694138eb6
https://conda.anaconda.org/conda-forge/noarch/jsonschema-3.2.0-pyhd8ed1ab_3.tar.bz2#66125e28711d8ffc04a207a2b170316d
https://conda.anaconda.org/conda-forge/noarch/jupyter-packaging-0.7.12-pyhd8ed1ab_0.tar.bz2#ab2fd67d07b63afe5ea6db6c5f32b5fd
https://conda.anaconda.org/conda-forge/noarch/jupyter_client-6.1.12-pyhd8ed1ab_0.tar.bz2#f58b38ddb9f94fa3cafea4ba2b17f93b
https://conda.anaconda.org/conda-forge/linux-64/librsvg-2.50.3-hfa39831_1.tar.bz2#7578526979e852a1f8650080214c6cd6
https://conda.anaconda.org/conda-forge/noarch/pip-21.0.1-pyhd8ed1ab_0.tar.bz2#849477e10d78cbc283c78fd53bfbb567
https://conda.anaconda.org/conda-forge/noarch/pygments-2.8.1-pyhd8ed1ab_0.tar.bz2#196e0cff141677f430fc06eb0d0ad94d
https://conda.anaconda.org/conda-forge/noarch/pyopenssl-20.0.1-pyhd8ed1ab_0.tar.bz2#92371c25994d0f5d28a01c1fb75ebf86
https://conda.anaconda.org/conda-forge/linux-64/pytest-asyncio-0.14.0-py39hf3d152e_0.tar.bz2#a57bf9d12577bd7fe282a78974aec1c0
https://conda.anaconda.org/conda-forge/noarch/pytest-cov-2.11.1-pyh44b312d_0.tar.bz2#67e256d6c8a3082d3f29f8cefce17bbf
https://conda.anaconda.org/conda-forge/noarch/pytest-metadata-1.11.0-pyhd3deb0d_0.tar.bz2#2e92f7ccb8d9a03966fc36e3861522ec
https://conda.anaconda.org/conda-forge/linux-64/graphviz-2.47.0-h93c640b_0.tar.bz2#024e8a6f78f55f175b2afcc24e02d427
https://conda.anaconda.org/conda-forge/noarch/jinja2-time-0.2.0-py_2.tar.bz2#6e8d28fac1864c623fd4402168ca4d46
https://conda.anaconda.org/conda-forge/noarch/jupyterlab_pygments-0.1.2-pyh9f0ad1d_0.tar.bz2#2cbd910890bb328e8959246a1e16fac7
https://conda.anaconda.org/conda-forge/noarch/nbformat-5.1.2-pyhd8ed1ab_1.tar.bz2#9633dbb668ac1f9266427672816899dc
https://conda.anaconda.org/conda-forge/noarch/pytest-html-3.1.1-pyhd8ed1ab_0.tar.bz2#88b638753087926088c778ea5b2f4b97
https://conda.anaconda.org/conda-forge/noarch/urllib3-1.26.4-pyhd8ed1ab_0.tar.bz2#d7b20b328e23d993994ea02077c009c0
https://conda.anaconda.org/conda-forge/noarch/wcwidth-0.2.5-pyh9f0ad1d_2.tar.bz2#5266fcd697043c59621fda522b3d78ee
https://conda.anaconda.org/conda-forge/noarch/nbclient-0.5.3-pyhd8ed1ab_0.tar.bz2#67f12831640fde52fe9be1bbc6b699e7
https://conda.anaconda.org/conda-forge/noarch/prompt-toolkit-3.0.17-pyha770c72_0.tar.bz2#d3ff1dc51da26f2757c8d95c3522138e
https://conda.anaconda.org/conda-forge/noarch/python-graphviz-0.16-pyh243d235_2.tar.bz2#8a37b68eb6fd242a4112781c2f7b4b98
https://conda.anaconda.org/conda-forge/noarch/requests-2.25.1-pyhd3deb0d_0.tar.bz2#ae687aba31a1c400192a86a2e993ffdc
https://conda.anaconda.org/conda-forge/linux-64/selenium-3.141.0-py39h3811e60_1002.tar.bz2#7940c80bbcaba73aa4913dabb5f6d22e
https://conda.anaconda.org/conda-forge/noarch/cookiecutter-1.7.2-pyh9f0ad1d_0.tar.bz2#9c8c5f26174b5a0d63e9655cf1fd7a2a
https://conda.anaconda.org/conda-forge/linux-64/ipython-7.21.0-py39hef51801_0.tar.bz2#9ff1c412845b7c4919ae9d0925cb1e2c
https://conda.anaconda.org/conda-forge/linux-64/nbconvert-6.0.7-py39hf3d152e_3.tar.bz2#5f914e1113c7a926798c7659efbcd6a3
https://conda.anaconda.org/conda-forge/noarch/robotframework-seleniumlibrary-5.1.1-pyhd8ed1ab_0.tar.bz2#3eacc90d82d69cb1b78d6459be33fd8e
https://conda.anaconda.org/conda-forge/linux-64/ipykernel-5.5.0-py39hef51801_1.tar.bz2#7fdf48a376b83e4511b550410482c806
https://conda.anaconda.org/conda-forge/linux-64/jupyter_server-1.4.1-py39hf3d152e_0.tar.bz2#e5e99c96e60344439ad559e9fa9111e5
https://conda.anaconda.org/conda-forge/noarch/jupyterlab_server-2.3.0-pyhd8ed1ab_0.tar.bz2#e1ab43655ba7ede6917e2daa37c7b217
https://conda.anaconda.org/conda-forge/linux-64/notebook-6.2.0-py39hf3d152e_0.tar.bz2#b41aa687fbe881f4941707dc8646bdfc
https://conda.anaconda.org/conda-forge/noarch/nbclassic-0.2.6-pyhd8ed1ab_0.tar.bz2#49be35e31b49012ea91fcd667ebdf4ad
https://conda.anaconda.org/conda-forge/noarch/jupyterlab-3.0.11-pyhd8ed1ab_0.tar.bz2#af8e216cd0b7f5e4f9adc17b68857d41
