# Generated by conda-lock.
# platform: osx-64
# input_hash: bf52ea506bca445246cc8c6e319941603037c63b31feda6900e2ead35419f398
@EXPLICIT
https://conda.anaconda.org/conda-forge/osx-64/bzip2-1.0.8-h0d85af4_4.tar.bz2#37edc4e6304ca87316e160f5ca0bd1b5
https://conda.anaconda.org/conda-forge/osx-64/ca-certificates-2021.10.8-h033912b_0.tar.bz2#bb82d0243db9882b509702ecb69e38f0
https://conda.anaconda.org/conda-forge/noarch/font-ttf-dejavu-sans-mono-2.37-hab24e00_0.tar.bz2#0c96522c6bdaed4b1566d11387caaf45
https://conda.anaconda.org/conda-forge/noarch/font-ttf-inconsolata-3.000-h77eed37_0.tar.bz2#34893075a5c9e55cdafac56607368fc6
https://conda.anaconda.org/conda-forge/noarch/font-ttf-source-code-pro-2.038-h77eed37_0.tar.bz2#4d59c254e01d9cde7957100457e2d5fb
https://conda.anaconda.org/conda-forge/noarch/font-ttf-ubuntu-0.83-hab24e00_0.tar.bz2#19410c3df09dfb12d1206132a1d357c5
https://conda.anaconda.org/conda-forge/osx-64/fribidi-1.0.10-hbcb3906_0.tar.bz2#f1c6b41e0f56998ecd9a3e210faa1dc0
https://conda.anaconda.org/conda-forge/osx-64/giflib-5.2.1-hbcb3906_2.tar.bz2#be8f747c37e4d7e346c133e641966750
https://conda.anaconda.org/conda-forge/osx-64/jbig-2.1-h0d85af4_2003.tar.bz2#4d76d11d3a256931926099498aa3565b
https://conda.anaconda.org/conda-forge/osx-64/jpeg-9e-h0d85af4_0.tar.bz2#46a9053a493c567e32fc0519d9bfc860
https://conda.anaconda.org/conda-forge/osx-64/libcxx-12.0.1-habf9029_1.tar.bz2#444dfb8ed0bf2a8864f73eb6436b29e0
https://conda.anaconda.org/conda-forge/osx-64/libdeflate-1.8-h0d85af4_0.tar.bz2#0c233c9a12552ee43d1e3f477f2a54ee
https://conda.anaconda.org/conda-forge/osx-64/libffi-3.4.2-h0d85af4_5.tar.bz2#ccb34fb14960ad8b125962d3d79b31a9
https://conda.anaconda.org/conda-forge/osx-64/libiconv-1.16-haf1e3a3_0.tar.bz2#c5fab167412a52e491c8e11453ae016f
https://conda.anaconda.org/conda-forge/osx-64/libsodium-1.0.18-hbcb3906_1.tar.bz2#24632c09ed931af617fe6d5292919cab
https://conda.anaconda.org/conda-forge/osx-64/libtool-2.4.6-he49afe7_1008.tar.bz2#9c8f39ea3499b42a833157e54bc95441
https://conda.anaconda.org/conda-forge/osx-64/libuv-1.43.0-h0d85af4_0.tar.bz2#f68a2895786d91cdae79116b2b014592
https://conda.anaconda.org/conda-forge/osx-64/libwebp-base-1.2.2-h0d85af4_1.tar.bz2#052369eda6e13f44b308407c99857f84
https://conda.anaconda.org/conda-forge/osx-64/libzlib-1.2.11-h9173be1_1013.tar.bz2#a3a6a53beaa92c5cfe52ee3a198e78cc
https://conda.anaconda.org/conda-forge/osx-64/ncurses-6.3-he49afe7_0.tar.bz2#2b8a6df0c28a466781832cbd036a73b7
https://conda.anaconda.org/conda-forge/osx-64/pandoc-2.17.1-h694c41f_0.tar.bz2#e7ca9c2ff9f49206decba4b20035ae7a
https://conda.anaconda.org/conda-forge/osx-64/pixman-0.40.0-hbcb3906_0.tar.bz2#09a583a6f172715be21d93aaa1b42d71
https://conda.anaconda.org/conda-forge/noarch/tzdata-2021e-he74cb21_0.tar.bz2#a751ec502589ebdc2eceb183ff602569
https://conda.anaconda.org/conda-forge/osx-64/xz-5.2.5-haf1e3a3_1.tar.bz2#41116deb499e9bc58048c297d6403ce6
https://conda.anaconda.org/conda-forge/osx-64/yaml-0.2.5-h0d85af4_2.tar.bz2#d7e08fcf8259d742156188e8762b4d20
https://conda.anaconda.org/conda-forge/osx-64/expat-2.4.3-he49afe7_0.tar.bz2#614c72d51e72af190dca284a35d2dd0d
https://conda.anaconda.org/conda-forge/osx-64/firefox-91.5.0esr-he49afe7_0.tar.bz2#ae55a167eaa7067e680f48599f679cb8
https://conda.anaconda.org/conda-forge/noarch/fonts-conda-forge-1-0.tar.bz2#f766549260d6815b0c52253f1fb1bb29
https://conda.anaconda.org/conda-forge/osx-64/geckodriver-0.30.0-h04bdded_0.tar.bz2#42f571a12fb076566e5ba110335ffc4d
https://conda.anaconda.org/conda-forge/osx-64/gettext-0.19.8.1-hd1a6beb_1008.tar.bz2#28c370fc39becf486601d9e491a5e184
https://conda.anaconda.org/conda-forge/osx-64/graphite2-1.3.13-h2e338ed_1001.tar.bz2#5f6e7f98caddd0fc2d345b207531814c
https://conda.anaconda.org/conda-forge/osx-64/icu-69.1-he49afe7_0.tar.bz2#ee3bde95f8c74ebd296543525775ada5
https://conda.anaconda.org/conda-forge/osx-64/lerc-3.0-he49afe7_0.tar.bz2#a1d21f85e4b0d5e27a88ecab5e3961da
https://conda.anaconda.org/conda-forge/osx-64/lz4-c-1.9.3-he49afe7_1.tar.bz2#05c08241b66631c00ca4f9e0b75320bc
https://conda.anaconda.org/conda-forge/osx-64/openssl-1.1.1l-h0d85af4_0.tar.bz2#f7bcdbb7a5dae97030eee20b884b1f8a
https://conda.anaconda.org/conda-forge/osx-64/pcre-8.45-he49afe7_0.tar.bz2#0526850419e04ac003bc0b65a78dc4cc
https://conda.anaconda.org/conda-forge/osx-64/readline-8.1-h05e3726_0.tar.bz2#2832e9b6a7caa7cb192fcda6cfcd8871
https://conda.anaconda.org/conda-forge/osx-64/zeromq-4.3.4-he49afe7_1.tar.bz2#1972d732b123ed04b60fd21e94f0b178
https://conda.anaconda.org/conda-forge/osx-64/zlib-1.2.11-h9173be1_1013.tar.bz2#cf985617d679990418c380099620b01a
https://conda.anaconda.org/conda-forge/noarch/fonts-conda-ecosystem-1-0.tar.bz2#fee5683a3f04bd15cbd8318b096a27ab
https://conda.anaconda.org/conda-forge/osx-64/libglib-2.70.2-hf1fb8c0_1.tar.bz2#f7344cac7a1aeab96626fe1cd166a7d0
https://conda.anaconda.org/conda-forge/osx-64/libpng-1.6.37-h7cec526_2.tar.bz2#9e52521faba2b53269672628d34e1513
https://conda.anaconda.org/conda-forge/osx-64/libxml2-2.9.12-h7e28ab6_1.tar.bz2#2c7f67fde580b88748f9fab02f98b2ba
https://conda.anaconda.org/conda-forge/osx-64/nodejs-16.13.2-h0da8292_2.tar.bz2#7459f59e80fe492f7a5ef07e62cdbb44
https://conda.anaconda.org/conda-forge/osx-64/sqlite-3.37.0-h23a322b_0.tar.bz2#68f13bbe00ac288ffc1c1b868bc4da23
https://conda.anaconda.org/conda-forge/osx-64/tk-8.6.11-h5dbffcc_1.tar.bz2#e35b11155bd70facee39dfdec7368ad0
https://conda.anaconda.org/conda-forge/osx-64/zstd-1.5.2-h582d3a0_0.tar.bz2#df9ed22d1725b8fecaede2d579fd6bc4
https://conda.anaconda.org/conda-forge/osx-64/atk-1.0-2.36.0-he69c4ee_4.tar.bz2#7b97814b391b446512be7df30c90ad26
https://conda.anaconda.org/conda-forge/osx-64/freetype-2.10.4-h4cff582_1.tar.bz2#5a136a432c6062362cd7990c514bd8d6
https://conda.anaconda.org/conda-forge/osx-64/gts-0.7.6-hccb3bdf_2.tar.bz2#ad799f4bcdacc510347c2d9d19b40bc3
https://conda.anaconda.org/conda-forge/osx-64/libtiff-4.3.0-hd146c10_2.tar.bz2#f83e9c7a6f2458e85a267df87cd57ca1
https://conda.anaconda.org/conda-forge/osx-64/python-3.10.2-h1dd9edd_2_cpython.tar.bz2#6da26bba74f2fcc6983cca387c2a68d0
https://conda.anaconda.org/conda-forge/noarch/alabaster-0.7.12-py_0.tar.bz2#2489a97287f90176ecdc3ca982b4b0a0
https://conda.anaconda.org/conda-forge/noarch/async_generator-1.10-py_0.tar.bz2#d56c596e61b1c4952acf0a9920856c12
https://conda.anaconda.org/conda-forge/noarch/attrs-21.4.0-pyhd8ed1ab_0.tar.bz2#f70280205d7044c8b8358c8de3190e5d
https://conda.anaconda.org/conda-forge/noarch/backcall-0.2.0-pyh9f0ad1d_0.tar.bz2#6006a6d08a3fa99268a2681c7fb55213
https://conda.anaconda.org/conda-forge/noarch/backports-1.0-py_2.tar.bz2#0da16b293affa6ac31812376f8eb79dd
https://conda.anaconda.org/conda-forge/noarch/charset-normalizer-2.0.10-pyhd8ed1ab_0.tar.bz2#ea77236c8031cfa821720b21b4cb0ceb
https://conda.anaconda.org/conda-forge/noarch/cloudpickle-2.0.0-pyhd8ed1ab_0.tar.bz2#3a8fc8b627d5fb6af827e126a10a86c6
https://conda.anaconda.org/conda-forge/noarch/colorama-0.4.4-pyh9f0ad1d_0.tar.bz2#c08b4c1326b880ed44f3ffb04803332f
https://conda.anaconda.org/conda-forge/noarch/dataclasses-0.8-pyhc8e2a94_3.tar.bz2#a362b2124b06aad102e2ee4581acee7d
https://conda.anaconda.org/conda-forge/noarch/decorator-5.1.1-pyhd8ed1ab_0.tar.bz2#43afe5ab04e35e17ba28649471dd7364
https://conda.anaconda.org/conda-forge/noarch/defusedxml-0.7.1-pyhd8ed1ab_0.tar.bz2#961b3a227b437d82ad7054484cfa71b2
https://conda.anaconda.org/conda-forge/noarch/entrypoints-0.3-pyhd8ed1ab_1003.tar.bz2#bbf9a201f6ce99a506f4955374d9a9f4
https://conda.anaconda.org/conda-forge/noarch/executing-0.8.2-pyhd8ed1ab_0.tar.bz2#dcd884e2cf5bcdccdf78f7db35999d62
https://conda.anaconda.org/conda-forge/noarch/flit-core-3.6.0-pyhd8ed1ab_0.tar.bz2#f8c17f22a3ce533876c468157ff8ff8f
https://conda.anaconda.org/conda-forge/osx-64/fontconfig-2.13.94-h10f422b_0.tar.bz2#04362a8c05bc8daac6b004979029a19b
https://conda.anaconda.org/conda-forge/osx-64/gdk-pixbuf-2.42.6-h2e6141f_0.tar.bz2#be5dd0a4ffc76407baa987e0d99d6c97
https://conda.anaconda.org/conda-forge/noarch/h11-0.12.0-pyhd8ed1ab_0.tar.bz2#a8c3c313e5339029946b66070cf24b39
https://conda.anaconda.org/conda-forge/noarch/idna-3.3-pyhd8ed1ab_0.tar.bz2#40b50b8b030f5f2f22085c062ed013dd
https://conda.anaconda.org/conda-forge/noarch/imagesize-1.3.0-pyhd8ed1ab_0.tar.bz2#be807e7606fff9436e5e700f6bffb7c6
https://conda.anaconda.org/conda-forge/noarch/iniconfig-1.1.1-pyh9f0ad1d_0.tar.bz2#39161f81cc5e5ca45b8226fbb06c6905
https://conda.anaconda.org/conda-forge/noarch/ipython_genutils-0.2.0-py_1.tar.bz2#5071c982548b3a20caf70462f04f5287
https://conda.anaconda.org/conda-forge/noarch/json5-0.9.5-pyh9f0ad1d_0.tar.bz2#10759827a94e6b14996e81fb002c0bda
https://conda.anaconda.org/conda-forge/noarch/jupyterlab_widgets-1.0.2-pyhd8ed1ab_0.tar.bz2#eaff56fe28d1236076aa3bb13c35b434
https://conda.anaconda.org/conda-forge/osx-64/libwebp-1.2.2-h28dabe5_0.tar.bz2#6aa31e81854e3172dae89300ae9a5444
https://conda.anaconda.org/conda-forge/noarch/mccabe-0.6.1-py_1.tar.bz2#a326cb400c1ccd91789f3e7d02124d61
https://conda.anaconda.org/conda-forge/noarch/nest-asyncio-1.5.4-pyhd8ed1ab_0.tar.bz2#0d86e4e6ac78912f3f47e0453b124aca
https://conda.anaconda.org/conda-forge/noarch/pandocfilters-1.5.0-pyhd8ed1ab_0.tar.bz2#457c2c8c08e54905d6954e79cb5b5db9
https://conda.anaconda.org/conda-forge/noarch/parso-0.8.3-pyhd8ed1ab_0.tar.bz2#17a565a0c3899244e938cdf417e7b094
https://conda.anaconda.org/conda-forge/noarch/pathspec-0.9.0-pyhd8ed1ab_0.tar.bz2#f93dc0ccbc0a8472624165f6e256c7d1
https://conda.anaconda.org/conda-forge/noarch/pickleshare-0.7.5-py_1003.tar.bz2#415f0ebb6198cc2801c73438a9fb5761
https://conda.anaconda.org/conda-forge/noarch/pkginfo-1.8.2-pyhd8ed1ab_0.tar.bz2#c776a1cd5745674c28c20a5498cafa89
https://conda.anaconda.org/conda-forge/noarch/platformdirs-2.3.0-pyhd8ed1ab_0.tar.bz2#7bc119135be2a43e1701432399d8c28a
https://conda.anaconda.org/conda-forge/noarch/poyo-0.5.0-py_0.tar.bz2#f7e49e76e34d946c607757ad68e6b3f2
https://conda.anaconda.org/conda-forge/noarch/prometheus_client-0.13.1-pyhd8ed1ab_0.tar.bz2#9259acd5dd8746e7721474fa62e046d7
https://conda.anaconda.org/conda-forge/noarch/ptyprocess-0.7.0-pyhd3deb0d_0.tar.bz2#359eeb6536da0e687af562ed265ec263
https://conda.anaconda.org/conda-forge/noarch/pure_eval-0.2.2-pyhd8ed1ab_0.tar.bz2#6784285c7e55cb7212efabc79e4c2883
https://conda.anaconda.org/conda-forge/noarch/py-1.11.0-pyh6c4a22f_0.tar.bz2#b4613d7e7a493916d867842a6a148054
https://conda.anaconda.org/conda-forge/noarch/pycodestyle-2.7.0-pyhd8ed1ab_0.tar.bz2#0234673eb2ecfbdf4e54574ab4d95f81
https://conda.anaconda.org/conda-forge/noarch/pycparser-2.21-pyhd8ed1ab_0.tar.bz2#076becd9e05608f8dc72757d5f3a91ff
https://conda.anaconda.org/conda-forge/noarch/pyflakes-2.3.1-pyhd8ed1ab_0.tar.bz2#01e9ada82bd261ee2b6366aa832018cc
https://conda.anaconda.org/conda-forge/noarch/pyparsing-3.0.7-pyhd8ed1ab_0.tar.bz2#727e2216d9c47455d8ddc060eb2caad9
https://conda.anaconda.org/conda-forge/noarch/python-fastjsonschema-2.15.3-pyhd8ed1ab_0.tar.bz2#fae309d1cc996da1f63de9d321e65e27
https://conda.anaconda.org/conda-forge/osx-64/python_abi-3.10-2_cp310.tar.bz2#502ca4a8b43b424316f380d864832877
https://conda.anaconda.org/conda-forge/noarch/pytz-2021.3-pyhd8ed1ab_0.tar.bz2#7e4f811bff46a5a6a7e0094921389395
https://conda.anaconda.org/conda-forge/noarch/rfc3986-2.0.0-pyhd8ed1ab_0.tar.bz2#d337886e38f965bf97aaec382ff6db00
https://conda.anaconda.org/conda-forge/noarch/robotframework-4.1.3-pyhd8ed1ab_0.tar.bz2#e20ca74470432b2c47306d796c997992
https://conda.anaconda.org/conda-forge/noarch/send2trash-1.8.0-pyhd8ed1ab_0.tar.bz2#edab14119efe85c3bf131ad747e9005c
https://conda.anaconda.org/conda-forge/noarch/shellingham-1.4.0-pyh44b312d_0.tar.bz2#437655338696f9d0dfdb0a024e66b255
https://conda.anaconda.org/conda-forge/noarch/six-1.16.0-pyh6c4a22f_0.tar.bz2#e5f25f8dbc060e9a8d912e432202afc2
https://conda.anaconda.org/conda-forge/noarch/smmap-3.0.5-pyh44b312d_0.tar.bz2#3a8dc70789709aa315325d5df06fb7e4
https://conda.anaconda.org/conda-forge/noarch/snowballstemmer-2.2.0-pyhd8ed1ab_0.tar.bz2#4d22a9315e78c6827f806065957d566e
https://conda.anaconda.org/conda-forge/noarch/sortedcontainers-2.4.0-pyhd8ed1ab_0.tar.bz2#6d6552722448103793743dabfbda532d
https://conda.anaconda.org/conda-forge/noarch/soupsieve-2.3.1-pyhd8ed1ab_0.tar.bz2#d821b295c4bd18ad27e1e19543a5784a
https://conda.anaconda.org/conda-forge/noarch/sphinxcontrib-applehelp-1.0.2-py_0.tar.bz2#20b2eaeaeea4ef9a9a0d99770620fd09
https://conda.anaconda.org/conda-forge/noarch/sphinxcontrib-devhelp-1.0.2-py_0.tar.bz2#68e01cac9d38d0e717cd5c87bc3d2cc9
https://conda.anaconda.org/conda-forge/noarch/sphinxcontrib-htmlhelp-2.0.0-pyhd8ed1ab_0.tar.bz2#77dad82eb9c8c1525ff7953e0756d708
https://conda.anaconda.org/conda-forge/noarch/sphinxcontrib-jsmath-1.0.1-py_0.tar.bz2#67cd9d9c0382d37479b4d306c369a2d4
https://conda.anaconda.org/conda-forge/noarch/sphinxcontrib-qthelp-1.0.3-py_0.tar.bz2#d01180388e6d1838c3e1ad029590aa7a
https://conda.anaconda.org/conda-forge/noarch/testpath-0.5.0-pyhd8ed1ab_0.tar.bz2#53b57d6a468bebc7cef1253b177a5e9e
https://conda.anaconda.org/conda-forge/noarch/toml-0.10.2-pyhd8ed1ab_0.tar.bz2#f832c45a477c78bebd107098db465095
https://conda.anaconda.org/conda-forge/noarch/tomli-2.0.0-pyhd8ed1ab_1.tar.bz2#9b49de2db8b4a4a48c424629694fbd37
https://conda.anaconda.org/conda-forge/noarch/traitlets-5.1.1-pyhd8ed1ab_0.tar.bz2#a1bc9765ef9499760e88f568b3a6622c
https://conda.anaconda.org/conda-forge/noarch/typing_extensions-4.0.1-pyha770c72_0.tar.bz2#1fc03816925d3cb7fdab9ab234e7fea7
https://conda.anaconda.org/conda-forge/noarch/webencodings-0.5.1-py_1.tar.bz2#3563be4c5611a44210d9ba0c16113136
https://conda.anaconda.org/conda-forge/noarch/websocket-client-1.2.3-pyhd8ed1ab_0.tar.bz2#a9e89668df0da0f33c8c4ddf7c118f6d
https://conda.anaconda.org/conda-forge/noarch/wheel-0.37.1-pyhd8ed1ab_0.tar.bz2#1ca02aaf78d9c70d9a81a3bed5752022
https://conda.anaconda.org/conda-forge/noarch/whichcraft-0.6.1-py_0.tar.bz2#08069b1a0dd029c8d5a8a935a7c71917
https://conda.anaconda.org/conda-forge/noarch/zipp-3.7.0-pyhd8ed1ab_0.tar.bz2#947f7f41958eabc0f6e886557512bb76
https://conda.anaconda.org/conda-forge/osx-64/appnope-0.1.2-py310h2ec42d9_2.tar.bz2#14cf40a35107050c0ed7568f4b385af5
https://conda.anaconda.org/conda-forge/noarch/asttokens-2.0.5-pyhd8ed1ab_0.tar.bz2#74badce16f060701fee55c39332f5253
https://conda.anaconda.org/conda-forge/noarch/babel-2.9.1-pyh44b312d_0.tar.bz2#74136ed39bfea0832d338df1e58d013e
https://conda.anaconda.org/conda-forge/noarch/beautifulsoup4-4.10.0-pyha770c72_0.tar.bz2#c29e0b4a2ff546cedbe6dc2921948a1d
https://conda.anaconda.org/conda-forge/osx-64/cairo-1.16.0-he01c77b_1009.tar.bz2#411a2d76183a0ec4dbbdae034ac5bde4
https://conda.anaconda.org/conda-forge/osx-64/certifi-2021.10.8-py310h2ec42d9_1.tar.bz2#5e78bd701d1fb88bb110859ac7278774
https://conda.anaconda.org/conda-forge/osx-64/cffi-1.15.0-py310hcc37b68_0.tar.bz2#bca69dbd12cea5ae0dc298fc58a3c4ee
https://conda.anaconda.org/conda-forge/osx-64/chardet-4.0.0-py310h2ec42d9_2.tar.bz2#ff17f7e86810b4cb696871d1f1d7ade1
https://conda.anaconda.org/conda-forge/osx-64/click-8.0.3-py310h2ec42d9_1.tar.bz2#bb30d1eaa4b1ff47986a9eb4d0f9e9dc
https://conda.anaconda.org/conda-forge/osx-64/coverage-6.3-py310he24745e_0.tar.bz2#552c27641a184d1e2015b653071dbdbd
https://conda.anaconda.org/conda-forge/osx-64/debugpy-1.5.1-py310hba3363e_0.tar.bz2#18e8cc5397bf3c54bf0993bdb887ec63
https://conda.anaconda.org/conda-forge/osx-64/docutils-0.17.1-py310h2ec42d9_1.tar.bz2#ce36172d1cf899f087b32856cc3472b6
https://conda.anaconda.org/conda-forge/osx-64/future-0.18.2-py310h2ec42d9_4.tar.bz2#9f5ab8e21188c2afab598c9461cb1b2d
https://conda.anaconda.org/conda-forge/noarch/gitdb-4.0.9-pyhd8ed1ab_0.tar.bz2#40fc6b14a45dee3a3fd9f302d026108e
https://conda.anaconda.org/conda-forge/osx-64/greenlet-1.1.2-py310hba3363e_1.tar.bz2#94d2bff7b317373190067fbe52f2eeec
https://conda.anaconda.org/conda-forge/noarch/html5lib-1.1-pyh9f0ad1d_0.tar.bz2#b2355343d6315c892543200231d7154a
https://conda.anaconda.org/conda-forge/osx-64/importlib-metadata-4.10.1-py310h2ec42d9_0.tar.bz2#6716aa68bd89c37337b795bebf964ba1
https://conda.anaconda.org/conda-forge/noarch/importlib_resources-5.4.0-pyhd8ed1ab_0.tar.bz2#9fb134dbabe7851a9d71411064b2c30d
https://conda.anaconda.org/conda-forge/osx-64/jedi-0.18.1-py310h2ec42d9_0.tar.bz2#df5789cab8dfda581e057d2e19daadf0
https://conda.anaconda.org/conda-forge/osx-64/jupyter_core-4.9.1-py310h2ec42d9_1.tar.bz2#8dc21c9684041219d8763b4541256bba
https://conda.anaconda.org/conda-forge/osx-64/lazy-object-proxy-1.7.1-py310he24745e_0.tar.bz2#512d98cc2a02fddf0381a386a0c5f3f7
https://conda.anaconda.org/conda-forge/osx-64/libgd-2.3.3-hb8742e1_1.tar.bz2#aa4407f195247766dde1d97242735350
https://conda.anaconda.org/conda-forge/osx-64/macfsevents-0.8.1-py310he24745e_1002.tar.bz2#1a48dfd89389570094273da04c182c73
https://conda.anaconda.org/conda-forge/noarch/markdown-it-py-1.1.0-pyhd8ed1ab_0.tar.bz2#84e8dfb1a9e6a824f32fd45b867271ca
https://conda.anaconda.org/conda-forge/osx-64/markupsafe-2.0.1-py310he24745e_1.tar.bz2#9ee2b4f56f8db5f65551bf5fe674861e
https://conda.anaconda.org/conda-forge/noarch/matplotlib-inline-0.1.3-pyhd8ed1ab_0.tar.bz2#be3bfd435802d2c768c6b2439f325f3d
https://conda.anaconda.org/conda-forge/osx-64/mistune-0.8.4-py310he24745e_1005.tar.bz2#342080b555733ea60338696faa34c43d
https://conda.anaconda.org/conda-forge/osx-64/mypy_extensions-0.4.3-py310h2ec42d9_4.tar.bz2#2421580d4df41240b419c2ebc1948280
https://conda.anaconda.org/conda-forge/noarch/outcome-1.1.0-pyhd8ed1ab_0.tar.bz2#a6baaddfb9fb5aa6b53534b634cb69c9
https://conda.anaconda.org/conda-forge/noarch/packaging-21.3-pyhd8ed1ab_0.tar.bz2#71f1ab2de48613876becddd496371c85
https://conda.anaconda.org/conda-forge/noarch/pexpect-4.8.0-pyh9f0ad1d_2.tar.bz2#5909e7b978141dd80d28dbf9de627827
https://conda.anaconda.org/conda-forge/osx-64/pluggy-1.0.0-py310h2ec42d9_2.tar.bz2#b6cb769da4daa5592342da492c7df9f5
https://conda.anaconda.org/conda-forge/osx-64/psutil-5.9.0-py310he24745e_0.tar.bz2#89828f04d020c86b17fd7086c4420b3a
https://conda.anaconda.org/conda-forge/osx-64/pyrsistent-0.18.1-py310he24745e_0.tar.bz2#59fa85369ee0846b43f3595f1ad7e71e
https://conda.anaconda.org/conda-forge/osx-64/pysocks-1.7.1-py310h2ec42d9_4.tar.bz2#9892cbd606e255650871f9c21f90aa20
https://conda.anaconda.org/conda-forge/noarch/python-dateutil-2.8.2-pyhd8ed1ab_0.tar.bz2#dd999d1cc9f79e67dbb855c8924c7984
https://conda.anaconda.org/conda-forge/osx-64/pyyaml-6.0-py310he24745e_3.tar.bz2#69c8931611aa6ce88602b3ed951ce545
https://conda.anaconda.org/conda-forge/osx-64/pyzmq-22.3.0-py310hcce64c8_1.tar.bz2#90634b79a48a8a24118a69ba700f2226
https://conda.anaconda.org/conda-forge/noarch/robotframework-pythonlibcore-3.0.0-pyhd8ed1ab_0.tar.bz2#5651c801936eed0acac65983bf87f9e4
https://conda.anaconda.org/conda-forge/noarch/robotframework-robocop-1.12.0-pyhd8ed1ab_0.tar.bz2#37e6dad59a24e6d7ff64a533c4135f57
https://conda.anaconda.org/conda-forge/noarch/robotframework-stacktrace-0.4.1-pyhd8ed1ab_0.tar.bz2#3dc788e294fd159537c931dbb964511e
https://conda.anaconda.org/conda-forge/osx-64/ruamel_yaml-0.15.80-py310he24745e_1006.tar.bz2#7439d52b1b9bc0acb5fc55e106c6d493
https://conda.anaconda.org/conda-forge/osx-64/setuptools-60.6.0-py310h2ec42d9_0.tar.bz2#829611268adbc97d599b7643943c84b4
https://conda.anaconda.org/conda-forge/osx-64/sniffio-1.2.0-py310h2ec42d9_2.tar.bz2#70569e407517e5fba570c616c5775f8a
https://conda.anaconda.org/conda-forge/osx-64/tornado-6.1-py310he24745e_2.tar.bz2#1bf11e9f405f0ff60ade3cccd4dc983f
https://conda.anaconda.org/conda-forge/noarch/tqdm-4.62.3-pyhd8ed1ab_0.tar.bz2#24ed42db084efd6e615babec03c2b460
https://conda.anaconda.org/conda-forge/osx-64/typed-ast-1.5.2-py310he24745e_0.tar.bz2#e949b707030bfa4e302e1129a59c05fe
https://conda.anaconda.org/conda-forge/osx-64/ujson-5.1.0-py310hba3363e_0.tar.bz2#3c5e792f70b56f68e3e8f11d5fb2397f
https://conda.anaconda.org/conda-forge/osx-64/wrapt-1.13.3-py310he24745e_1.tar.bz2#5dc1b2aa124a47e0c08f3ea125467844
https://conda.anaconda.org/conda-forge/osx-64/wsproto-1.0.0-py310h2ec42d9_2.tar.bz2#5b7ad16fec9b56e912542584c1dad55f
https://conda.anaconda.org/conda-forge/osx-64/anyio-3.5.0-py310h2ec42d9_0.tar.bz2#f667117abcc73822a6a0c39494e2ab76
https://conda.anaconda.org/conda-forge/osx-64/argon2-cffi-bindings-21.2.0-py310he24745e_1.tar.bz2#82577e5c5554c659d0c22fa915d14f91
https://conda.anaconda.org/conda-forge/noarch/arrow-1.2.2-pyhd8ed1ab_0.tar.bz2#4a5f877e92e4e470c5ffdb88494b3666
https://conda.anaconda.org/conda-forge/osx-64/astroid-2.9.3-py310h2ec42d9_0.tar.bz2#4ddf9a2ea8771e393a43973509cb0f28
https://conda.anaconda.org/conda-forge/noarch/backports.functools_lru_cache-1.6.4-pyhd8ed1ab_0.tar.bz2#c5b3edc62d6309088f4970b3eaaa65a6
https://conda.anaconda.org/conda-forge/noarch/binaryornot-0.4.4-py_1.tar.bz2#a556fa60840fcb9dd739d186bfd252f7
https://conda.anaconda.org/conda-forge/noarch/black-22.1.0-pyhd8ed1ab_0.tar.bz2#fbc4b306c6ba24c244ffb22a910424da
https://conda.anaconda.org/conda-forge/noarch/bleach-4.1.0-pyhd8ed1ab_0.tar.bz2#4a2104c7b22c222bd0fe03aaef12862c
https://conda.anaconda.org/conda-forge/osx-64/brotlipy-0.7.0-py310he24745e_1003.tar.bz2#fd46e059e9a7dcb8b5a517b49813e72b
https://conda.anaconda.org/conda-forge/noarch/click-log-0.3.2-pyh9f0ad1d_0.tar.bz2#3a64d156136fad977df1b81a24b57ac0
https://conda.anaconda.org/conda-forge/osx-64/cmarkgfm-0.7.0-py310he24745e_0.tar.bz2#c45a98baaf4834bfd09a4ce50e92fa66
https://conda.anaconda.org/conda-forge/osx-64/cryptography-36.0.1-py310ha82f1d4_0.tar.bz2#463fb2dda6729ce5be2b8113a4f47a92
https://conda.anaconda.org/conda-forge/osx-64/doit-0.34.1-py310h2ec42d9_0.tar.bz2#214f4c763c0c2cff00c36c34847216f0
https://conda.anaconda.org/conda-forge/noarch/flake8-3.9.2-pyhd8ed1ab_0.tar.bz2#37d685abea0a25c921431edda02ad143
https://conda.anaconda.org/conda-forge/noarch/gitpython-3.1.26-pyhd8ed1ab_0.tar.bz2#c7b9653079867a135c4fa9da3d8ea029
https://conda.anaconda.org/conda-forge/osx-64/harfbuzz-3.2.0-h447b35c_0.tar.bz2#af22cc361ce943ae0970d4ccf503de3f
https://conda.anaconda.org/conda-forge/noarch/importlib_metadata-4.10.1-hd8ed1ab_0.tar.bz2#8b697395da07034264bd83481ea7b3b8
https://conda.anaconda.org/conda-forge/noarch/isort-5.10.1-pyhd8ed1ab_0.tar.bz2#83df9ffefe1cc01d9e60405bf871bfdb
https://conda.anaconda.org/conda-forge/noarch/jinja2-3.0.3-pyhd8ed1ab_0.tar.bz2#036d872c653780cb26e797e2e2f61b4c
https://conda.anaconda.org/conda-forge/noarch/jsonschema-4.4.0-pyhd8ed1ab_0.tar.bz2#17ec41acce882e5db4efdcc4c01ca7e0
https://conda.anaconda.org/conda-forge/noarch/jupyter_client-7.1.2-pyhd8ed1ab_0.tar.bz2#9a332b6f8f05629435ce59032df8cfa9
https://conda.anaconda.org/conda-forge/noarch/livereload-2.6.3-pyh9f0ad1d_0.tar.bz2#b7190e3ec3eff52839434bf4698e2d62
https://conda.anaconda.org/conda-forge/noarch/mdit-py-plugins-0.2.8-pyhd8ed1ab_0.tar.bz2#49236fcd746a124eb56d326f79e1d46d
https://conda.anaconda.org/conda-forge/osx-64/mypy-0.931-py310he24745e_2.tar.bz2#8a40714f6f68c760ba302a55c80a4a81
https://conda.anaconda.org/conda-forge/noarch/pip-22.0.2-pyhd8ed1ab_0.tar.bz2#8d1c307e14d67711bcc284128cd31b49
https://conda.anaconda.org/conda-forge/noarch/pygments-2.11.2-pyhd8ed1ab_0.tar.bz2#caef60540e2239e27bf62569a5015e3b
https://conda.anaconda.org/conda-forge/osx-64/pytest-6.2.5-py310h2ec42d9_2.tar.bz2#bea18ab864d7aa15be892c76c083e203
https://conda.anaconda.org/conda-forge/noarch/robotframework-pabot-2.1.0-pyhd8ed1ab_0.tar.bz2#59415cc0e2fbfe8f23ae2e6f575f1a9f
https://conda.anaconda.org/conda-forge/noarch/robotframework-tidy-1.6.2-pyhd8ed1ab_0.tar.bz2#ade65e65537bac5dcc9cfb16e460550f
https://conda.anaconda.org/conda-forge/osx-64/sqlalchemy-1.4.31-py310he24745e_0.tar.bz2#cdb09573607e433525e520e436476844
https://conda.anaconda.org/conda-forge/noarch/stack_data-0.1.4-pyhd8ed1ab_0.tar.bz2#e68dcab1b415c3c44be2a51d7d41e921
https://conda.anaconda.org/conda-forge/osx-64/terminado-0.13.1-py310h2ec42d9_0.tar.bz2#c86973189f126083968418f4fa957e7d
https://conda.anaconda.org/conda-forge/osx-64/trio-0.19.0-py310h2ec42d9_1.tar.bz2#3c40fdb5e9b24dd353a37055c3001c83
https://conda.anaconda.org/conda-forge/noarch/argon2-cffi-21.3.0-pyhd8ed1ab_0.tar.bz2#a0b402db58f73aaab8ee0ca1025a362e
https://conda.anaconda.org/conda-forge/osx-64/click-completion-0.5.2-py310h2ec42d9_3.tar.bz2#6f12a1df4567497a3f3c443c38e6a660
https://conda.anaconda.org/conda-forge/noarch/jinja2-time-0.2.0-py_2.tar.bz2#6e8d28fac1864c623fd4402168ca4d46
https://conda.anaconda.org/conda-forge/noarch/jupyterlab_pygments-0.1.2-pyh9f0ad1d_0.tar.bz2#2cbd910890bb328e8959246a1e16fac7
https://conda.anaconda.org/conda-forge/osx-64/keyring-23.4.0-py310h2ec42d9_2.tar.bz2#88602383ef7e025829d2a341e8de5bfb
https://conda.anaconda.org/conda-forge/noarch/nbformat-5.1.3-pyhd8ed1ab_0.tar.bz2#bafa5df6d4f8db69a4d197b4657127e7
https://conda.anaconda.org/conda-forge/osx-64/pango-1.50.3-h7f27720_0.tar.bz2#f0adae63dbd866eab232354df56b5695
https://conda.anaconda.org/conda-forge/noarch/pylint-2.12.2-pyhd8ed1ab_0.tar.bz2#58ded2991eb343d1c279ac8abab51797
https://conda.anaconda.org/conda-forge/noarch/pyopenssl-22.0.0-pyhd8ed1ab_0.tar.bz2#1d7e241dfaf5475e893d4b824bb71b44
https://conda.anaconda.org/conda-forge/noarch/pytest-asyncio-0.17.2-pyhd8ed1ab_0.tar.bz2#2680b47a5ec6d98f3a82eb27383b55a1
https://conda.anaconda.org/conda-forge/noarch/pytest-cov-3.0.0-pyhd8ed1ab_0.tar.bz2#0f7cac11bb696b62d378bde725bfc3eb
https://conda.anaconda.org/conda-forge/noarch/pytest-metadata-1.11.0-pyhd3deb0d_0.tar.bz2#2e92f7ccb8d9a03966fc36e3861522ec
https://conda.anaconda.org/conda-forge/noarch/readme_renderer-27.0-pyh9f0ad1d_0.tar.bz2#38446dff7f69efd3fab98ab4dc68c0c8
https://conda.anaconda.org/conda-forge/noarch/trio-websocket-0.9.2-pyhd8ed1ab_0.tar.bz2#7acf3fc982eef23b24aed10e80d5dc99
https://conda.anaconda.org/conda-forge/noarch/wcwidth-0.2.5-pyh9f0ad1d_2.tar.bz2#5266fcd697043c59621fda522b3d78ee
https://conda.anaconda.org/conda-forge/osx-64/gtk2-2.24.33-h7c1209e_2.tar.bz2#307614630946527e302b7dd042a5cfa2
https://conda.anaconda.org/conda-forge/osx-64/librsvg-2.52.5-h5e5d7d9_2.tar.bz2#1d316450e14ceca28d7a57d0d2b5a9e5
https://conda.anaconda.org/conda-forge/noarch/nbclient-0.5.10-pyhd8ed1ab_1.tar.bz2#000cfe33d6fa746c5a9d1b29a79342a3
https://conda.anaconda.org/conda-forge/noarch/prompt-toolkit-3.0.26-pyha770c72_0.tar.bz2#b728996054227a841b3b5c51db131957
https://conda.anaconda.org/conda-forge/noarch/pytest-html-3.1.1-pyhd8ed1ab_0.tar.bz2#88b638753087926088c778ea5b2f4b97
https://conda.anaconda.org/conda-forge/noarch/urllib3-1.26.8-pyhd8ed1ab_1.tar.bz2#53f1387c68c21cecb386e2cde51b3f7c
https://conda.anaconda.org/conda-forge/osx-64/graphviz-2.50.0-h2b5222e_2.tar.bz2#47700926374c6bcf1428e1b7bd940b76
https://conda.anaconda.org/conda-forge/osx-64/ipython-8.0.1-py310h2ec42d9_0.tar.bz2#d4c095d04d2d593f300832d127824aff
https://conda.anaconda.org/conda-forge/osx-64/nbconvert-6.4.1-py310h2ec42d9_0.tar.bz2#5b6148a0de67b3d29cc2a850c56d15dd
https://conda.anaconda.org/conda-forge/noarch/requests-2.27.1-pyhd8ed1ab_0.tar.bz2#7c1c427246b057b8fa97200ecdb2ed62
https://conda.anaconda.org/conda-forge/noarch/selenium-4.1.0-pyhd8ed1ab_0.tar.bz2#54d6ec87313ba485cc787b81bf4142c0
https://conda.anaconda.org/conda-forge/noarch/cookiecutter-1.7.0-py_0.tar.bz2#7bb4b5aacb55d702aa98ef8d1cb6240d
https://conda.anaconda.org/conda-forge/osx-64/ipykernel-6.7.0-py310ha188af9_0.tar.bz2#69f32a76c9b6a2a47f0f76f1931daed0
https://conda.anaconda.org/conda-forge/noarch/jupyter_server-1.13.4-pyhd8ed1ab_0.tar.bz2#70c6e1f755731d858767cb3c08c56a95
https://conda.anaconda.org/conda-forge/noarch/pytest-check-links-0.5.2-pyhd8ed1ab_0.tar.bz2#7e76da87b8eb42389240f179d29361a5
https://conda.anaconda.org/conda-forge/noarch/python-graphviz-0.19.1-pyhaef67bd_0.tar.bz2#d690aca7854375a02ec4d5221c2bc58e
https://conda.anaconda.org/conda-forge/noarch/requests-toolbelt-0.9.1-py_0.tar.bz2#402668adee8fcba9a9c265cdc2a88f5a
https://conda.anaconda.org/conda-forge/noarch/robotframework-seleniumlibrary-6.0.0-pyhd8ed1ab_0.tar.bz2#2acaef9c04081dc3644501ac575953bf
https://conda.anaconda.org/conda-forge/noarch/jupyter-server-mathjax-0.2.3-pyhd8ed1ab_0.tar.bz2#2d0951b616bb3a172032ade395706f45
https://conda.anaconda.org/conda-forge/noarch/jupyterlab_server-2.10.3-pyhd8ed1ab_0.tar.bz2#65d62a616bed5237b85b9e2a88378ec0
https://conda.anaconda.org/conda-forge/noarch/notebook-6.4.8-pyha770c72_0.tar.bz2#87d880386179ed952a9d656faf2ff860
https://conda.anaconda.org/conda-forge/noarch/twine-3.7.1-pyhd8ed1ab_0.tar.bz2#aec1e71c05ff480885be907e9f5e3d1f
https://conda.anaconda.org/conda-forge/noarch/nbclassic-0.3.5-pyhd8ed1ab_0.tar.bz2#e9e2281b7dc08d876fc789af0f571ade
https://conda.anaconda.org/conda-forge/noarch/nbdime-3.1.1-pyhd8ed1ab_0.tar.bz2#38dc061ffabe665b79f4c7c52cefa809
https://conda.anaconda.org/conda-forge/osx-64/widgetsnbextension-3.5.2-py310h2ec42d9_1.tar.bz2#507545bee02816252db08e73f6facf37
https://conda.anaconda.org/conda-forge/noarch/ipywidgets-7.6.5-pyhd8ed1ab_0.tar.bz2#6f2ee1ec157104df141e2e5afeba98d4
https://conda.anaconda.org/conda-forge/noarch/jupyter-cache-0.4.3-pyhd8ed1ab_0.tar.bz2#03cd9218c96d513854bfc8714eaf9451
https://conda.anaconda.org/conda-forge/noarch/jupyterlab-3.2.8-pyhd8ed1ab_0.tar.bz2#e2cc0671571f14af58f832c912dee025
https://conda.anaconda.org/conda-forge/noarch/jupyter-sphinx-0.3.2-pyhd8ed1ab_1.tar.bz2#a47ca0f91417e5d29d075ca416254466
https://conda.anaconda.org/conda-forge/noarch/myst-parser-0.15.2-pyhd8ed1ab_0.tar.bz2#0c2976e0a1af80ce224388da557eeece
https://conda.anaconda.org/conda-forge/noarch/pydata-sphinx-theme-0.8.0-pyhd8ed1ab_0.tar.bz2#f039c20ce604243f3f5f0479b05225a7
https://conda.anaconda.org/conda-forge/noarch/sphinx-4.4.0-pyh6c4a22f_1.tar.bz2#a9025d14c2a609e0d895ad3e75b5369c
https://conda.anaconda.org/conda-forge/noarch/sphinx-autobuild-2021.3.14-pyhd8ed1ab_0.tar.bz2#1909f784dc37b4ab97afe2c95aeeabaa
https://conda.anaconda.org/conda-forge/noarch/sphinx-autodoc-typehints-1.12.0-pyhd8ed1ab_0.tar.bz2#2c5fe910a7f04e1fcd2cab84628e4a32
https://conda.anaconda.org/conda-forge/noarch/sphinx-copybutton-0.4.0-pyhd8ed1ab_0.tar.bz2#80fd2cc25ad45911b4e42d5b91593e2f
https://conda.anaconda.org/conda-forge/noarch/sphinx-togglebutton-0.2.3-pyhd3deb0d_0.tar.bz2#3eb34ca58b3cb8df3c92371e79af9e12
https://conda.anaconda.org/conda-forge/noarch/sphinxcontrib-serializinghtml-1.1.5-pyhd8ed1ab_1.tar.bz2#63d2f874f990fdcab47c822b608d6ade
https://conda.anaconda.org/conda-forge/noarch/myst-nb-0.13.1-pyhd8ed1ab_0.tar.bz2#3588991b5d785f9395b94970bbbd67ae
