# platform: osx-64
# env_hash: 0b43bda9aaa7427fcdd3365ffd5841f2a242e7fc5f69d1c3db8962284b9feceb
@EXPLICIT
https://conda.anaconda.org/conda-forge/osx-64/ca-certificates-2020.12.5-h033912b_0.tar.bz2#4483d8ea13bd57b52e3539e741501a7d
https://conda.anaconda.org/conda-forge/noarch/font-ttf-dejavu-sans-mono-2.37-hab24e00_0.tar.bz2#0c96522c6bdaed4b1566d11387caaf45
https://conda.anaconda.org/conda-forge/noarch/font-ttf-inconsolata-2.001-hab24e00_0.tar.bz2#1fcc67d5eed875734d8b3eec00b29ce4
https://conda.anaconda.org/conda-forge/noarch/font-ttf-source-code-pro-2.030-hab24e00_0.tar.bz2#dfc1ee25079fd9314698d73ef38b557f
https://conda.anaconda.org/conda-forge/noarch/font-ttf-ubuntu-0.83-hab24e00_0.tar.bz2#19410c3df09dfb12d1206132a1d357c5
https://conda.anaconda.org/conda-forge/osx-64/fribidi-1.0.10-hbcb3906_0.tar.bz2#f1c6b41e0f56998ecd9a3e210faa1dc0
https://conda.anaconda.org/conda-forge/osx-64/giflib-5.2.1-hbcb3906_2.tar.bz2#be8f747c37e4d7e346c133e641966750
https://conda.anaconda.org/conda-forge/osx-64/jpeg-9d-hbcb3906_0.tar.bz2#ff6fba028f282f94ceb10597d58a56e8
https://conda.anaconda.org/conda-forge/osx-64/libcxx-11.1.0-habf9029_0.tar.bz2#a88609e545f948a404419c65cd96fa1a
https://conda.anaconda.org/conda-forge/osx-64/libiconv-1.16-haf1e3a3_0.tar.bz2#c5fab167412a52e491c8e11453ae016f
https://conda.anaconda.org/conda-forge/osx-64/libsodium-1.0.18-hbcb3906_1.tar.bz2#24632c09ed931af617fe6d5292919cab
https://conda.anaconda.org/conda-forge/osx-64/libtool-2.4.6-h2e338ed_1007.tar.bz2#014bb0a1b0fe744bbfaa95db0569eebe
https://conda.anaconda.org/conda-forge/osx-64/libuv-1.41.0-hbcf498f_0.tar.bz2#42903eadc4979eae8e9d2c6a1dc2e5e5
https://conda.anaconda.org/conda-forge/osx-64/libwebp-base-1.2.0-h0d85af4_2.tar.bz2#a5d807d5f16967981d45d6f33621f580
https://conda.anaconda.org/conda-forge/osx-64/ncurses-6.2-h2e338ed_4.tar.bz2#9cef1910395d1543527583e73dba30f1
https://conda.anaconda.org/conda-forge/osx-64/pandoc-2.12-h0d85af4_0.tar.bz2#5a9859dd7cc0ed1285b04492d2eb7bb7
https://conda.anaconda.org/conda-forge/osx-64/pixman-0.40.0-hbcb3906_0.tar.bz2#09a583a6f172715be21d93aaa1b42d71
https://conda.anaconda.org/conda-forge/noarch/tzdata-2021a-he74cb21_0.tar.bz2#6f36861f102249fc54861ff9343c3fdd
https://conda.anaconda.org/conda-forge/osx-64/xz-5.2.5-haf1e3a3_1.tar.bz2#41116deb499e9bc58048c297d6403ce6
https://conda.anaconda.org/conda-forge/osx-64/yaml-0.2.5-haf1e3a3_0.tar.bz2#84c2fc186995c25a43e86ed708065572
https://conda.anaconda.org/conda-forge/osx-64/zlib-1.2.11-h7795811_1010.tar.bz2#7d39e47e16ed0107f37c7224d5b5be8b
https://conda.anaconda.org/conda-forge/osx-64/expat-2.2.10-h1c7c35f_0.tar.bz2#5963a2ace3da084372d292a9bc44a220
https://conda.anaconda.org/conda-forge/osx-64/firefox-78.8.0esr-h1c7c35f_0.tar.bz2#507f8192c25c922d29e1e4037d810001
https://conda.anaconda.org/conda-forge/noarch/fonts-conda-forge-1-0.tar.bz2#f766549260d6815b0c52253f1fb1bb29
https://conda.anaconda.org/conda-forge/osx-64/geckodriver-0.29.0-h970cd5f_0.tar.bz2#fb092683e483d049b20ec57b5fdc5fac
https://conda.anaconda.org/conda-forge/osx-64/graphite2-1.3.13-h12caacf_1001.tar.bz2#e5b2811c2c5791073a97f899ce1fc698
https://conda.anaconda.org/conda-forge/osx-64/icu-68.1-h74dc148_0.tar.bz2#e4e7f8580abd1275ea2250fe606b66ac
https://conda.anaconda.org/conda-forge/osx-64/libffi-3.3-h046ec9c_2.tar.bz2#c7a196accaf92d40985d5c9b4d14f9cb
https://conda.anaconda.org/conda-forge/osx-64/libpng-1.6.37-hb0a8c7a_2.tar.bz2#152469e831f8558f76c63e841b934f87
https://conda.anaconda.org/conda-forge/osx-64/lz4-c-1.9.3-h046ec9c_0.tar.bz2#7f13d69c1b7989b85029efb6f3e35af9
https://conda.anaconda.org/conda-forge/osx-64/openssl-1.1.1j-hbcf498f_0.tar.bz2#09a02162d159d2f7ebe8749ae6960667
https://conda.anaconda.org/conda-forge/osx-64/pcre-8.44-hb1e8313_0.tar.bz2#e1c1a939ae5ecd32f13db1f742b434e5
https://conda.anaconda.org/conda-forge/osx-64/readline-8.0-h0678c8f_2.tar.bz2#8f69d684fce8e73328995d7efb77816a
https://conda.anaconda.org/conda-forge/osx-64/tk-8.6.10-hb0a8c7a_1.tar.bz2#f7477bf81dcfc7b4dddc7b3790a99a0c
https://conda.anaconda.org/conda-forge/osx-64/zeromq-4.3.4-h1c7c35f_0.tar.bz2#2af55e3523e9210b2b2dff5855fb5382
https://conda.anaconda.org/conda-forge/noarch/fonts-conda-ecosystem-1-0.tar.bz2#fee5683a3f04bd15cbd8318b096a27ab
https://conda.anaconda.org/conda-forge/osx-64/freetype-2.10.4-h4cff582_1.tar.bz2#5a136a432c6062362cd7990c514bd8d6
https://conda.anaconda.org/conda-forge/osx-64/gettext-0.19.8.1-h7937167_1005.tar.bz2#52fd84c5cc5d61a6e05885f44d033efa
https://conda.anaconda.org/conda-forge/osx-64/libxml2-2.9.10-h802ca4f_3.tar.bz2#42435730cf54092342e0c3eb571b511b
https://conda.anaconda.org/conda-forge/osx-64/nodejs-14.15.4-hb529b34_1.tar.bz2#39d4161d40ccc3f1bdc30b24b541b6fe
https://conda.anaconda.org/conda-forge/osx-64/sqlite-3.34.0-h17101e1_0.tar.bz2#9e9694f119bb1a2362a0cc0249651835
https://conda.anaconda.org/conda-forge/osx-64/zstd-1.4.9-h582d3a0_0.tar.bz2#551e04087371339ee63524f2988faa62
https://conda.anaconda.org/conda-forge/osx-64/fontconfig-2.13.1-hd23ceaa_1004.tar.bz2#f7a97ed909ce3b2653e8ec5752a6923c
https://conda.anaconda.org/conda-forge/osx-64/libglib-2.66.7-hd556434_1.tar.bz2#2eca4d0cfaadc22b61dc2034cfcc93ee
https://conda.anaconda.org/conda-forge/osx-64/libtiff-4.2.0-h355d032_0.tar.bz2#ad3cbf0f77b9f89df082eef584d9009a
https://conda.anaconda.org/conda-forge/osx-64/python-3.9.2-h2502468_0_cpython.tar.bz2#57dbdb212b9437aed31875d015885bee
https://conda.anaconda.org/conda-forge/noarch/alabaster-0.7.12-py_0.tar.bz2#2489a97287f90176ecdc3ca982b4b0a0
https://conda.anaconda.org/conda-forge/noarch/appdirs-1.4.4-pyh9f0ad1d_0.tar.bz2#5f095bc6454094e96f146491fd03633b
https://conda.anaconda.org/conda-forge/noarch/async_generator-1.10-py_0.tar.bz2#d56c596e61b1c4952acf0a9920856c12
https://conda.anaconda.org/conda-forge/osx-64/atk-1.0-2.36.0-he69c4ee_4.tar.bz2#7b97814b391b446512be7df30c90ad26
https://conda.anaconda.org/conda-forge/noarch/attrs-20.3.0-pyhd3deb0d_0.tar.bz2#5b319abb055eefcfa344bc21378ca23f
https://conda.anaconda.org/conda-forge/noarch/backcall-0.2.0-pyh9f0ad1d_0.tar.bz2#6006a6d08a3fa99268a2681c7fb55213
https://conda.anaconda.org/conda-forge/noarch/backports-1.0-py_2.tar.bz2#0da16b293affa6ac31812376f8eb79dd
https://conda.anaconda.org/conda-forge/osx-64/cairo-1.16.0-h4ec454a_1007.tar.bz2#2fe74116958e7759cbe498334a0c19c5
https://conda.anaconda.org/conda-forge/noarch/click-7.1.2-pyh9f0ad1d_0.tar.bz2#bd50a970ce07e660c319fdc4d730d3f1
https://conda.anaconda.org/conda-forge/noarch/cloudpickle-1.6.0-py_0.tar.bz2#76d764d8881719e305f6fa368dc2b65e
https://conda.anaconda.org/conda-forge/noarch/colorama-0.4.4-pyh9f0ad1d_0.tar.bz2#c08b4c1326b880ed44f3ffb04803332f
https://conda.anaconda.org/conda-forge/noarch/dataclasses-0.8-pyhc8e2a94_1.tar.bz2#28e0de0ecba81334619a777fdc00febc
https://conda.anaconda.org/conda-forge/noarch/decorator-4.4.2-py_0.tar.bz2#d2eabb9cabd212e1ec6a9463bd846243
https://conda.anaconda.org/conda-forge/noarch/defusedxml-0.7.1-pyhd8ed1ab_0.tar.bz2#961b3a227b437d82ad7054484cfa71b2
https://conda.anaconda.org/conda-forge/osx-64/gdk-pixbuf-2.42.2-h976c81d_2.tar.bz2#c7d29fd30c00c12902c6b33f1c3e65e9
https://conda.anaconda.org/conda-forge/osx-64/gts-0.7.6-hccb3bdf_2.tar.bz2#ad799f4bcdacc510347c2d9d19b40bc3
https://conda.anaconda.org/conda-forge/noarch/idna-2.10-pyh9f0ad1d_0.tar.bz2#f95a12b4f435aae6680fe55ae2eb1b06
https://conda.anaconda.org/conda-forge/noarch/imagesize-1.2.0-py_0.tar.bz2#5879bd2c4b399a5072468e5fe587bf1b
https://conda.anaconda.org/conda-forge/noarch/iniconfig-1.1.1-pyh9f0ad1d_0.tar.bz2#39161f81cc5e5ca45b8226fbb06c6905
https://conda.anaconda.org/conda-forge/noarch/ipython_genutils-0.2.0-py_1.tar.bz2#5071c982548b3a20caf70462f04f5287
https://conda.anaconda.org/conda-forge/noarch/json5-0.9.5-pyh9f0ad1d_0.tar.bz2#10759827a94e6b14996e81fb002c0bda
https://conda.anaconda.org/conda-forge/osx-64/libwebp-1.2.0-h1648767_0.tar.bz2#83d55a406842f05cdfecc995c1e69018
https://conda.anaconda.org/conda-forge/noarch/mccabe-0.6.1-py_1.tar.bz2#a326cb400c1ccd91789f3e7d02124d61
https://conda.anaconda.org/conda-forge/noarch/more-itertools-8.7.0-pyhd8ed1ab_0.tar.bz2#3be1ba5a28d394d78f3d692fb9e5c1c2
https://conda.anaconda.org/conda-forge/noarch/nest-asyncio-1.4.3-pyhd8ed1ab_0.tar.bz2#a1f2fda4d88c624810bf2029aa4c0827
https://conda.anaconda.org/conda-forge/noarch/pandocfilters-1.4.2-py_1.tar.bz2#ba6f4a308f1ea22abe1d72e72544af76
https://conda.anaconda.org/conda-forge/noarch/parso-0.8.1-pyhd8ed1ab_0.tar.bz2#8b0a19d867a59005c1ae631d61a12194
https://conda.anaconda.org/conda-forge/noarch/pathspec-0.8.1-pyhd3deb0d_0.tar.bz2#fcd2fbb062b55d14a77e664c89ee17a6
https://conda.anaconda.org/conda-forge/noarch/pkginfo-1.7.0-pyhd8ed1ab_0.tar.bz2#3ea3fca4afad20d8ec2f5b611bffde53
https://conda.anaconda.org/conda-forge/noarch/poyo-0.5.0-py_0.tar.bz2#f7e49e76e34d946c607757ad68e6b3f2
https://conda.anaconda.org/conda-forge/noarch/prometheus_client-0.9.0-pyhd3deb0d_0.tar.bz2#c7af95daf5bae22ead34151e0ab9d041
https://conda.anaconda.org/conda-forge/noarch/ptyprocess-0.7.0-pyhd3deb0d_0.tar.bz2#359eeb6536da0e687af562ed265ec263
https://conda.anaconda.org/conda-forge/noarch/py-1.10.0-pyhd3deb0d_0.tar.bz2#88ca1328ecc79a070214aa24911bace8
https://conda.anaconda.org/conda-forge/noarch/pycodestyle-2.7.0-pyhd8ed1ab_0.tar.bz2#0234673eb2ecfbdf4e54574ab4d95f81
https://conda.anaconda.org/conda-forge/noarch/pycparser-2.20-pyh9f0ad1d_2.tar.bz2#aa798d50ffd182a0f6f31478c7f434f6
https://conda.anaconda.org/conda-forge/noarch/pyflakes-2.3.0-pyhd8ed1ab_0.tar.bz2#3cdd8be9b940652c709b09b8e3046083
https://conda.anaconda.org/conda-forge/noarch/pyparsing-2.4.7-pyh9f0ad1d_0.tar.bz2#626c4f20d5bf06dcec9cf2eaa31725c7
https://conda.anaconda.org/conda-forge/noarch/python-fastjsonschema-2.15.0-pyhd8ed1ab_0.tar.bz2#be1583c353a6ee769aeb104b4be9c723
https://conda.anaconda.org/conda-forge/osx-64/python_abi-3.9-1_cp39.tar.bz2#538aaaaa7300d8cefba993d78a390592
https://conda.anaconda.org/conda-forge/noarch/pytz-2021.1-pyhd8ed1ab_0.tar.bz2#3af2e9424d5eb0063824a3f9b850d411
https://conda.anaconda.org/conda-forge/noarch/rfc3986-1.4.0-pyh9f0ad1d_0.tar.bz2#4dd11e722e5a29afc55e5d7f15782130
https://conda.anaconda.org/conda-forge/noarch/robotframework-4.0-pyhd8ed1ab_0.tar.bz2#13985780c14873961b7be4e7391d184e
https://conda.anaconda.org/conda-forge/noarch/send2trash-1.5.0-py_0.tar.bz2#c3779037a635e1150f1c53c28b875949
https://conda.anaconda.org/conda-forge/noarch/six-1.15.0-pyh9f0ad1d_0.tar.bz2#1eec421f0f1f39e579e44e4a5ce646a2
https://conda.anaconda.org/conda-forge/noarch/snowballstemmer-2.1.0-pyhd8ed1ab_0.tar.bz2#f1d64c0cf0eedf655a96ccdc1573c05a
https://conda.anaconda.org/conda-forge/noarch/sphinxcontrib-applehelp-1.0.2-py_0.tar.bz2#20b2eaeaeea4ef9a9a0d99770620fd09
https://conda.anaconda.org/conda-forge/noarch/sphinxcontrib-devhelp-1.0.2-py_0.tar.bz2#68e01cac9d38d0e717cd5c87bc3d2cc9
https://conda.anaconda.org/conda-forge/noarch/sphinxcontrib-htmlhelp-1.0.3-py_0.tar.bz2#4508a40465ebf0105e52f7194f299411
https://conda.anaconda.org/conda-forge/noarch/sphinxcontrib-jsmath-1.0.1-py_0.tar.bz2#67cd9d9c0382d37479b4d306c369a2d4
https://conda.anaconda.org/conda-forge/noarch/sphinxcontrib-qthelp-1.0.3-py_0.tar.bz2#d01180388e6d1838c3e1ad029590aa7a
https://conda.anaconda.org/conda-forge/noarch/sphinxcontrib-serializinghtml-1.1.4-py_0.tar.bz2#8ea6a8036e28dba8827d35c764709358
https://conda.anaconda.org/conda-forge/noarch/testpath-0.4.4-py_0.tar.bz2#3b98fff4d5342bebde2ecaa314f796f9
https://conda.anaconda.org/conda-forge/noarch/text-unidecode-1.3-py_0.tar.bz2#afcf07cba949f797ac96c5e13e745cc7
https://conda.anaconda.org/conda-forge/noarch/toml-0.10.2-pyhd8ed1ab_0.tar.bz2#f832c45a477c78bebd107098db465095
https://conda.anaconda.org/conda-forge/noarch/tqdm-4.59.0-pyhd8ed1ab_0.tar.bz2#9ae6fb908a7f989e59a02fef85a5fd6f
https://conda.anaconda.org/conda-forge/noarch/typing_extensions-3.7.4.3-py_0.tar.bz2#12b96e382730541a4b332420227055ae
https://conda.anaconda.org/conda-forge/noarch/unidecode-1.2.0-pyhd8ed1ab_0.tar.bz2#99f2ebeeae7322c9235a3e16cd903deb
https://conda.anaconda.org/conda-forge/noarch/webencodings-0.5.1-py_1.tar.bz2#3563be4c5611a44210d9ba0c16113136
https://conda.anaconda.org/conda-forge/noarch/wheel-0.36.2-pyhd3deb0d_0.tar.bz2#768bfbe026426d0e76b377997d1f2b98
https://conda.anaconda.org/conda-forge/noarch/whichcraft-0.6.1-py_0.tar.bz2#08069b1a0dd029c8d5a8a935a7c71917
https://conda.anaconda.org/conda-forge/noarch/zipp-3.4.1-pyhd8ed1ab_0.tar.bz2#a4fa30eb74a326092b3d8078b1f1aae1
https://conda.anaconda.org/conda-forge/osx-64/appnope-0.1.2-py39h6e9494a_1.tar.bz2#d9b6464e55c4d9a7757c6294b8673400
https://conda.anaconda.org/conda-forge/noarch/babel-2.9.0-pyhd3deb0d_0.tar.bz2#1cb532c9a6fd4e56a9f0906b87c17b76
https://conda.anaconda.org/conda-forge/osx-64/certifi-2020.12.5-py39h6e9494a_1.tar.bz2#c678a84c6d59bcd97462b666e288b870
https://conda.anaconda.org/conda-forge/osx-64/cffi-1.14.5-py39h319c39b_0.tar.bz2#b0a3dd59564481b695c7d9caa536689d
https://conda.anaconda.org/conda-forge/osx-64/chardet-4.0.0-py39h6e9494a_1.tar.bz2#f514d534fca0f9876720954703250c88
https://conda.anaconda.org/conda-forge/osx-64/coverage-5.5-py39h89e85a6_0.tar.bz2#34ff5dca2238ecc4bfe53bf5e06cd543
https://conda.anaconda.org/conda-forge/osx-64/docutils-0.16-py39h6e9494a_3.tar.bz2#c251f3d6defc0e68aef889b41e43df60
https://conda.anaconda.org/conda-forge/osx-64/entrypoints-0.3-py39hde42818_1002.tar.bz2#fb8afe91904c7e3544dab6801b23436e
https://conda.anaconda.org/conda-forge/osx-64/future-0.18.2-py39h6e9494a_3.tar.bz2#0bc1ec233ddeef347977732ff40f4194
https://conda.anaconda.org/conda-forge/osx-64/harfbuzz-2.8.0-h159f659_0.tar.bz2#4fe800dbe2aa97d93bbe61e44715cac6
https://conda.anaconda.org/conda-forge/noarch/html5lib-1.1-pyh9f0ad1d_0.tar.bz2#b2355343d6315c892543200231d7154a
https://conda.anaconda.org/conda-forge/osx-64/importlib-metadata-3.7.3-py39h6e9494a_0.tar.bz2#4b6106bc0053cdc179919ee4e706ad7e
https://conda.anaconda.org/conda-forge/osx-64/jedi-0.18.0-py39h6e9494a_2.tar.bz2#e744e49642242ea6ab59b56d11df9466
https://conda.anaconda.org/conda-forge/osx-64/lazy-object-proxy-1.5.2-py39hcbf5805_1.tar.bz2#18ba2aa1c5b397dccf14fc5de33d1108
https://conda.anaconda.org/conda-forge/osx-64/libgd-2.3.0-h55673e3_1.tar.bz2#b07a6b3f52a7c12a0561f92643cbadda
https://conda.anaconda.org/conda-forge/osx-64/macfsevents-0.8.1-py39hb5aae12_1001.tar.bz2#d85619dcc5915ccbc631a19197a4cda7
https://conda.anaconda.org/conda-forge/osx-64/markupsafe-1.1.1-py39hcbf5805_3.tar.bz2#61c917431de9a4f98044c1e97b167995
https://conda.anaconda.org/conda-forge/osx-64/mistune-0.8.4-py39hcbf5805_1003.tar.bz2#ae2b02f1628d47de9dd7f0e921ba0857
https://conda.anaconda.org/conda-forge/osx-64/mypy_extensions-0.4.3-py39h6e9494a_3.tar.bz2#1161cfe7292bbab7f63f1271a2696753
https://conda.anaconda.org/conda-forge/noarch/packaging-20.9-pyh44b312d_0.tar.bz2#be69a38e912054a62dc82cc3c7711a64
https://conda.anaconda.org/conda-forge/noarch/pexpect-4.8.0-pyh9f0ad1d_2.tar.bz2#5909e7b978141dd80d28dbf9de627827
https://conda.anaconda.org/conda-forge/osx-64/pickleshare-0.7.5-py39hde42818_1002.tar.bz2#ea16ea8f9953518f231b76ca97acea9a
https://conda.anaconda.org/conda-forge/osx-64/pluggy-0.13.1-py39h6e9494a_4.tar.bz2#cd205b8907ea7d025d3c4ef61a3fdb84
https://conda.anaconda.org/conda-forge/osx-64/psutil-5.8.0-py39hcbf5805_1.tar.bz2#197db08383eafdb196a95dc51c0aefdd
https://conda.anaconda.org/conda-forge/osx-64/pyrsistent-0.17.3-py39hcbf5805_2.tar.bz2#29e423536721a334a225c86627575302
https://conda.anaconda.org/conda-forge/osx-64/pysocks-1.7.1-py39h6e9494a_3.tar.bz2#9badaee0fe9f61aa4794987f88e543fe
https://conda.anaconda.org/conda-forge/noarch/python-dateutil-2.8.1-py_0.tar.bz2#0d0150ed9c2d25817f5324108d3f7571
https://conda.anaconda.org/conda-forge/noarch/python-slugify-4.0.1-pyh9f0ad1d_0.tar.bz2#c97da61221ef1dce6a0cb5a1d36f0019
https://conda.anaconda.org/conda-forge/osx-64/pyzmq-22.0.3-py39h7fec2f1_1.tar.bz2#0483668c0babf2bb2d493833dc81823b
https://conda.anaconda.org/conda-forge/osx-64/regex-2020.11.13-py39hcbf5805_1.tar.bz2#d40a804b7e11a3042ae7b6c5834e742b
https://conda.anaconda.org/conda-forge/noarch/robotframework-lint-1.1-pyh9f0ad1d_0.tar.bz2#c3fa280c4a10c06e83f23193ef4ea5cc
https://conda.anaconda.org/conda-forge/noarch/robotframework-pythonlibcore-2.2.0-pyhd8ed1ab_0.tar.bz2#29a329f0b817038d27d7bdfb2ca04b5a
https://conda.anaconda.org/conda-forge/osx-64/ruamel_yaml-0.15.80-py39h4b0b724_1004.tar.bz2#86d87ea0766dc2d41f63f538ddb2dc94
https://conda.anaconda.org/conda-forge/osx-64/sniffio-1.2.0-py39h6e9494a_1.tar.bz2#87b5527d122577e0f35273a6c35acb3c
https://conda.anaconda.org/conda-forge/osx-64/tornado-6.1-py39hcbf5805_1.tar.bz2#0cf5e7624c99a7bdb806ed665eac145a
https://conda.anaconda.org/conda-forge/noarch/traitlets-5.0.5-py_0.tar.bz2#99618ee9ab1323e40f231acdab92fe60
https://conda.anaconda.org/conda-forge/osx-64/typed-ast-1.4.2-py39hcbf5805_0.tar.bz2#1989e66c1b1060ee43091aef2ec707cc
https://conda.anaconda.org/conda-forge/osx-64/ujson-4.0.2-py39h81cd7d3_0.tar.bz2#512d950f56f3cbe067dbf52b744db673
https://conda.anaconda.org/conda-forge/osx-64/wrapt-1.12.1-py39hcbf5805_3.tar.bz2#9ef9435054853c7ef497e644a173bd8f
https://conda.anaconda.org/conda-forge/osx-64/anyio-2.2.0-py39h6e9494a_0.tar.bz2#5ae8b00fcbdccb8082c6bd3953501608
https://conda.anaconda.org/conda-forge/osx-64/argon2-cffi-20.1.0-py39hcbf5805_2.tar.bz2#1106a80ffb76cbedbe50ea94f320ba3b
https://conda.anaconda.org/conda-forge/osx-64/arrow-1.0.3-py39h6e9494a_0.tar.bz2#7c2d5f52185513f51175b09ba439eee1
https://conda.anaconda.org/conda-forge/noarch/binaryornot-0.4.4-py_1.tar.bz2#a556fa60840fcb9dd739d186bfd252f7
https://conda.anaconda.org/conda-forge/noarch/black-20.8b1-py_1.tar.bz2#e555d6b71ec916c3dc4e6e3793cc9796
https://conda.anaconda.org/conda-forge/osx-64/brotlipy-0.7.0-py39hcbf5805_1001.tar.bz2#24ceea6c1d2bd117e13d3830a065f843
https://conda.anaconda.org/conda-forge/osx-64/cmarkgfm-0.5.3-py39h89e85a6_0.tar.bz2#f27319a12b46d0c035e98d16dddc4b55
https://conda.anaconda.org/conda-forge/noarch/commonmark-0.9.1-py_0.tar.bz2#6aa0173c14befcd577ded130cf6f22f5
https://conda.anaconda.org/conda-forge/osx-64/cryptography-3.4.6-py39ha2c9959_0.tar.bz2#644c47b1d32800c6e566835c0f58a0ef
https://conda.anaconda.org/conda-forge/osx-64/doit-0.33.1-py39hde42818_1.tar.bz2#60195688f3a1598b5f445677ef11f6e2
https://conda.anaconda.org/conda-forge/noarch/importlib_metadata-3.7.3-hd8ed1ab_0.tar.bz2#ad08b40b6f4550b6fad9806d16df8050
https://conda.anaconda.org/conda-forge/osx-64/jupyter_core-4.7.1-py39h6e9494a_0.tar.bz2#a8ffa3668c29198baa6a6d42cce93f81
https://conda.anaconda.org/conda-forge/noarch/markdown-3.3.4-pyhd8ed1ab_0.tar.bz2#b8054f74fbed2b282f032219f114421a
https://conda.anaconda.org/conda-forge/noarch/mypy-0.812-pyhd8ed1ab_0.tar.bz2#517ce8d8863ba1d315ea99854f9e8449
https://conda.anaconda.org/conda-forge/osx-64/pango-1.42.4-ha86e081_5.tar.bz2#23cc7aeb9c983f9bba284efb9de48078
https://conda.anaconda.org/conda-forge/osx-64/pytest-6.2.2-py39h6e9494a_0.tar.bz2#238a96eff72eddaab41876dd9e8efc70
https://conda.anaconda.org/conda-forge/osx-64/setuptools-49.6.0-py39h6e9494a_3.tar.bz2#f4f757b28d82aae4f8c7f5aac5c9e477
https://conda.anaconda.org/conda-forge/osx-64/terminado-0.9.2-py39h6e9494a_0.tar.bz2#a1a55663672d10836ab57a8d3155c5d1
https://conda.anaconda.org/conda-forge/osx-64/astroid-2.5.1-py39h6e9494a_0.tar.bz2#14c07427873eaff011f6e00571f8766e
https://conda.anaconda.org/conda-forge/noarch/backports.functools_lru_cache-1.6.1-py_0.tar.bz2#d36df15eaef96549ce6231e3088fba54
https://conda.anaconda.org/conda-forge/noarch/bleach-3.3.0-pyh44b312d_0.tar.bz2#abf6b76c39358ca36ca706c46f054f2a
https://conda.anaconda.org/conda-forge/noarch/flake8-3.9.0-pyhd8ed1ab_0.tar.bz2#36aeeb659dc3084b68c39f8649e813e8
https://conda.anaconda.org/conda-forge/osx-64/gtk2-2.24.33-h55c0dba_0.tar.bz2#a02716cf9553c9a34299258ef6c9f08e
https://conda.anaconda.org/conda-forge/noarch/isort-5.7.0-pyhd8ed1ab_0.tar.bz2#073e46728e0d9a8722457cbf1c335c14
https://conda.anaconda.org/conda-forge/noarch/jinja2-2.11.3-pyh44b312d_0.tar.bz2#1d4c3605d85a3655b1595e0694138eb6
https://conda.anaconda.org/conda-forge/noarch/jsonschema-3.2.0-pyhd8ed1ab_3.tar.bz2#66125e28711d8ffc04a207a2b170316d
https://conda.anaconda.org/conda-forge/noarch/jupyter-packaging-0.7.12-pyhd8ed1ab_0.tar.bz2#ab2fd67d07b63afe5ea6db6c5f32b5fd
https://conda.anaconda.org/conda-forge/noarch/jupyter_client-6.1.12-pyhd8ed1ab_0.tar.bz2#f58b38ddb9f94fa3cafea4ba2b17f93b
https://conda.anaconda.org/conda-forge/osx-64/keyring-23.0.0-py39h6e9494a_0.tar.bz2#c0e3622806fdf66ef8311d7302dbf610
https://conda.anaconda.org/conda-forge/osx-64/librsvg-2.50.3-hd4300c0_1.tar.bz2#f4a358de515f3168339ef3d688b3e90d
https://conda.anaconda.org/conda-forge/noarch/livereload-2.6.3-pyh9f0ad1d_0.tar.bz2#b7190e3ec3eff52839434bf4698e2d62
https://conda.anaconda.org/conda-forge/noarch/pip-21.0.1-pyhd8ed1ab_0.tar.bz2#849477e10d78cbc283c78fd53bfbb567
https://conda.anaconda.org/conda-forge/noarch/pygments-2.8.1-pyhd8ed1ab_0.tar.bz2#196e0cff141677f430fc06eb0d0ad94d
https://conda.anaconda.org/conda-forge/noarch/pyopenssl-20.0.1-pyhd8ed1ab_0.tar.bz2#92371c25994d0f5d28a01c1fb75ebf86
https://conda.anaconda.org/conda-forge/osx-64/pytest-asyncio-0.14.0-py39h6e9494a_0.tar.bz2#b2bb547a29966ef3891678b0a581b6ef
https://conda.anaconda.org/conda-forge/noarch/pytest-cov-2.11.1-pyh44b312d_0.tar.bz2#67e256d6c8a3082d3f29f8cefce17bbf
https://conda.anaconda.org/conda-forge/noarch/pytest-metadata-1.11.0-pyhd3deb0d_0.tar.bz2#2e92f7ccb8d9a03966fc36e3861522ec
https://conda.anaconda.org/conda-forge/osx-64/graphviz-2.47.0-ha2e93d9_0.tar.bz2#3d69f06d408706b65dde9283ab255b32
https://conda.anaconda.org/conda-forge/noarch/jinja2-time-0.2.0-py_2.tar.bz2#6e8d28fac1864c623fd4402168ca4d46
https://conda.anaconda.org/conda-forge/noarch/jupyterlab_pygments-0.1.2-pyh9f0ad1d_0.tar.bz2#2cbd910890bb328e8959246a1e16fac7
https://conda.anaconda.org/conda-forge/noarch/nbformat-5.1.2-pyhd8ed1ab_1.tar.bz2#9633dbb668ac1f9266427672816899dc
https://conda.anaconda.org/conda-forge/osx-64/pylint-2.7.2-py39h6e9494a_0.tar.bz2#6c3966eea10c50b6d88ac3692391a43c
https://conda.anaconda.org/conda-forge/noarch/pytest-html-3.1.1-pyhd8ed1ab_0.tar.bz2#88b638753087926088c778ea5b2f4b97
https://conda.anaconda.org/conda-forge/noarch/readme_renderer-27.0-pyh9f0ad1d_0.tar.bz2#38446dff7f69efd3fab98ab4dc68c0c8
https://conda.anaconda.org/conda-forge/noarch/urllib3-1.26.4-pyhd8ed1ab_0.tar.bz2#d7b20b328e23d993994ea02077c009c0
https://conda.anaconda.org/conda-forge/noarch/wcwidth-0.2.5-pyh9f0ad1d_2.tar.bz2#5266fcd697043c59621fda522b3d78ee
https://conda.anaconda.org/conda-forge/noarch/nbclient-0.5.3-pyhd8ed1ab_0.tar.bz2#67f12831640fde52fe9be1bbc6b699e7
https://conda.anaconda.org/conda-forge/noarch/prompt-toolkit-3.0.17-pyha770c72_0.tar.bz2#d3ff1dc51da26f2757c8d95c3522138e
https://conda.anaconda.org/conda-forge/noarch/python-graphviz-0.16-pyh243d235_2.tar.bz2#8a37b68eb6fd242a4112781c2f7b4b98
https://conda.anaconda.org/conda-forge/noarch/requests-2.25.1-pyhd3deb0d_0.tar.bz2#ae687aba31a1c400192a86a2e993ffdc
https://conda.anaconda.org/conda-forge/osx-64/selenium-3.141.0-py39hcbf5805_1002.tar.bz2#fd1b189ed578869ead43d872dfabf84e
https://conda.anaconda.org/conda-forge/noarch/cookiecutter-1.7.2-pyh9f0ad1d_0.tar.bz2#9c8c5f26174b5a0d63e9655cf1fd7a2a
https://conda.anaconda.org/conda-forge/osx-64/ipython-7.21.0-py39h71a6800_0.tar.bz2#36f944312509dd2e8dfd6c9897888e4f
https://conda.anaconda.org/conda-forge/osx-64/nbconvert-6.0.7-py39h6e9494a_3.tar.bz2#14a4ff0e0403281a570d7dcd86b4c630
https://conda.anaconda.org/conda-forge/noarch/requests-toolbelt-0.9.1-py_0.tar.bz2#402668adee8fcba9a9c265cdc2a88f5a
https://conda.anaconda.org/conda-forge/noarch/robotframework-seleniumlibrary-5.1.1-pyhd8ed1ab_0.tar.bz2#3eacc90d82d69cb1b78d6459be33fd8e
https://conda.anaconda.org/conda-forge/noarch/sphinx-3.5.2-pyhd8ed1ab_0.tar.bz2#f0efd303f2d13fc085d910b91072cb5c
https://conda.anaconda.org/conda-forge/osx-64/ipykernel-5.5.0-py39h71a6800_1.tar.bz2#fbf8de98d646a6243e32cceea49e9f71
https://conda.anaconda.org/conda-forge/osx-64/jupyter_server-1.4.1-py39h6e9494a_0.tar.bz2#96e795210a9af4659e3d5f4ceaff6b4a
https://conda.anaconda.org/conda-forge/noarch/nbsphinx-0.5.0-py_0.tar.bz2#aee9218e8d5ccbba0990a6683b1d0ba9
https://conda.anaconda.org/conda-forge/noarch/pytest-check-links-0.4.4-pyhd8ed1ab_0.tar.bz2#adf9f0c2f01015fdf6ea9e0d885a8998
https://conda.anaconda.org/conda-forge/noarch/recommonmark-0.7.1-pyhd8ed1ab_0.tar.bz2#b3becf9905b8c7ba839072f65e693253
https://conda.anaconda.org/conda-forge/noarch/sphinx-autobuild-2021.3.14-pyhd8ed1ab_0.tar.bz2#1909f784dc37b4ab97afe2c95aeeabaa
https://conda.anaconda.org/conda-forge/noarch/sphinx-autodoc-typehints-1.11.1-py_0.tar.bz2#c55b995a94ad51b4b71596573794ec1d
https://conda.anaconda.org/conda-forge/noarch/sphinx-copybutton-0.3.1-pyhd8ed1ab_0.tar.bz2#decad13214a2a545944560eccf4a9815
https://conda.anaconda.org/conda-forge/noarch/sphinx_rtd_theme-0.5.1-pyhd3deb0d_0.tar.bz2#c050f3a32c6e361917a54d10259b41bc
https://conda.anaconda.org/conda-forge/noarch/twine-3.4.1-pyhd8ed1ab_0.tar.bz2#c7d4ab21a13c919f9ae59eae7bcebf2a
https://conda.anaconda.org/conda-forge/noarch/jupyterlab_server-2.3.0-pyhd8ed1ab_0.tar.bz2#e1ab43655ba7ede6917e2daa37c7b217
https://conda.anaconda.org/conda-forge/osx-64/notebook-6.2.0-py39h6e9494a_0.tar.bz2#5eadf7b3b135016f116498b8c0b09427
https://conda.anaconda.org/conda-forge/noarch/sphinx-markdown-tables-0.0.15-pyhd3deb0d_0.tar.bz2#bf5af559bf01ec01729b73452585106e
https://conda.anaconda.org/conda-forge/noarch/nbclassic-0.2.6-pyhd8ed1ab_0.tar.bz2#49be35e31b49012ea91fcd667ebdf4ad
https://conda.anaconda.org/conda-forge/noarch/jupyterlab-3.0.11-pyhd8ed1ab_0.tar.bz2#af8e216cd0b7f5e4f9adc17b68857d41
