# platform: win-64
# env_hash: c91bfaa92c3ccccf834d5617f649053fe9fbe07708e13c184c3660bf246ec56b
@EXPLICIT
https://conda.anaconda.org/conda-forge/win-64/ca-certificates-2020.12.5-h5b45459_0.tar.bz2#f36a2988a9f57cffdc43929ba67a3a2a
https://conda.anaconda.org/conda-forge/win-64/vs2015_runtime-14.28.29325-h5e1d092_4.tar.bz2#e89bf06003c46c09ee8628eb76aa9520
https://conda.anaconda.org/conda-forge/win-64/vc-14.2-hb210afc_4.tar.bz2#45ddc2c65ad6c200120db1a682803462
https://conda.anaconda.org/conda-forge/win-64/openssl-1.1.1j-h8ffe710_0.tar.bz2#3f98c6e8d40701b975943feda6fd2cfc
https://conda.anaconda.org/conda-forge/win-64/sqlite-3.34.0-h8ffe710_0.tar.bz2#0887d420b945a5342cd03429d475658c
https://conda.anaconda.org/conda-forge/win-64/python-3.8.8-h7840368_0_cpython.tar.bz2#f70631201495a13a7f9a7fbd6cf82f87
https://conda.anaconda.org/conda-forge/noarch/appdirs-1.4.4-pyh9f0ad1d_0.tar.bz2#5f095bc6454094e96f146491fd03633b
https://conda.anaconda.org/conda-forge/noarch/click-7.1.2-pyh9f0ad1d_0.tar.bz2#bd50a970ce07e660c319fdc4d730d3f1
https://conda.anaconda.org/conda-forge/noarch/colorama-0.4.4-pyh9f0ad1d_0.tar.bz2#c08b4c1326b880ed44f3ffb04803332f
https://conda.anaconda.org/conda-forge/noarch/dataclasses-0.8-pyhc8e2a94_1.tar.bz2#28e0de0ecba81334619a777fdc00febc
https://conda.anaconda.org/conda-forge/noarch/mccabe-0.6.1-py_1.tar.bz2#a326cb400c1ccd91789f3e7d02124d61
https://conda.anaconda.org/conda-forge/noarch/pathspec-0.8.1-pyhd3deb0d_0.tar.bz2#fcd2fbb062b55d14a77e664c89ee17a6
https://conda.anaconda.org/conda-forge/noarch/pycodestyle-2.6.0-pyh9f0ad1d_0.tar.bz2#a08d6f5a610c7194da158add79f2b018
https://conda.anaconda.org/conda-forge/noarch/pyflakes-2.2.0-pyh9f0ad1d_0.tar.bz2#b13f3395d2eb4a2705629127a8a8cfaa
https://conda.anaconda.org/conda-forge/win-64/python_abi-3.8-1_cp38.tar.bz2#18ced0580562dca07ae039050748cc50
https://conda.anaconda.org/conda-forge/noarch/robotframework-4.0-pyhd8ed1ab_0.tar.bz2#13985780c14873961b7be4e7391d184e
https://conda.anaconda.org/conda-forge/noarch/six-1.15.0-pyh9f0ad1d_0.tar.bz2#1eec421f0f1f39e579e44e4a5ce646a2
https://conda.anaconda.org/conda-forge/noarch/toml-0.10.2-pyhd8ed1ab_0.tar.bz2#f832c45a477c78bebd107098db465095
https://conda.anaconda.org/conda-forge/noarch/typing_extensions-3.7.4.3-py_0.tar.bz2#12b96e382730541a4b332420227055ae
https://conda.anaconda.org/conda-forge/noarch/wheel-0.36.2-pyhd3deb0d_0.tar.bz2#768bfbe026426d0e76b377997d1f2b98
https://conda.anaconda.org/conda-forge/noarch/zipp-3.4.1-pyhd8ed1ab_0.tar.bz2#a4fa30eb74a326092b3d8078b1f1aae1
https://conda.anaconda.org/conda-forge/win-64/certifi-2020.12.5-py38haa244fe_1.tar.bz2#0ff61c01f4afa91e32fa891796268c46
https://conda.anaconda.org/conda-forge/win-64/importlib-metadata-3.7.2-py38haa244fe_0.tar.bz2#3c0d5d614f7cca729399f35154191153
https://conda.anaconda.org/conda-forge/win-64/lazy-object-proxy-1.5.2-py38h294d835_1.tar.bz2#5a42b905e9c09f9d5a24fb03bab59aca
https://conda.anaconda.org/conda-forge/win-64/mypy_extensions-0.4.3-py38haa244fe_3.tar.bz2#0b097de2bfb2cb74c94d62790a0dc206
https://conda.anaconda.org/conda-forge/win-64/psutil-5.8.0-py38h294d835_1.tar.bz2#225cd8cbd92f335d16408c0f0f5838ef
https://conda.anaconda.org/conda-forge/win-64/regex-2020.11.13-py38h294d835_1.tar.bz2#d77f7eb3df251b610539a37a7e8b3ca8
https://conda.anaconda.org/conda-forge/noarch/robotframework-lint-1.1-pyh9f0ad1d_0.tar.bz2#c3fa280c4a10c06e83f23193ef4ea5cc
https://conda.anaconda.org/conda-forge/win-64/typed-ast-1.4.2-py38h294d835_0.tar.bz2#6103538f876dee69d2e2ea5cafdb14e7
https://conda.anaconda.org/conda-forge/win-64/wincertstore-0.2-py38haa244fe_1006.tar.bz2#3d25df9e81ec24db2d91b7b477860a01
https://conda.anaconda.org/conda-forge/win-64/wrapt-1.12.1-py38h294d835_3.tar.bz2#78499d9395d407e209940c47f970af5f
https://conda.anaconda.org/conda-forge/noarch/black-20.8b1-py_1.tar.bz2#e555d6b71ec916c3dc4e6e3793cc9796
https://conda.anaconda.org/conda-forge/noarch/mypy-0.812-pyhd8ed1ab_0.tar.bz2#517ce8d8863ba1d315ea99854f9e8449
https://conda.anaconda.org/conda-forge/win-64/setuptools-49.6.0-py38haa244fe_3.tar.bz2#c104ed0b1f9f55efcf872c4af2a6036a
https://conda.anaconda.org/conda-forge/win-64/astroid-2.5.1-py38haa244fe_0.tar.bz2#b95560ae3959328c30f5af1c42f36bf6
https://conda.anaconda.org/conda-forge/noarch/flake8-3.8.4-py_0.tar.bz2#138b1704321c115bd10e1966320ac790
https://conda.anaconda.org/conda-forge/noarch/isort-5.7.0-pyhd8ed1ab_0.tar.bz2#073e46728e0d9a8722457cbf1c335c14
https://conda.anaconda.org/conda-forge/noarch/pip-21.0.1-pyhd8ed1ab_0.tar.bz2#849477e10d78cbc283c78fd53bfbb567
https://conda.anaconda.org/conda-forge/win-64/pylint-2.7.2-py38haa244fe_0.tar.bz2#52440db935407c38006ddf196918a39f
