# {
#   "_base.yml": {
#     "channels": [
#       "conda-forge",
#       "nodefaults"
#     ],
#     "dependencies": [
#       "doit",
#       "pip",
#       "ruamel.yaml"
#     ]
#   },
#   "lock.yml": {
#     "channels": [
#       "conda-forge",
#       "nodefaults"
#     ],
#     "dependencies": [
#       "conda-lock",
#       "doit"
#     ]
#   },
#   "py3.10.yml": {
#     "dependencies": [
#       "python ==3.10.*"
#     ]
#   }
# }
@EXPLICIT
https://conda.anaconda.org/conda-forge/win-64/ca-certificates-2022.6.15-h5b45459_0.tar.bz2#b84069692c33afe59f31c7117c80696e
https://conda.anaconda.org/conda-forge/noarch/tzdata-2022a-h191b570_0.tar.bz2#84be5301069417a2221187d2f435e0f7
https://conda.anaconda.org/conda-forge/win-64/ucrt-10.0.20348.0-h57928b3_0.tar.bz2#6d666b6ea8251231ff508062d1e41f9c
https://conda.anaconda.org/conda-forge/win-64/vs2015_runtime-14.29.30037-h902a5da_6.tar.bz2#33d07ebe91062743eabc9e53a60d18e1
https://conda.anaconda.org/conda-forge/win-64/vc-14.2-hb210afc_6.tar.bz2#c2aecbc9b00ba6f352e27d3d61fd31fb
https://conda.anaconda.org/conda-forge/win-64/bzip2-1.0.8-h8ffe710_4.tar.bz2#7c03c66026944073040cb19a4f3ec3c9
https://conda.anaconda.org/conda-forge/win-64/libffi-3.4.2-h8ffe710_5.tar.bz2#2c96d1b6915b408893f9472569dee135
https://conda.anaconda.org/conda-forge/win-64/libzlib-1.2.12-h8ffe710_2.tar.bz2#74585107cf2f18b31aa84375fcb24215
https://conda.anaconda.org/conda-forge/win-64/openssl-1.1.1q-h8ffe710_0.tar.bz2#2ee16f406ee12fe4dcd08b513e9bd0c6
https://conda.anaconda.org/conda-forge/win-64/sqlite-3.39.2-h8ffe710_0.tar.bz2#902c57a6f2f2e0b837a004004cd2ca57
https://conda.anaconda.org/conda-forge/win-64/tk-8.6.12-h8ffe710_0.tar.bz2#c69a5047cc9291ae40afd4a1ad6f0c0f
https://conda.anaconda.org/conda-forge/win-64/xz-5.2.5-h62dcd97_1.tar.bz2#eabcbfedd14d7c18a514afca09ea0ebb
https://conda.anaconda.org/conda-forge/win-64/yaml-0.2.5-h8ffe710_2.tar.bz2#adbfb9f45d1004a26763652246a33764
https://conda.anaconda.org/conda-forge/win-64/python-3.10.5-h9a09f29_0_cpython.tar.bz2#80c856de93cbe0bbf2b1714f55ae56cc
https://conda.anaconda.org/conda-forge/noarch/appdirs-1.4.4-pyh9f0ad1d_0.tar.bz2#5f095bc6454094e96f146491fd03633b
https://conda.anaconda.org/conda-forge/noarch/cachy-0.3.0-py_0.tar.bz2#808c46dc56ae4a796830129aaf1b51ec
https://conda.anaconda.org/conda-forge/noarch/charset-normalizer-2.1.0-pyhd8ed1ab_0.tar.bz2#abc0453b6e7bfbb87d275d58e333fc98
https://conda.anaconda.org/conda-forge/noarch/cloudpickle-2.1.0-pyhd8ed1ab_0.tar.bz2#f7551a8a008dfad2b7ac9662dd124614
https://conda.anaconda.org/conda-forge/noarch/colorama-0.4.5-pyhd8ed1ab_0.tar.bz2#c267da48ce208905d7d976d49dfd9433
https://conda.anaconda.org/conda-forge/noarch/crashtest-0.3.1-pyhd8ed1ab_0.tar.bz2#b8477552274c1cfdb533e954c76523f1
https://conda.anaconda.org/conda-forge/noarch/distlib-0.3.5-pyhd8ed1ab_0.tar.bz2#f15c3912378a07726093cc94d1e13251
https://conda.anaconda.org/conda-forge/noarch/filelock-3.7.1-pyhd8ed1ab_0.tar.bz2#7556872687250e0ea038eb503da3c44b
https://conda.anaconda.org/conda-forge/noarch/idna-3.3-pyhd8ed1ab_0.tar.bz2#40b50b8b030f5f2f22085c062ed013dd
https://conda.anaconda.org/conda-forge/noarch/lockfile-0.12.2-py_1.tar.bz2#c104d98e09c47519950cffb8dd5b4f10
https://conda.anaconda.org/conda-forge/noarch/pastel-0.2.1-pyhd8ed1ab_0.tar.bz2#a4eea5bff523f26442405bc5d1f52adb
https://conda.anaconda.org/conda-forge/noarch/pkginfo-1.8.3-pyhd8ed1ab_0.tar.bz2#0f2d0da112ff6fd76cc3ce038d72d2c9
https://conda.anaconda.org/conda-forge/noarch/platformdirs-2.5.2-pyhd8ed1ab_1.tar.bz2#2fb3f88922e7aec26ba652fcdfe13950
https://conda.anaconda.org/conda-forge/noarch/ptyprocess-0.7.0-pyhd3deb0d_0.tar.bz2#359eeb6536da0e687af562ed265ec263
https://conda.anaconda.org/conda-forge/noarch/pycparser-2.21-pyhd8ed1ab_0.tar.bz2#076becd9e05608f8dc72757d5f3a91ff
https://conda.anaconda.org/conda-forge/noarch/pylev-1.4.0-pyhd8ed1ab_0.tar.bz2#edf8651c4379d9d1495ad6229622d150
https://conda.anaconda.org/conda-forge/noarch/pyparsing-3.0.9-pyhd8ed1ab_0.tar.bz2#e8fbc1b54b25f4b08281467bc13b70cc
https://conda.anaconda.org/conda-forge/win-64/python_abi-3.10-2_cp310.tar.bz2#aaa900b98edb2e67106b461ff365ba57
https://conda.anaconda.org/conda-forge/noarch/shellingham-1.5.0-pyhd8ed1ab_0.tar.bz2#65bacdee3cac51e49f45d530bbd5e90f
https://conda.anaconda.org/conda-forge/noarch/six-1.16.0-pyh6c4a22f_0.tar.bz2#e5f25f8dbc060e9a8d912e432202afc2
https://conda.anaconda.org/conda-forge/noarch/toml-0.10.2-pyhd8ed1ab_0.tar.bz2#f832c45a477c78bebd107098db465095
https://conda.anaconda.org/conda-forge/noarch/typing-3.10.0.0-pyhd8ed1ab_0.tar.bz2#e6573ac68718f17b9d4f5c8eda3190f2
https://conda.anaconda.org/conda-forge/noarch/typing_extensions-4.3.0-pyha770c72_0.tar.bz2#a9d85960bc62d53cc4ea0d1d27f73c98
https://conda.anaconda.org/conda-forge/noarch/webencodings-0.5.1-py_1.tar.bz2#3563be4c5611a44210d9ba0c16113136
https://conda.anaconda.org/conda-forge/noarch/wheel-0.37.1-pyhd8ed1ab_0.tar.bz2#1ca02aaf78d9c70d9a81a3bed5752022
https://conda.anaconda.org/conda-forge/noarch/zipp-3.8.1-pyhd8ed1ab_0.tar.bz2#a3508a0c850745b875de88aea4c40cc5
https://conda.anaconda.org/conda-forge/win-64/certifi-2022.6.15-py310h5588dad_0.tar.bz2#0d68bfe987b9e8414847e6eef95e6370
https://conda.anaconda.org/conda-forge/win-64/cffi-1.15.1-py310hcbf9ad4_0.tar.bz2#291e525e56b35d2ae277b592e08141a8
https://conda.anaconda.org/conda-forge/win-64/click-8.1.3-py310h5588dad_0.tar.bz2#9d68311ef7daffb1f41e5ab2ac327515
https://conda.anaconda.org/conda-forge/noarch/clikit-0.6.2-pyh9f0ad1d_0.tar.bz2#159273f717a11e53b2656f8b6521a5e2
https://conda.anaconda.org/conda-forge/noarch/html5lib-1.1-pyh9f0ad1d_0.tar.bz2#b2355343d6315c892543200231d7154a
https://conda.anaconda.org/conda-forge/win-64/importlib-metadata-4.11.4-py310h5588dad_0.tar.bz2#16ef54587496fadabd26ba48ff221750
https://conda.anaconda.org/conda-forge/win-64/markupsafe-2.1.1-py310he2412df_1.tar.bz2#c33fd016ec3b4c3cb0e676fbd0b18953
https://conda.anaconda.org/conda-forge/win-64/msgpack-python-1.0.4-py310h476a331_0.tar.bz2#8c94755311b5226733b6f5069eb48632
https://conda.anaconda.org/conda-forge/noarch/packaging-20.9-pyh44b312d_0.tar.bz2#be69a38e912054a62dc82cc3c7711a64
https://conda.anaconda.org/conda-forge/noarch/pexpect-4.8.0-pyh9f0ad1d_2.tar.bz2#5909e7b978141dd80d28dbf9de627827
https://conda.anaconda.org/conda-forge/win-64/poetry-core-1.0.8-py310h5588dad_1.tar.bz2#a15f6e219a4f2b73bccf2210e0f63364
https://conda.anaconda.org/conda-forge/win-64/pywin32-ctypes-0.2.0-py310h5588dad_1005.tar.bz2#38ecc6adfcd4e0390c4ed4fbaafcfa6f
https://conda.anaconda.org/conda-forge/win-64/pyyaml-6.0-py310he2412df_4.tar.bz2#e1386e64a5e6d3ef30860a233ce8b371
https://conda.anaconda.org/conda-forge/win-64/ruamel.yaml.clib-0.2.6-py310he2412df_1.tar.bz2#17510ff9f4e3269aa73ad97eafc35ea1
https://conda.anaconda.org/conda-forge/win-64/setuptools-63.4.2-py310h5588dad_0.tar.bz2#5493f55609c6646a0617b7c7ef646b24
https://conda.anaconda.org/conda-forge/noarch/tomlkit-0.11.1-pyha770c72_0.tar.bz2#3347f5e2f9c13d792ae71bcefa8a5603
https://conda.anaconda.org/conda-forge/noarch/typing-extensions-4.3.0-hd8ed1ab_0.tar.bz2#f3e98e944832fb271a0dbda7b7771dc6
https://conda.anaconda.org/conda-forge/win-64/virtualenv-20.16.3-py310h5588dad_0.tar.bz2#88234d1fdfa6897e05e298c51591b96b
https://conda.anaconda.org/conda-forge/win-64/win_inet_pton-1.1.0-py310h5588dad_4.tar.bz2#674aa7b17ab884a99afeec3547a03bb8
https://conda.anaconda.org/conda-forge/win-64/brotlipy-0.7.0-py310he2412df_1004.tar.bz2#6967391ab90fb96d3e75bf423012fa79
https://conda.anaconda.org/conda-forge/noarch/cleo-0.8.1-pyhd8ed1ab_2.tar.bz2#4c82b11a3d06031bd58e7d869f53d965
https://conda.anaconda.org/conda-forge/noarch/click-default-group-1.2.2-pyhd8ed1ab_1.tar.bz2#72a46ffc25701c173932fd55cf0965d3
https://conda.anaconda.org/conda-forge/win-64/cryptography-37.0.4-py310ha857299_0.tar.bz2#5a5a9422f119a85b1c5d826d04fb703b
https://conda.anaconda.org/conda-forge/noarch/doit-0.36.0-pyhd8ed1ab_0.tar.bz2#fc5e53d070f1ee7bb38c2ece282dcb82
https://conda.anaconda.org/conda-forge/noarch/jinja2-3.1.2-pyhd8ed1ab_1.tar.bz2#c8490ed5c70966d232fdd389d0dbed37
https://conda.anaconda.org/conda-forge/win-64/keyring-23.7.0-py310h5588dad_0.tar.bz2#c62bf1f054e815fdf4532048134d32bd
https://conda.anaconda.org/conda-forge/noarch/pip-22.2.2-pyhd8ed1ab_0.tar.bz2#0b43abe4d3ee93e82742d37def53a836
https://conda.anaconda.org/conda-forge/win-64/pydantic-1.9.1-py310he2412df_0.tar.bz2#843be2573c07581d9049b738ec49abb8
https://conda.anaconda.org/conda-forge/win-64/pysocks-1.7.1-py310h5588dad_5.tar.bz2#8b84a5de3ffa12a5aaeea385140bba27
https://conda.anaconda.org/conda-forge/win-64/ruamel.yaml-0.17.21-py310he2412df_1.tar.bz2#92ddbe00480db13cb0161f65eba846db
https://conda.anaconda.org/conda-forge/noarch/pyopenssl-22.0.0-pyhd8ed1ab_0.tar.bz2#1d7e241dfaf5475e893d4b824bb71b44
https://conda.anaconda.org/conda-forge/noarch/urllib3-1.26.11-pyhd8ed1ab_0.tar.bz2#0738978569b10669bdef41c671252dd1
https://conda.anaconda.org/conda-forge/noarch/requests-2.28.1-pyhd8ed1ab_0.tar.bz2#70d6e72856de9551f83ae0f2de689a7a
https://conda.anaconda.org/conda-forge/noarch/cachecontrol-0.12.11-pyhd8ed1ab_0.tar.bz2#6eefee9888f33f150b5d44d616b1a613
https://conda.anaconda.org/conda-forge/noarch/ensureconda-1.4.3-pyhd8ed1ab_0.tar.bz2#c99ae3abf501990769047b4b40a98f17
https://conda.anaconda.org/conda-forge/noarch/requests-toolbelt-0.9.1-py_0.tar.bz2#402668adee8fcba9a9c265cdc2a88f5a
https://conda.anaconda.org/conda-forge/win-64/poetry-1.1.14-py310h5588dad_0.tar.bz2#0e9febdede429556c039b685d779fdc1
https://conda.anaconda.org/conda-forge/noarch/conda-lock-1.1.1-pyhd8ed1ab_0.tar.bz2#2d1c6d733a45b168eef7acc6212109ed
