# platform: win-64
# env_hash: e799ad63dd4c9c60d052002901895fdb96ba66536963f9c6cead42fb8ed4c819
@EXPLICIT
https://conda.anaconda.org/conda-forge/win-64/ca-certificates-2020.12.5-h5b45459_0.tar.bz2#f36a2988a9f57cffdc43929ba67a3a2a
https://conda.anaconda.org/conda-forge/win-64/msys2-conda-epoch-20160418-1.tar.bz2#b0309b72560df66f71a9d5e34a5efdfa
https://conda.anaconda.org/conda-forge/win-64/pandoc-2.12-h8ffe710_0.tar.bz2#4218a3ddeba9264ce30477f409363101
https://conda.anaconda.org/conda-forge/win-64/vs2015_runtime-14.28.29325-h5e1d092_4.tar.bz2#e89bf06003c46c09ee8628eb76aa9520
https://conda.anaconda.org/conda-forge/win-64/winpty-0.4.3-4.tar.bz2#1cee351bf20b830d991dbe0bc8cd7dfe
https://conda.anaconda.org/conda-forge/win-64/m2w64-gmp-6.1.0-2.tar.bz2#53a1c73e1e3d185516d7e3af177596d9
https://conda.anaconda.org/conda-forge/win-64/m2w64-libwinpthread-git-5.0.0.4634.697f757-2.tar.bz2#774130a326dee16f1ceb05cc687ee4f0
https://conda.anaconda.org/conda-forge/win-64/vc-14.2-hb210afc_4.tar.bz2#45ddc2c65ad6c200120db1a682803462
https://conda.anaconda.org/conda-forge/win-64/expat-2.2.10-h39d44d4_0.tar.bz2#ac841a17b410ce2671369fba8a874ac3
https://conda.anaconda.org/conda-forge/win-64/fribidi-1.0.10-h62dcd97_0.tar.bz2#159516f8c454e18fd12e7a23ce2e0fc0
https://conda.anaconda.org/conda-forge/win-64/getopt-win32-0.1-h8ffe710_0.tar.bz2#9ac4874e2958f18e01c386649208fe40
https://conda.anaconda.org/conda-forge/win-64/icu-68.1-h0e60522_0.tar.bz2#5ca3de83c29382b94a575926b1d9a743
https://conda.anaconda.org/conda-forge/win-64/jpeg-9d-he774522_0.tar.bz2#093a3f2034d3002ee017859e388cc8a1
https://conda.anaconda.org/conda-forge/win-64/libffi-3.3-h0e60522_2.tar.bz2#b7d85288d380da17d1024358f18e9b62
https://conda.anaconda.org/conda-forge/win-64/libiconv-1.16-he774522_0.tar.bz2#bdfeadc9348e4d9fbe4821e81bf8f221
https://conda.anaconda.org/conda-forge/win-64/libsodium-1.0.18-h62dcd97_1.tar.bz2#5e0709275ea686866988ac69c3850d35
https://conda.anaconda.org/conda-forge/win-64/libwebp-base-1.2.0-h8ffe710_0.tar.bz2#00525396457ebab552866f33e6d18775
https://conda.anaconda.org/conda-forge/win-64/lz4-c-1.9.3-h8ffe710_0.tar.bz2#5c9a617ed4fbd41f8c564fab236dda60
https://conda.anaconda.org/conda-forge/win-64/m2w64-gcc-libs-core-5.3.0-7.tar.bz2#4289d80fb4d272f1f3b56cfe87ac90bd
https://conda.anaconda.org/conda-forge/win-64/openssl-1.1.1j-h8ffe710_0.tar.bz2#3f98c6e8d40701b975943feda6fd2cfc
https://conda.anaconda.org/conda-forge/win-64/pcre-8.44-ha925a31_0.tar.bz2#a958ae62e7723fa5c0720d78efed5e7f
https://conda.anaconda.org/conda-forge/win-64/pixman-0.40.0-h8ffe710_0.tar.bz2#32b45d3fcffddc84cc1a014a0b5f0d58
https://conda.anaconda.org/conda-forge/win-64/python-3.6.13-h39d44d4_0_cpython.tar.bz2#3ed96bac26bd1cf7512c1705fba9de2a
https://conda.anaconda.org/conda-forge/win-64/rxspencer-3.9.0-h8ffe710_0.tar.bz2#d17defe5cdf83124ed4c8c2020c3b837
https://conda.anaconda.org/conda-forge/win-64/xz-5.2.5-h62dcd97_1.tar.bz2#eabcbfedd14d7c18a514afca09ea0ebb
https://conda.anaconda.org/conda-forge/win-64/zlib-1.2.11-h62dcd97_1010.tar.bz2#a4cdf389c5f73e60a0ca121ff77c22a9
https://conda.anaconda.org/conda-forge/noarch/async_generator-1.10-py_0.tar.bz2#d56c596e61b1c4952acf0a9920856c12
https://conda.anaconda.org/conda-forge/noarch/atomicwrites-1.4.0-pyh9f0ad1d_0.tar.bz2#5e36230ffaf3b7bb599424592684ae53
https://conda.anaconda.org/conda-forge/noarch/attrs-20.3.0-pyhd3deb0d_0.tar.bz2#5b319abb055eefcfa344bc21378ca23f
https://conda.anaconda.org/conda-forge/noarch/backcall-0.2.0-pyh9f0ad1d_0.tar.bz2#6006a6d08a3fa99268a2681c7fb55213
https://conda.anaconda.org/conda-forge/win-64/backports-1.0-py36_1.tar.bz2#9e2edf61601c41f64367c8a384c4cfda
https://conda.anaconda.org/conda-forge/noarch/click-7.1.2-pyh9f0ad1d_0.tar.bz2#bd50a970ce07e660c319fdc4d730d3f1
https://conda.anaconda.org/conda-forge/noarch/colorama-0.4.4-pyh9f0ad1d_0.tar.bz2#c08b4c1326b880ed44f3ffb04803332f
https://conda.anaconda.org/conda-forge/noarch/dataclasses-0.8-pyh787bdff_0.tar.bz2#99ccd57a7c9761e97e17777f0cde21eb
https://conda.anaconda.org/conda-forge/noarch/decorator-4.4.2-py_0.tar.bz2#d2eabb9cabd212e1ec6a9463bd846243
https://conda.anaconda.org/conda-forge/noarch/defusedxml-0.7.1-pyhd8ed1ab_0.tar.bz2#961b3a227b437d82ad7054484cfa71b2
https://conda.anaconda.org/conda-forge/win-64/gettext-0.19.8.1-h1a89ca6_1005.tar.bz2#9c6f6abe9d77d69553c2b287f4c5f0e6
https://conda.anaconda.org/conda-forge/noarch/idna-2.10-pyh9f0ad1d_0.tar.bz2#f95a12b4f435aae6680fe55ae2eb1b06
https://conda.anaconda.org/conda-forge/noarch/iniconfig-1.1.1-pyh9f0ad1d_0.tar.bz2#39161f81cc5e5ca45b8226fbb06c6905
https://conda.anaconda.org/conda-forge/win-64/ipython_genutils-0.2.0-py36_0.tar.bz2#7c0917d47b84d70c1da17ed71747c590
https://conda.anaconda.org/conda-forge/noarch/json5-0.9.5-pyh9f0ad1d_0.tar.bz2#10759827a94e6b14996e81fb002c0bda
https://conda.anaconda.org/conda-forge/win-64/libpng-1.6.37-ha81a0f5_2.tar.bz2#cc8f11542031225ef813cbc7b60713fc
https://conda.anaconda.org/conda-forge/win-64/libwebp-1.2.0-h57928b3_0.tar.bz2#5fa2c90bb005a8f0a8fd8052216db4c0
https://conda.anaconda.org/conda-forge/win-64/libxml2-2.9.10-hf5bbc77_3.tar.bz2#4d2f9377b960b9f1425e91e13a30126c
https://conda.anaconda.org/conda-forge/win-64/m2w64-gcc-libgfortran-5.3.0-6.tar.bz2#066552ac6b907ec6d72c0ddab29050dc
https://conda.anaconda.org/conda-forge/win-64/mccabe-0.6.1-py36_0.tar.bz2#6c9ea458996326cd778e7ffeb6454c0a
https://conda.anaconda.org/conda-forge/noarch/more-itertools-8.7.0-pyhd8ed1ab_0.tar.bz2#3be1ba5a28d394d78f3d692fb9e5c1c2
https://conda.anaconda.org/conda-forge/noarch/nest-asyncio-1.4.3-pyhd8ed1ab_0.tar.bz2#a1f2fda4d88c624810bf2029aa4c0827
https://conda.anaconda.org/conda-forge/win-64/pandocfilters-1.4.2-py36_0.tar.bz2#e6942f055a10c5ee4255836876f0dead
https://conda.anaconda.org/conda-forge/noarch/parso-0.7.1-pyh9f0ad1d_0.tar.bz2#f66647d1ec805566d72ac26f62b19c01
https://conda.anaconda.org/conda-forge/noarch/poyo-0.5.0-py_0.tar.bz2#f7e49e76e34d946c607757ad68e6b3f2
https://conda.anaconda.org/conda-forge/noarch/prometheus_client-0.9.0-pyhd3deb0d_0.tar.bz2#c7af95daf5bae22ead34151e0ab9d041
https://conda.anaconda.org/conda-forge/noarch/py-1.10.0-pyhd3deb0d_0.tar.bz2#88ca1328ecc79a070214aa24911bace8
https://conda.anaconda.org/conda-forge/noarch/pycodestyle-2.6.0-pyh9f0ad1d_0.tar.bz2#a08d6f5a610c7194da158add79f2b018
https://conda.anaconda.org/conda-forge/noarch/pycparser-2.20-pyh9f0ad1d_2.tar.bz2#aa798d50ffd182a0f6f31478c7f434f6
https://conda.anaconda.org/conda-forge/noarch/pyflakes-2.2.0-pyh9f0ad1d_0.tar.bz2#b13f3395d2eb4a2705629127a8a8cfaa
https://conda.anaconda.org/conda-forge/noarch/pyparsing-2.4.7-pyh9f0ad1d_0.tar.bz2#626c4f20d5bf06dcec9cf2eaa31725c7
https://conda.anaconda.org/conda-forge/noarch/python-fastjsonschema-2.15.0-pyhd8ed1ab_0.tar.bz2#be1583c353a6ee769aeb104b4be9c723
https://conda.anaconda.org/conda-forge/win-64/python_abi-3.6-1_cp36m.tar.bz2#ab04861320c595149064323a65c03098
https://conda.anaconda.org/conda-forge/noarch/pytz-2021.1-pyhd8ed1ab_0.tar.bz2#3af2e9424d5eb0063824a3f9b850d411
https://conda.anaconda.org/conda-forge/noarch/send2trash-1.5.0-py_0.tar.bz2#c3779037a635e1150f1c53c28b875949
https://conda.anaconda.org/conda-forge/noarch/six-1.15.0-pyh9f0ad1d_0.tar.bz2#1eec421f0f1f39e579e44e4a5ce646a2
https://conda.anaconda.org/conda-forge/noarch/testpath-0.4.4-py_0.tar.bz2#3b98fff4d5342bebde2ecaa314f796f9
https://conda.anaconda.org/conda-forge/noarch/text-unidecode-1.3-py_0.tar.bz2#afcf07cba949f797ac96c5e13e745cc7
https://conda.anaconda.org/conda-forge/noarch/toml-0.10.2-pyhd8ed1ab_0.tar.bz2#f832c45a477c78bebd107098db465095
https://conda.anaconda.org/conda-forge/noarch/typing_extensions-3.7.4.3-py_0.tar.bz2#12b96e382730541a4b332420227055ae
https://conda.anaconda.org/conda-forge/noarch/unidecode-1.2.0-pyhd8ed1ab_0.tar.bz2#99f2ebeeae7322c9235a3e16cd903deb
https://conda.anaconda.org/conda-forge/win-64/webencodings-0.5.1-py36_0.tar.bz2#101c444711dff0ea867743b52d2393db
https://conda.anaconda.org/conda-forge/noarch/wheel-0.36.2-pyhd3deb0d_0.tar.bz2#768bfbe026426d0e76b377997d1f2b98
https://conda.anaconda.org/conda-forge/noarch/whichcraft-0.6.1-py_0.tar.bz2#08069b1a0dd029c8d5a8a935a7c71917
https://conda.anaconda.org/conda-forge/win-64/zeromq-4.3.4-h0e60522_0.tar.bz2#e9004ac5d24937850e9edff978c7e515
https://conda.anaconda.org/conda-forge/noarch/zipp-3.4.1-pyhd8ed1ab_0.tar.bz2#a4fa30eb74a326092b3d8078b1f1aae1
https://conda.anaconda.org/conda-forge/win-64/zstd-1.4.9-h6255e5f_0.tar.bz2#f90b3cf10fd4528f52a681f0337b4889
https://conda.anaconda.org/conda-forge/noarch/babel-2.9.0-pyhd3deb0d_0.tar.bz2#1cb532c9a6fd4e56a9f0906b87c17b76
https://conda.anaconda.org/conda-forge/win-64/certifi-2020.12.5-py36ha15d459_1.tar.bz2#a4467ed6c721d6d7113302fc22cda9ce
https://conda.anaconda.org/conda-forge/win-64/cffi-1.14.5-py36he58ceb7_0.tar.bz2#b299092562b524182a4a7e09238c9715
https://conda.anaconda.org/conda-forge/win-64/chardet-4.0.0-py36ha15d459_1.tar.bz2#307d6efa6c70e6ae22f57d147c1b270f
https://conda.anaconda.org/conda-forge/win-64/coverage-5.5-py36h68aa20f_0.tar.bz2#87e52f6b279260cab48da45874c4d084
https://conda.anaconda.org/conda-forge/win-64/entrypoints-0.3-py36h9f0ad1d_1002.tar.bz2#2b77a25e6a38ae845abff3e0d6c695bd
https://conda.anaconda.org/conda-forge/win-64/freetype-2.10.4-h546665d_1.tar.bz2#1215a2e49d23da91c28d97cff8de35ea
https://conda.anaconda.org/conda-forge/win-64/immutables-0.15-py36h68aa20f_0.tar.bz2#c528cdd05a58880f27847789174dcdfa
https://conda.anaconda.org/conda-forge/win-64/importlib-metadata-3.7.2-py36ha15d459_0.tar.bz2#4afc0c2aa1b26cf5434a15c18adb3397
https://conda.anaconda.org/conda-forge/win-64/jedi-0.17.2-py36ha15d459_1.tar.bz2#490ace8303a86ab3f83340b5d3da4ff7
https://conda.anaconda.org/conda-forge/win-64/libglib-2.66.7-h1e62bf3_1.tar.bz2#0eeb17066bc33db7e0fe3061feb0ceb2
https://conda.anaconda.org/conda-forge/win-64/libtiff-4.2.0-hc10be44_0.tar.bz2#7f2eeddf7e5a137f488377fc4aeec849
https://conda.anaconda.org/conda-forge/win-64/m2w64-gcc-libs-5.3.0-7.tar.bz2#fe759119b8b3bfa720b8762c6fdc35de
https://conda.anaconda.org/conda-forge/win-64/markupsafe-1.1.1-py36h68aa20f_3.tar.bz2#581c14f3b9edf45ec3dbef2883c94a97
https://conda.anaconda.org/conda-forge/win-64/mistune-0.8.4-py36h68aa20f_1003.tar.bz2#4b346fd7b096d6b27f5fd79a6bf8b3e2
https://conda.anaconda.org/conda-forge/noarch/packaging-20.9-pyh44b312d_0.tar.bz2#be69a38e912054a62dc82cc3c7711a64
https://conda.anaconda.org/conda-forge/win-64/pickleshare-0.7.5-py36h9f0ad1d_1002.tar.bz2#6046d465595e63a79044619b1e78ed54
https://conda.anaconda.org/conda-forge/win-64/pyrsistent-0.17.3-py36h68aa20f_2.tar.bz2#80501f3a11567129a12f516cb0b4e945
https://conda.anaconda.org/conda-forge/noarch/python-dateutil-2.8.1-py_0.tar.bz2#0d0150ed9c2d25817f5324108d3f7571
https://conda.anaconda.org/conda-forge/noarch/python-slugify-4.0.1-pyh9f0ad1d_0.tar.bz2#c97da61221ef1dce6a0cb5a1d36f0019
https://conda.anaconda.org/conda-forge/win-64/pywin32-300-py36h68aa20f_0.tar.bz2#2378e69514d0f935f72530f2df8853dc
https://conda.anaconda.org/conda-forge/win-64/pyzmq-22.0.3-py36h1d5d788_1.tar.bz2#98f401791cc9baf603b97d8d3c1f4143
https://conda.anaconda.org/conda-forge/win-64/tornado-6.1-py36h68aa20f_1.tar.bz2#d525a5e3e9ebc81cde370af8b8182d57
https://conda.anaconda.org/conda-forge/win-64/traitlets-4.3.3-py36h9f0ad1d_1.tar.bz2#af03bfeb2e66a71f3830d68a56695bd6
https://conda.anaconda.org/conda-forge/win-64/ujson-4.0.2-py36he2d232f_0.tar.bz2#c28a5498398ec09e718ab9e8f739d6d7
https://conda.anaconda.org/conda-forge/win-64/win_inet_pton-1.1.0-py36ha15d459_2.tar.bz2#013b3e30f04cabc8367a576cf6b53251
https://conda.anaconda.org/conda-forge/win-64/wincertstore-0.2-py36ha15d459_1006.tar.bz2#25ef2ce77dd270dc22a080fc288437e6
https://conda.anaconda.org/conda-forge/win-64/argon2-cffi-20.1.0-py36h779f372_2.tar.bz2#1a30125a161a46ef5a469044e6e9de0b
https://conda.anaconda.org/conda-forge/win-64/arrow-1.0.3-py36ha15d459_0.tar.bz2#de664fc54c83f76c9649a274787b4117
https://conda.anaconda.org/conda-forge/win-64/binaryornot-0.4.4-py36_0.tar.bz2#009fb0ed30bac0ccc611effbaa929ec3
https://conda.anaconda.org/conda-forge/win-64/brotlipy-0.7.0-py36hc753bc4_1001.tar.bz2#03adcc452e95ce7558630b1b28225de6
https://conda.anaconda.org/conda-forge/win-64/cairo-1.16.0-hba8bd2f_1007.tar.bz2#10b8224749f45f83d6ca419d28af6882
https://conda.anaconda.org/conda-forge/noarch/contextvars-2.4-py_0.tar.bz2#295fe9300971a6bd1dc4b18ad6509be2
https://conda.anaconda.org/conda-forge/win-64/cryptography-3.4.6-py36hd0de82c_0.tar.bz2#2830f5545b4ac798273ffc055657f893
https://conda.anaconda.org/conda-forge/win-64/fontconfig-2.13.1-h1989441_1004.tar.bz2#9e66e4923712c0f7f7d64927d6fb3260
https://conda.anaconda.org/conda-forge/win-64/gts-0.7.6-h39c6fae_2.tar.bz2#e2964d88d1a9f52166306ad5df0dc4e4
https://conda.anaconda.org/conda-forge/noarch/importlib_metadata-3.7.2-hd8ed1ab_0.tar.bz2#48994d84671aee4a01731ed87ac4bd3b
https://conda.anaconda.org/conda-forge/win-64/jupyter_core-4.7.1-py36ha15d459_0.tar.bz2#b14b31438423d28fb334b8a3f0115ea8
https://conda.anaconda.org/conda-forge/win-64/pthread-stubs-0.4-hcd874cb_1001.tar.bz2#a1f820480193ea83582b13249a7e7bd9
https://conda.anaconda.org/conda-forge/win-64/pysocks-1.7.1-py36ha15d459_3.tar.bz2#9206317afc2ceb52594ed54af1cd5dd0
https://conda.anaconda.org/conda-forge/win-64/pywinpty-0.5.7-py36h9f0ad1d_1.tar.bz2#e86ef10d448fea3c4e0845a324e352a4
https://conda.anaconda.org/conda-forge/win-64/setuptools-49.6.0-py36ha15d459_3.tar.bz2#590b3f763f954c14552e5bd654bc6246
https://conda.anaconda.org/conda-forge/win-64/xorg-kbproto-1.0.7-hcd874cb_1002.tar.bz2#8d11c1dac4756ca57e78c1bfe173bba4
https://conda.anaconda.org/conda-forge/win-64/xorg-libice-1.0.10-hcd874cb_0.tar.bz2#8f45beee385cb67e42d6732bdb1b6a40
https://conda.anaconda.org/conda-forge/win-64/xorg-libxau-1.0.9-hcd874cb_0.tar.bz2#9cef622e75683c17d05ae62d66e69e6c
https://conda.anaconda.org/conda-forge/win-64/xorg-libxdmcp-1.1.3-hcd874cb_0.tar.bz2#46878ebb6b9cbd8afcf8088d7ef00ece
https://conda.anaconda.org/conda-forge/win-64/xorg-xextproto-7.3.0-hcd874cb_1002.tar.bz2#4e2fb1b05e6f44190127b600b8f01645
https://conda.anaconda.org/conda-forge/win-64/xorg-xproto-7.0.31-hcd874cb_1007.tar.bz2#88f3c65d2ad13826a9e0b162063be023
https://conda.anaconda.org/conda-forge/noarch/backports.functools_lru_cache-1.6.1-py_0.tar.bz2#d36df15eaef96549ce6231e3088fba54
https://conda.anaconda.org/conda-forge/noarch/bleach-3.3.0-pyh44b312d_0.tar.bz2#abf6b76c39358ca36ca706c46f054f2a
https://conda.anaconda.org/conda-forge/noarch/flake8-3.8.4-py_0.tar.bz2#138b1704321c115bd10e1966320ac790
https://conda.anaconda.org/conda-forge/noarch/jinja2-2.11.3-pyh44b312d_0.tar.bz2#1d4c3605d85a3655b1595e0694138eb6
https://conda.anaconda.org/conda-forge/win-64/jsonschema-3.2.0-py36h9f0ad1d_1.tar.bz2#4dfe69fb8ad8543e4654ea881f19c8e8
https://conda.anaconda.org/conda-forge/noarch/jupyter-packaging-0.7.12-pyhd8ed1ab_0.tar.bz2#ab2fd67d07b63afe5ea6db6c5f32b5fd
https://conda.anaconda.org/conda-forge/noarch/jupyter_client-6.1.12-pyhd8ed1ab_0.tar.bz2#f58b38ddb9f94fa3cafea4ba2b17f93b
https://conda.anaconda.org/conda-forge/win-64/libxcb-1.13-hcd874cb_1003.tar.bz2#ad49ca9a2c88b8bd38c22181d60b4e56
https://conda.anaconda.org/conda-forge/win-64/pango-1.42.4-hec34917_5.tar.bz2#1e58e93a8adb7837e3677171b707c4c9
https://conda.anaconda.org/conda-forge/noarch/pip-21.0.1-pyhd8ed1ab_0.tar.bz2#849477e10d78cbc283c78fd53bfbb567
https://conda.anaconda.org/conda-forge/win-64/pluggy-0.13.1-py36ha15d459_4.tar.bz2#d7271328700290b5c56739ff23082d93
https://conda.anaconda.org/conda-forge/noarch/pygments-2.8.1-pyhd8ed1ab_0.tar.bz2#196e0cff141677f430fc06eb0d0ad94d
https://conda.anaconda.org/conda-forge/noarch/pyopenssl-20.0.1-pyhd8ed1ab_0.tar.bz2#92371c25994d0f5d28a01c1fb75ebf86
https://conda.anaconda.org/conda-forge/win-64/sniffio-1.2.0-py36ha15d459_1.tar.bz2#f542be151271da376c55d199f67effd0
https://conda.anaconda.org/conda-forge/win-64/terminado-0.9.2-py36ha15d459_0.tar.bz2#dee20cc7bb3b2b57c68a9c6d16fd0a68
https://conda.anaconda.org/conda-forge/win-64/xorg-libsm-1.2.3-hcd874cb_1000.tar.bz2#76a765e735668a9922da3d58e746a7a6
https://conda.anaconda.org/conda-forge/win-64/anyio-2.2.0-py36ha15d459_0.tar.bz2#75616253fb7bb3797177a6e49b6335a0
https://conda.anaconda.org/conda-forge/win-64/jinja2-time-0.2.0-py36_1.tar.bz2#2b96533b6d49d11b58a8a2aa25d7cfe9
https://conda.anaconda.org/conda-forge/noarch/jupyterlab_pygments-0.1.2-pyh9f0ad1d_0.tar.bz2#2cbd910890bb328e8959246a1e16fac7
https://conda.anaconda.org/conda-forge/noarch/nbformat-5.1.2-pyhd8ed1ab_1.tar.bz2#9633dbb668ac1f9266427672816899dc
https://conda.anaconda.org/conda-forge/win-64/pytest-6.2.2-py36ha15d459_0.tar.bz2#e9386c6bf2cc4410c4111fb60c16be4a
https://conda.anaconda.org/conda-forge/noarch/urllib3-1.26.3-pyhd8ed1ab_0.tar.bz2#25573e57774dd54cfa848e5dd44503ed
https://conda.anaconda.org/conda-forge/noarch/wcwidth-0.2.5-pyh9f0ad1d_2.tar.bz2#5266fcd697043c59621fda522b3d78ee
https://conda.anaconda.org/conda-forge/win-64/xorg-libx11-1.6.12-h301d43c_0.tar.bz2#179560ec3f6076124562e58c3cd19c9a
https://conda.anaconda.org/conda-forge/noarch/nbclient-0.5.3-pyhd8ed1ab_0.tar.bz2#67f12831640fde52fe9be1bbc6b699e7
https://conda.anaconda.org/conda-forge/noarch/prompt-toolkit-3.0.17-pyha770c72_0.tar.bz2#d3ff1dc51da26f2757c8d95c3522138e
https://conda.anaconda.org/conda-forge/win-64/pytest-asyncio-0.14.0-py36ha15d459_0.tar.bz2#18f09f5fabfbd17fdb19d35924e90fee
https://conda.anaconda.org/conda-forge/noarch/pytest-cov-2.11.1-pyh44b312d_0.tar.bz2#67e256d6c8a3082d3f29f8cefce17bbf
https://conda.anaconda.org/conda-forge/noarch/pytest-flake8-1.0.7-pyhd3deb0d_0.tar.bz2#c0660652e9542e5ae84cfd8f0baa13dd
https://conda.anaconda.org/conda-forge/noarch/requests-2.25.1-pyhd3deb0d_0.tar.bz2#ae687aba31a1c400192a86a2e993ffdc
https://conda.anaconda.org/conda-forge/win-64/xorg-libxext-1.3.4-h301d43c_0.tar.bz2#34dfda85fe7ff667480742a2ad1116f2
https://conda.anaconda.org/conda-forge/win-64/xorg-libxt-1.1.5-h301d43c_1003.tar.bz2#ac1a3054d63c5a48aade1fcf528634ac
https://conda.anaconda.org/conda-forge/noarch/cookiecutter-1.7.2-pyh9f0ad1d_0.tar.bz2#9c8c5f26174b5a0d63e9655cf1fd7a2a
https://conda.anaconda.org/conda-forge/win-64/ipython-7.16.1-py36h7b2dad6_2.tar.bz2#e69ba043a57a9b40eadf45ced5b581f5
https://conda.anaconda.org/conda-forge/win-64/nbconvert-6.0.7-py36ha15d459_3.tar.bz2#307a9bfc241eee6f939c0ba028af4154
https://conda.anaconda.org/conda-forge/win-64/xorg-libxpm-3.5.13-h301d43c_0.tar.bz2#12897f7b1dac8de188c6f06b6396145d
https://conda.anaconda.org/conda-forge/win-64/ipykernel-5.5.0-py36h7b2dad6_1.tar.bz2#554ab5650124f00ef2ec64260f5dd23d
https://conda.anaconda.org/conda-forge/win-64/jupyter_server-1.4.1-py36ha15d459_0.tar.bz2#abbd7387a40e88b17da799f507fb1b56
https://conda.anaconda.org/conda-forge/win-64/libgd-2.3.0-heebb4dc_1.tar.bz2#4bdde508a8f437ed5457231730065138
https://conda.anaconda.org/conda-forge/win-64/graphviz-2.46.1-h08d4dcb_4.tar.bz2#3e379f46453b3fe5156adfe06c229491
https://conda.anaconda.org/conda-forge/noarch/jupyterlab_server-2.3.0-pyhd8ed1ab_0.tar.bz2#e1ab43655ba7ede6917e2daa37c7b217
https://conda.anaconda.org/conda-forge/win-64/notebook-6.2.0-py36ha15d459_0.tar.bz2#26c2740b1cac85dd7eee9f0cd2894a30
https://conda.anaconda.org/conda-forge/noarch/nbclassic-0.2.6-pyhd8ed1ab_0.tar.bz2#49be35e31b49012ea91fcd667ebdf4ad
https://conda.anaconda.org/conda-forge/noarch/python-graphviz-0.16-pyh243d235_2.tar.bz2#8a37b68eb6fd242a4112781c2f7b4b98
https://conda.anaconda.org/conda-forge/noarch/jupyterlab-3.0.10-pyhd8ed1ab_0.tar.bz2#655a5c763a38ffe047dab1fb7498564a
